
Microsoft Visual Studio Solution File, Format Version 10.00
# Visual Studio 2008
Project("{2150E333-8FDC-42A3-9474-1A3956D46DE8}") = "Nuxleus.Core", "Nuxleus.Core", "{F1F95B93-D924-43D3-9535-2106180B9BFE}"
EndProject
Project("{FAE04EC0-301F-11D3-BF4B-00C04F79EFBC}") = "Nuxleus.Command", "Nuxleus.Command\Nuxleus.Command.csproj", "{091EC796-27A0-4EDF-9286-B7ABF7981769}"
EndProject
Project("{FAE04EC0-301F-11D3-BF4B-00C04F79EFBC}") = "Nuxleus.Extension.Aws", "Nuxleus.Extension.Aws\Nuxleus.Extension.Aws.csproj", "{058E925F-6FD0-4FAF-AA97-22D48D62923E}"
EndProject
Project("{FAE04EC0-301F-11D3-BF4B-00C04F79EFBC}") = "Nuxleus.Messaging", "Nuxleus.Messaging\Nuxleus.Messaging.csproj", "{AED10FB5-FA04-4C28-9BF4-26C2278175E7}"
EndProject
Project("{FAE04EC0-301F-11D3-BF4B-00C04F79EFBC}") = "Nuxleus.PubSub", "Nuxleus.PubSub\Nuxleus.PubSub.csproj", "{5C9AF3AF-8B80-41FB-8407-747CB0FE4144}"
EndProject
Project("{FAE04EC0-301F-11D3-BF4B-00C04F79EFBC}") = "Nuxleus.Service", "Nuxleus.Service\Nuxleus.Service.csproj", "{2F4C9647-CD65-4DBF-A1D0-4127902E2097}"
EndProject
Project("{FAE04EC0-301F-11D3-BF4B-00C04F79EFBC}") = "Nuxleus.Web", "Nuxleus.Web\Nuxleus.Web.csproj", "{9ADF199C-BEED-4673-8BB0-EE9C1C7FB826}"
EndProject
Project("{FAE04EC0-301F-11D3-BF4B-00C04F79EFBC}") = "Nuxleus.Geo", "Nuxleus.Geo\Nuxleus.Geo.csproj", "{9054928F-69AF-4448-BEC0-591BC9393AE8}"
EndProject
Project("{FAE04EC0-301F-11D3-BF4B-00C04F79EFBC}") = "Nuxleus", "Nuxleus\Nuxleus.csproj", "{B0D68D3E-8ACE-4F33-9E85-F32CED622614}"
EndProject
Project("{FAE04EC0-301F-11D3-BF4B-00C04F79EFBC}") = "Nuxleus.Core", "Nuxleus.Core\Nuxleus.Core.csproj", "{4F34941D-B6EE-47A4-B6E8-7F8BB2A58D75}"
EndProject
Project("{FAE04EC0-301F-11D3-BF4B-00C04F79EFBC}") = "Nuxleus.Extension", "Nuxleus.Extension\Nuxleus.Extension.csproj", "{CAE57117-5177-4523-AB3D-40294E8A6553}"
EndProject
Project("{FAE04EC0-301F-11D3-BF4B-00C04F79EFBC}") = "Nuxleus.Data", "Nuxleus.Data\Nuxleus.Data.csproj", "{C9FAE033-6205-4F31-BEE9-028FB867F516}"
EndProject
Project("{2150E333-8FDC-42A3-9474-1A3956D46DE8}") = "Xameleon", "Xameleon", "{515A26D8-9DD6-4DE9-9037-CEC02E5F0BA9}"
EndProject
Project("{FAE04EC0-301F-11D3-BF4B-00C04F79EFBC}") = "Xameleon", "Xameleon\Xameleon.csproj", "{A800D9F1-D877-4076-99BA-CBD73BCFB203}"
EndProject
Global
	GlobalSection(SolutionConfigurationPlatforms) = preSolution
		DEBUG MONO|.NET = DEBUG MONO|.NET
		DEBUG MONO|Any CPU = DEBUG MONO|Any CPU
		DEBUG MONO|Mixed Platforms = DEBUG MONO|Mixed Platforms
		DEBUG MONO|x64 = DEBUG MONO|x64
		DEBUG MONO|x86 = DEBUG MONO|x86
		Debug|.NET = Debug|.NET
		Debug|Any CPU = Debug|Any CPU
		Debug|Mixed Platforms = Debug|Mixed Platforms
		Debug|x64 = Debug|x64
		Debug|x86 = Debug|x86
		MonoTouch|.NET = MonoTouch|.NET
		MonoTouch|Any CPU = MonoTouch|Any CPU
		MonoTouch|Mixed Platforms = MonoTouch|Mixed Platforms
		MonoTouch|x64 = MonoTouch|x64
		MonoTouch|x86 = MonoTouch|x86
		Net20|.NET = Net20|.NET
		Net20|Any CPU = Net20|Any CPU
		Net20|Mixed Platforms = Net20|Mixed Platforms
		Net20|x64 = Net20|x64
		Net20|x86 = Net20|x86
		Profile|.NET = Profile|.NET
		Profile|Any CPU = Profile|Any CPU
		Profile|Mixed Platforms = Profile|Mixed Platforms
		Profile|x64 = Profile|x64
		Profile|x86 = Profile|x86
		Release|.NET = Release|.NET
		Release|Any CPU = Release|Any CPU
		Release|Mixed Platforms = Release|Mixed Platforms
		Release|x64 = Release|x64
		Release|x86 = Release|x86
		Silverlight2|.NET = Silverlight2|.NET
		Silverlight2|Any CPU = Silverlight2|Any CPU
		Silverlight2|Mixed Platforms = Silverlight2|Mixed Platforms
		Silverlight2|x64 = Silverlight2|x64
		Silverlight2|x86 = Silverlight2|x86
		STATIC_ONLY NO_EXPRESSIONS|.NET = STATIC_ONLY NO_EXPRESSIONS|.NET
		STATIC_ONLY NO_EXPRESSIONS|Any CPU = STATIC_ONLY NO_EXPRESSIONS|Any CPU
		STATIC_ONLY NO_EXPRESSIONS|Mixed Platforms = STATIC_ONLY NO_EXPRESSIONS|Mixed Platforms
		STATIC_ONLY NO_EXPRESSIONS|x64 = STATIC_ONLY NO_EXPRESSIONS|x64
		STATIC_ONLY NO_EXPRESSIONS|x86 = STATIC_ONLY NO_EXPRESSIONS|x86
	EndGlobalSection
	GlobalSection(ProjectConfigurationPlatforms) = postSolution
		{058E925F-6FD0-4FAF-AA97-22D48D62923E}.DEBUG MONO|.NET.ActiveCfg = Debug|Any CPU
		{058E925F-6FD0-4FAF-AA97-22D48D62923E}.DEBUG MONO|.NET.Build.0 = Debug|Any CPU
		{058E925F-6FD0-4FAF-AA97-22D48D62923E}.DEBUG MONO|Any CPU.ActiveCfg = Debug|Any CPU
		{058E925F-6FD0-4FAF-AA97-22D48D62923E}.DEBUG MONO|Any CPU.Build.0 = Debug|Any CPU
		{058E925F-6FD0-4FAF-AA97-22D48D62923E}.DEBUG MONO|Mixed Platforms.ActiveCfg = Debug|Any CPU
		{058E925F-6FD0-4FAF-AA97-22D48D62923E}.DEBUG MONO|Mixed Platforms.Build.0 = Debug|Any CPU
		{058E925F-6FD0-4FAF-AA97-22D48D62923E}.DEBUG MONO|x64.ActiveCfg = Debug|Any CPU
		{058E925F-6FD0-4FAF-AA97-22D48D62923E}.DEBUG MONO|x86.ActiveCfg = Debug|Any CPU
		{058E925F-6FD0-4FAF-AA97-22D48D62923E}.Debug|.NET.ActiveCfg = Debug|Any CPU
		{058E925F-6FD0-4FAF-AA97-22D48D62923E}.Debug|Any CPU.ActiveCfg = Debug|Any CPU
		{058E925F-6FD0-4FAF-AA97-22D48D62923E}.Debug|Any CPU.Build.0 = Debug|Any CPU
		{058E925F-6FD0-4FAF-AA97-22D48D62923E}.Debug|Mixed Platforms.ActiveCfg = Debug|Any CPU
		{058E925F-6FD0-4FAF-AA97-22D48D62923E}.Debug|Mixed Platforms.Build.0 = Debug|Any CPU
		{058E925F-6FD0-4FAF-AA97-22D48D62923E}.Debug|x64.ActiveCfg = Debug|Any CPU
		{058E925F-6FD0-4FAF-AA97-22D48D62923E}.Debug|x86.ActiveCfg = Debug|Any CPU
		{058E925F-6FD0-4FAF-AA97-22D48D62923E}.MonoTouch|.NET.ActiveCfg = Release|Any CPU
		{058E925F-6FD0-4FAF-AA97-22D48D62923E}.MonoTouch|.NET.Build.0 = Release|Any CPU
		{058E925F-6FD0-4FAF-AA97-22D48D62923E}.MonoTouch|Any CPU.ActiveCfg = Release|Any CPU
		{058E925F-6FD0-4FAF-AA97-22D48D62923E}.MonoTouch|Any CPU.Build.0 = Release|Any CPU
		{058E925F-6FD0-4FAF-AA97-22D48D62923E}.MonoTouch|Mixed Platforms.ActiveCfg = Release|Any CPU
		{058E925F-6FD0-4FAF-AA97-22D48D62923E}.MonoTouch|Mixed Platforms.Build.0 = Release|Any CPU
		{058E925F-6FD0-4FAF-AA97-22D48D62923E}.MonoTouch|x64.ActiveCfg = Release|Any CPU
		{058E925F-6FD0-4FAF-AA97-22D48D62923E}.MonoTouch|x86.ActiveCfg = Release|Any CPU
		{058E925F-6FD0-4FAF-AA97-22D48D62923E}.Net20|.NET.ActiveCfg = Release|Any CPU
		{058E925F-6FD0-4FAF-AA97-22D48D62923E}.Net20|.NET.Build.0 = Release|Any CPU
		{058E925F-6FD0-4FAF-AA97-22D48D62923E}.Net20|Any CPU.ActiveCfg = Release|Any CPU
		{058E925F-6FD0-4FAF-AA97-22D48D62923E}.Net20|Any CPU.Build.0 = Release|Any CPU
		{058E925F-6FD0-4FAF-AA97-22D48D62923E}.Net20|Mixed Platforms.ActiveCfg = Release|Any CPU
		{058E925F-6FD0-4FAF-AA97-22D48D62923E}.Net20|x64.ActiveCfg = Release|Any CPU
		{058E925F-6FD0-4FAF-AA97-22D48D62923E}.Net20|x86.ActiveCfg = Release|Any CPU
		{058E925F-6FD0-4FAF-AA97-22D48D62923E}.Profile|.NET.ActiveCfg = Release|Any CPU
		{058E925F-6FD0-4FAF-AA97-22D48D62923E}.Profile|Any CPU.ActiveCfg = Release|Any CPU
		{058E925F-6FD0-4FAF-AA97-22D48D62923E}.Profile|Any CPU.Build.0 = Release|Any CPU
		{058E925F-6FD0-4FAF-AA97-22D48D62923E}.Profile|Mixed Platforms.ActiveCfg = Release|Any CPU
		{058E925F-6FD0-4FAF-AA97-22D48D62923E}.Profile|x64.ActiveCfg = Release|Any CPU
		{058E925F-6FD0-4FAF-AA97-22D48D62923E}.Profile|x86.ActiveCfg = Release|Any CPU
		{058E925F-6FD0-4FAF-AA97-22D48D62923E}.Release|.NET.ActiveCfg = Release|Any CPU
		{058E925F-6FD0-4FAF-AA97-22D48D62923E}.Release|.NET.Build.0 = Release|Any CPU
		{058E925F-6FD0-4FAF-AA97-22D48D62923E}.Release|Any CPU.ActiveCfg = Release|Any CPU
		{058E925F-6FD0-4FAF-AA97-22D48D62923E}.Release|Any CPU.Build.0 = Release|Any CPU
		{058E925F-6FD0-4FAF-AA97-22D48D62923E}.Release|Mixed Platforms.ActiveCfg = Release|Any CPU
		{058E925F-6FD0-4FAF-AA97-22D48D62923E}.Release|Mixed Platforms.Build.0 = Release|Any CPU
		{058E925F-6FD0-4FAF-AA97-22D48D62923E}.Release|x64.ActiveCfg = Release|Any CPU
		{058E925F-6FD0-4FAF-AA97-22D48D62923E}.Release|x86.ActiveCfg = Release|Any CPU
		{058E925F-6FD0-4FAF-AA97-22D48D62923E}.Silverlight2|.NET.ActiveCfg = Release|Any CPU
		{058E925F-6FD0-4FAF-AA97-22D48D62923E}.Silverlight2|Any CPU.ActiveCfg = Release|Any CPU
		{058E925F-6FD0-4FAF-AA97-22D48D62923E}.Silverlight2|Mixed Platforms.ActiveCfg = Release|Any CPU
		{058E925F-6FD0-4FAF-AA97-22D48D62923E}.Silverlight2|x64.ActiveCfg = Release|Any CPU
		{058E925F-6FD0-4FAF-AA97-22D48D62923E}.Silverlight2|x86.ActiveCfg = Release|Any CPU
		{058E925F-6FD0-4FAF-AA97-22D48D62923E}.STATIC_ONLY NO_EXPRESSIONS|.NET.ActiveCfg = Release|Any CPU
		{058E925F-6FD0-4FAF-AA97-22D48D62923E}.STATIC_ONLY NO_EXPRESSIONS|Any CPU.ActiveCfg = Release|Any CPU
		{058E925F-6FD0-4FAF-AA97-22D48D62923E}.STATIC_ONLY NO_EXPRESSIONS|Any CPU.Build.0 = Release|Any CPU
		{058E925F-6FD0-4FAF-AA97-22D48D62923E}.STATIC_ONLY NO_EXPRESSIONS|Mixed Platforms.ActiveCfg = Release|Any CPU
		{058E925F-6FD0-4FAF-AA97-22D48D62923E}.STATIC_ONLY NO_EXPRESSIONS|Mixed Platforms.Build.0 = Release|Any CPU
		{058E925F-6FD0-4FAF-AA97-22D48D62923E}.STATIC_ONLY NO_EXPRESSIONS|x64.ActiveCfg = Release|Any CPU
		{058E925F-6FD0-4FAF-AA97-22D48D62923E}.STATIC_ONLY NO_EXPRESSIONS|x86.ActiveCfg = Release|Any CPU
		{091EC796-27A0-4EDF-9286-B7ABF7981769}.DEBUG MONO|.NET.ActiveCfg = Debug|Any CPU
		{091EC796-27A0-4EDF-9286-B7ABF7981769}.DEBUG MONO|.NET.Build.0 = Debug|Any CPU
		{091EC796-27A0-4EDF-9286-B7ABF7981769}.DEBUG MONO|Any CPU.ActiveCfg = Debug|Any CPU
		{091EC796-27A0-4EDF-9286-B7ABF7981769}.DEBUG MONO|Any CPU.Build.0 = Debug|Any CPU
		{091EC796-27A0-4EDF-9286-B7ABF7981769}.DEBUG MONO|Mixed Platforms.ActiveCfg = Debug|Any CPU
		{091EC796-27A0-4EDF-9286-B7ABF7981769}.DEBUG MONO|Mixed Platforms.Build.0 = Debug|Any CPU
		{091EC796-27A0-4EDF-9286-B7ABF7981769}.DEBUG MONO|x64.ActiveCfg = Debug|Any CPU
		{091EC796-27A0-4EDF-9286-B7ABF7981769}.DEBUG MONO|x86.ActiveCfg = Debug|Any CPU
		{091EC796-27A0-4EDF-9286-B7ABF7981769}.Debug|.NET.ActiveCfg = Debug|Any CPU
		{091EC796-27A0-4EDF-9286-B7ABF7981769}.Debug|Any CPU.ActiveCfg = Debug|Any CPU
		{091EC796-27A0-4EDF-9286-B7ABF7981769}.Debug|Any CPU.Build.0 = Debug|Any CPU
		{091EC796-27A0-4EDF-9286-B7ABF7981769}.Debug|Mixed Platforms.ActiveCfg = Debug|Any CPU
		{091EC796-27A0-4EDF-9286-B7ABF7981769}.Debug|Mixed Platforms.Build.0 = Debug|Any CPU
		{091EC796-27A0-4EDF-9286-B7ABF7981769}.Debug|x64.ActiveCfg = Debug|Any CPU
		{091EC796-27A0-4EDF-9286-B7ABF7981769}.Debug|x86.ActiveCfg = Debug|Any CPU
		{091EC796-27A0-4EDF-9286-B7ABF7981769}.MonoTouch|.NET.ActiveCfg = Release|Any CPU
		{091EC796-27A0-4EDF-9286-B7ABF7981769}.MonoTouch|.NET.Build.0 = Release|Any CPU
		{091EC796-27A0-4EDF-9286-B7ABF7981769}.MonoTouch|Any CPU.ActiveCfg = Release|Any CPU
		{091EC796-27A0-4EDF-9286-B7ABF7981769}.MonoTouch|Any CPU.Build.0 = Release|Any CPU
		{091EC796-27A0-4EDF-9286-B7ABF7981769}.MonoTouch|Mixed Platforms.ActiveCfg = Release|Any CPU
		{091EC796-27A0-4EDF-9286-B7ABF7981769}.MonoTouch|Mixed Platforms.Build.0 = Release|Any CPU
		{091EC796-27A0-4EDF-9286-B7ABF7981769}.MonoTouch|x64.ActiveCfg = Release|Any CPU
		{091EC796-27A0-4EDF-9286-B7ABF7981769}.MonoTouch|x86.ActiveCfg = Release|Any CPU
		{091EC796-27A0-4EDF-9286-B7ABF7981769}.Net20|.NET.ActiveCfg = Release|Any CPU
		{091EC796-27A0-4EDF-9286-B7ABF7981769}.Net20|Any CPU.ActiveCfg = Release|Any CPU
		{091EC796-27A0-4EDF-9286-B7ABF7981769}.Net20|.NET.Build.0 = Release|Any CPU
		{091EC796-27A0-4EDF-9286-B7ABF7981769}.Net20|Any CPU.ActiveCfg = Release|Any CPU
		{091EC796-27A0-4EDF-9286-B7ABF7981769}.Net20|Any CPU.Build.0 = Release|Any CPU
		{091EC796-27A0-4EDF-9286-B7ABF7981769}.Net20|Mixed Platforms.ActiveCfg = Release|Any CPU
		{091EC796-27A0-4EDF-9286-B7ABF7981769}.Net20|x64.ActiveCfg = Release|Any CPU
		{091EC796-27A0-4EDF-9286-B7ABF7981769}.Net20|x86.ActiveCfg = Release|Any CPU
		{091EC796-27A0-4EDF-9286-B7ABF7981769}.Profile|.NET.ActiveCfg = Release|Any CPU
		{091EC796-27A0-4EDF-9286-B7ABF7981769}.Profile|Any CPU.ActiveCfg = Release|Any CPU
		{091EC796-27A0-4EDF-9286-B7ABF7981769}.Profile|Any CPU.Build.0 = Release|Any CPU
		{091EC796-27A0-4EDF-9286-B7ABF7981769}.Profile|Mixed Platforms.ActiveCfg = Release|Any CPU
		{091EC796-27A0-4EDF-9286-B7ABF7981769}.Profile|x64.ActiveCfg = Release|Any CPU
		{091EC796-27A0-4EDF-9286-B7ABF7981769}.Profile|x86.ActiveCfg = Release|Any CPU
		{091EC796-27A0-4EDF-9286-B7ABF7981769}.Release|.NET.ActiveCfg = Release|Any CPU
		{091EC796-27A0-4EDF-9286-B7ABF7981769}.Release|.NET.Build.0 = Release|Any CPU
		{091EC796-27A0-4EDF-9286-B7ABF7981769}.Release|Any CPU.ActiveCfg = Release|Any CPU
		{091EC796-27A0-4EDF-9286-B7ABF7981769}.Release|Any CPU.Build.0 = Release|Any CPU
		{091EC796-27A0-4EDF-9286-B7ABF7981769}.Release|Mixed Platforms.ActiveCfg = Release|Any CPU
		{091EC796-27A0-4EDF-9286-B7ABF7981769}.Release|Mixed Platforms.Build.0 = Release|Any CPU
		{091EC796-27A0-4EDF-9286-B7ABF7981769}.Release|x64.ActiveCfg = Release|Any CPU
		{091EC796-27A0-4EDF-9286-B7ABF7981769}.Release|x86.ActiveCfg = Release|Any CPU
		{091EC796-27A0-4EDF-9286-B7ABF7981769}.Silverlight2|.NET.ActiveCfg = Release|Any CPU
		{091EC796-27A0-4EDF-9286-B7ABF7981769}.Silverlight2|Any CPU.ActiveCfg = Release|Any CPU
		{091EC796-27A0-4EDF-9286-B7ABF7981769}.Silverlight2|Mixed Platforms.ActiveCfg = Release|Any CPU
		{091EC796-27A0-4EDF-9286-B7ABF7981769}.Silverlight2|x64.ActiveCfg = Release|Any CPU
		{091EC796-27A0-4EDF-9286-B7ABF7981769}.Silverlight2|x86.ActiveCfg = Release|Any CPU
		{091EC796-27A0-4EDF-9286-B7ABF7981769}.STATIC_ONLY NO_EXPRESSIONS|.NET.ActiveCfg = Release|Any CPU
		{091EC796-27A0-4EDF-9286-B7ABF7981769}.STATIC_ONLY NO_EXPRESSIONS|Any CPU.ActiveCfg = Release|Any CPU
		{091EC796-27A0-4EDF-9286-B7ABF7981769}.STATIC_ONLY NO_EXPRESSIONS|Any CPU.Build.0 = Release|Any CPU
		{091EC796-27A0-4EDF-9286-B7ABF7981769}.STATIC_ONLY NO_EXPRESSIONS|Mixed Platforms.ActiveCfg = Release|Any CPU
		{091EC796-27A0-4EDF-9286-B7ABF7981769}.STATIC_ONLY NO_EXPRESSIONS|Mixed Platforms.Build.0 = Release|Any CPU
		{091EC796-27A0-4EDF-9286-B7ABF7981769}.STATIC_ONLY NO_EXPRESSIONS|x64.ActiveCfg = Release|Any CPU
		{091EC796-27A0-4EDF-9286-B7ABF7981769}.STATIC_ONLY NO_EXPRESSIONS|x86.ActiveCfg = Release|Any CPU
		{2F4C9647-CD65-4DBF-A1D0-4127902E2097}.DEBUG MONO|.NET.ActiveCfg = Debug|Any CPU
		{2F4C9647-CD65-4DBF-A1D0-4127902E2097}.DEBUG MONO|.NET.Build.0 = Debug|Any CPU
		{2F4C9647-CD65-4DBF-A1D0-4127902E2097}.DEBUG MONO|Any CPU.ActiveCfg = Debug|Any CPU
		{2F4C9647-CD65-4DBF-A1D0-4127902E2097}.DEBUG MONO|Any CPU.Build.0 = Debug|Any CPU
		{2F4C9647-CD65-4DBF-A1D0-4127902E2097}.DEBUG MONO|Mixed Platforms.ActiveCfg = Debug|Any CPU
		{2F4C9647-CD65-4DBF-A1D0-4127902E2097}.DEBUG MONO|Mixed Platforms.Build.0 = Debug|Any CPU
		{2F4C9647-CD65-4DBF-A1D0-4127902E2097}.DEBUG MONO|x64.ActiveCfg = Debug|Any CPU
		{2F4C9647-CD65-4DBF-A1D0-4127902E2097}.DEBUG MONO|x86.ActiveCfg = Debug|Any CPU
		{2F4C9647-CD65-4DBF-A1D0-4127902E2097}.Debug|.NET.ActiveCfg = Debug|Any CPU
		{2F4C9647-CD65-4DBF-A1D0-4127902E2097}.Debug|Any CPU.ActiveCfg = Debug|Any CPU
		{2F4C9647-CD65-4DBF-A1D0-4127902E2097}.Debug|Any CPU.Build.0 = Debug|Any CPU
		{2F4C9647-CD65-4DBF-A1D0-4127902E2097}.Debug|Mixed Platforms.ActiveCfg = Debug|Any CPU
		{2F4C9647-CD65-4DBF-A1D0-4127902E2097}.Debug|Mixed Platforms.Build.0 = Debug|Any CPU
		{2F4C9647-CD65-4DBF-A1D0-4127902E2097}.Debug|x64.ActiveCfg = Debug|Any CPU
		{2F4C9647-CD65-4DBF-A1D0-4127902E2097}.Debug|x86.ActiveCfg = Debug|Any CPU
		{2F4C9647-CD65-4DBF-A1D0-4127902E2097}.MonoTouch|.NET.ActiveCfg = Release|Any CPU
		{2F4C9647-CD65-4DBF-A1D0-4127902E2097}.MonoTouch|.NET.Build.0 = Release|Any CPU
		{2F4C9647-CD65-4DBF-A1D0-4127902E2097}.MonoTouch|Any CPU.ActiveCfg = Release|Any CPU
		{2F4C9647-CD65-4DBF-A1D0-4127902E2097}.MonoTouch|Any CPU.Build.0 = Release|Any CPU
		{2F4C9647-CD65-4DBF-A1D0-4127902E2097}.MonoTouch|Mixed Platforms.ActiveCfg = Release|Any CPU
		{2F4C9647-CD65-4DBF-A1D0-4127902E2097}.MonoTouch|Mixed Platforms.Build.0 = Release|Any CPU
		{2F4C9647-CD65-4DBF-A1D0-4127902E2097}.MonoTouch|x64.ActiveCfg = Release|Any CPU
		{2F4C9647-CD65-4DBF-A1D0-4127902E2097}.MonoTouch|x86.ActiveCfg = Release|Any CPU
		{2F4C9647-CD65-4DBF-A1D0-4127902E2097}.Net20|.NET.ActiveCfg = Release|Any CPU
		{2F4C9647-CD65-4DBF-A1D0-4127902E2097}.Net20|.NET.Build.0 = Release|Any CPU
		{2F4C9647-CD65-4DBF-A1D0-4127902E2097}.Net20|Any CPU.ActiveCfg = Release|Any CPU
		{2F4C9647-CD65-4DBF-A1D0-4127902E2097}.Net20|Any CPU.Build.0 = Release|Any CPU
		{2F4C9647-CD65-4DBF-A1D0-4127902E2097}.Net20|Mixed Platforms.ActiveCfg = Release|Any CPU
		{2F4C9647-CD65-4DBF-A1D0-4127902E2097}.Net20|x64.ActiveCfg = Release|Any CPU
		{2F4C9647-CD65-4DBF-A1D0-4127902E2097}.Net20|x86.ActiveCfg = Release|Any CPU
		{2F4C9647-CD65-4DBF-A1D0-4127902E2097}.Profile|.NET.ActiveCfg = Release|Any CPU
		{2F4C9647-CD65-4DBF-A1D0-4127902E2097}.Profile|Any CPU.ActiveCfg = Release|Any CPU
		{2F4C9647-CD65-4DBF-A1D0-4127902E2097}.Profile|Any CPU.Build.0 = Release|Any CPU
		{2F4C9647-CD65-4DBF-A1D0-4127902E2097}.Profile|Mixed Platforms.ActiveCfg = Release|Any CPU
		{2F4C9647-CD65-4DBF-A1D0-4127902E2097}.Profile|x64.ActiveCfg = Release|Any CPU
		{2F4C9647-CD65-4DBF-A1D0-4127902E2097}.Profile|x86.ActiveCfg = Release|Any CPU
		{2F4C9647-CD65-4DBF-A1D0-4127902E2097}.Release|.NET.ActiveCfg = Release|Any CPU
		{2F4C9647-CD65-4DBF-A1D0-4127902E2097}.Release|.NET.Build.0 = Release|Any CPU
		{2F4C9647-CD65-4DBF-A1D0-4127902E2097}.Release|Any CPU.ActiveCfg = Release|Any CPU
		{2F4C9647-CD65-4DBF-A1D0-4127902E2097}.Release|Any CPU.Build.0 = Release|Any CPU
		{2F4C9647-CD65-4DBF-A1D0-4127902E2097}.Release|Mixed Platforms.ActiveCfg = Release|Any CPU
		{2F4C9647-CD65-4DBF-A1D0-4127902E2097}.Release|Mixed Platforms.Build.0 = Release|Any CPU
		{2F4C9647-CD65-4DBF-A1D0-4127902E2097}.Release|x64.ActiveCfg = Release|Any CPU
		{2F4C9647-CD65-4DBF-A1D0-4127902E2097}.Release|x86.ActiveCfg = Release|Any CPU
		{2F4C9647-CD65-4DBF-A1D0-4127902E2097}.Silverlight2|.NET.ActiveCfg = Release|Any CPU
		{2F4C9647-CD65-4DBF-A1D0-4127902E2097}.Silverlight2|Any CPU.ActiveCfg = Release|Any CPU
		{2F4C9647-CD65-4DBF-A1D0-4127902E2097}.Silverlight2|Mixed Platforms.ActiveCfg = Release|Any CPU
		{2F4C9647-CD65-4DBF-A1D0-4127902E2097}.Silverlight2|x64.ActiveCfg = Release|Any CPU
		{2F4C9647-CD65-4DBF-A1D0-4127902E2097}.Silverlight2|x86.ActiveCfg = Release|Any CPU
		{2F4C9647-CD65-4DBF-A1D0-4127902E2097}.STATIC_ONLY NO_EXPRESSIONS|.NET.ActiveCfg = Release|Any CPU
		{2F4C9647-CD65-4DBF-A1D0-4127902E2097}.STATIC_ONLY NO_EXPRESSIONS|Any CPU.ActiveCfg = Release|Any CPU
		{2F4C9647-CD65-4DBF-A1D0-4127902E2097}.STATIC_ONLY NO_EXPRESSIONS|Any CPU.Build.0 = Release|Any CPU
		{2F4C9647-CD65-4DBF-A1D0-4127902E2097}.STATIC_ONLY NO_EXPRESSIONS|Mixed Platforms.ActiveCfg = Release|Any CPU
		{2F4C9647-CD65-4DBF-A1D0-4127902E2097}.STATIC_ONLY NO_EXPRESSIONS|Mixed Platforms.Build.0 = Release|Any CPU
		{2F4C9647-CD65-4DBF-A1D0-4127902E2097}.STATIC_ONLY NO_EXPRESSIONS|x64.ActiveCfg = Release|Any CPU
		{2F4C9647-CD65-4DBF-A1D0-4127902E2097}.STATIC_ONLY NO_EXPRESSIONS|x86.ActiveCfg = Release|Any CPU
		{4F34941D-B6EE-47A4-B6E8-7F8BB2A58D75}.DEBUG MONO|.NET.ActiveCfg = Debug|Any CPU
		{4F34941D-B6EE-47A4-B6E8-7F8BB2A58D75}.DEBUG MONO|.NET.Build.0 = Debug|Any CPU
		{4F34941D-B6EE-47A4-B6E8-7F8BB2A58D75}.DEBUG MONO|Any CPU.ActiveCfg = Debug|Any CPU
		{4F34941D-B6EE-47A4-B6E8-7F8BB2A58D75}.DEBUG MONO|Any CPU.Build.0 = Debug|Any CPU
		{4F34941D-B6EE-47A4-B6E8-7F8BB2A58D75}.DEBUG MONO|Mixed Platforms.ActiveCfg = Debug|Any CPU
		{4F34941D-B6EE-47A4-B6E8-7F8BB2A58D75}.DEBUG MONO|Mixed Platforms.Build.0 = Debug|Any CPU
		{4F34941D-B6EE-47A4-B6E8-7F8BB2A58D75}.DEBUG MONO|x64.ActiveCfg = Debug|Any CPU
		{4F34941D-B6EE-47A4-B6E8-7F8BB2A58D75}.DEBUG MONO|x86.ActiveCfg = Debug|Any CPU
		{4F34941D-B6EE-47A4-B6E8-7F8BB2A58D75}.Debug|.NET.ActiveCfg = Debug|Any CPU
		{4F34941D-B6EE-47A4-B6E8-7F8BB2A58D75}.Debug|Any CPU.ActiveCfg = Debug|Any CPU
		{4F34941D-B6EE-47A4-B6E8-7F8BB2A58D75}.Debug|Any CPU.Build.0 = Debug|Any CPU
		{4F34941D-B6EE-47A4-B6E8-7F8BB2A58D75}.Debug|Mixed Platforms.ActiveCfg = Debug|Any CPU
		{4F34941D-B6EE-47A4-B6E8-7F8BB2A58D75}.Debug|Mixed Platforms.Build.0 = Debug|Any CPU
		{4F34941D-B6EE-47A4-B6E8-7F8BB2A58D75}.Debug|x64.ActiveCfg = Debug|Any CPU
		{4F34941D-B6EE-47A4-B6E8-7F8BB2A58D75}.Debug|x86.ActiveCfg = Debug|Any CPU
		{4F34941D-B6EE-47A4-B6E8-7F8BB2A58D75}.MonoTouch|.NET.ActiveCfg = Release|Any CPU
		{4F34941D-B6EE-47A4-B6E8-7F8BB2A58D75}.MonoTouch|.NET.Build.0 = Release|Any CPU
		{4F34941D-B6EE-47A4-B6E8-7F8BB2A58D75}.MonoTouch|Any CPU.ActiveCfg = Release|Any CPU
		{4F34941D-B6EE-47A4-B6E8-7F8BB2A58D75}.MonoTouch|Any CPU.Build.0 = Release|Any CPU
		{4F34941D-B6EE-47A4-B6E8-7F8BB2A58D75}.MonoTouch|Mixed Platforms.ActiveCfg = Release|Any CPU
		{4F34941D-B6EE-47A4-B6E8-7F8BB2A58D75}.MonoTouch|Mixed Platforms.Build.0 = Release|Any CPU
		{4F34941D-B6EE-47A4-B6E8-7F8BB2A58D75}.MonoTouch|x64.ActiveCfg = Release|Any CPU
		{4F34941D-B6EE-47A4-B6E8-7F8BB2A58D75}.MonoTouch|x86.ActiveCfg = Release|Any CPU
		{4F34941D-B6EE-47A4-B6E8-7F8BB2A58D75}.Net20|.NET.ActiveCfg = Release|Any CPU
		{4F34941D-B6EE-47A4-B6E8-7F8BB2A58D75}.Net20|.NET.Build.0 = Release|Any CPU
		{4F34941D-B6EE-47A4-B6E8-7F8BB2A58D75}.Net20|Any CPU.ActiveCfg = Release|Any CPU
		{4F34941D-B6EE-47A4-B6E8-7F8BB2A58D75}.Net20|Any CPU.Build.0 = Release|Any CPU
		{4F34941D-B6EE-47A4-B6E8-7F8BB2A58D75}.Net20|Mixed Platforms.ActiveCfg = Release|Any CPU
		{4F34941D-B6EE-47A4-B6E8-7F8BB2A58D75}.Net20|x64.ActiveCfg = Release|Any CPU
		{4F34941D-B6EE-47A4-B6E8-7F8BB2A58D75}.Net20|x86.ActiveCfg = Release|Any CPU
		{4F34941D-B6EE-47A4-B6E8-7F8BB2A58D75}.Profile|.NET.ActiveCfg = Release|Any CPU
		{4F34941D-B6EE-47A4-B6E8-7F8BB2A58D75}.Profile|Any CPU.ActiveCfg = Release|Any CPU
		{4F34941D-B6EE-47A4-B6E8-7F8BB2A58D75}.Profile|Any CPU.Build.0 = Release|Any CPU
		{4F34941D-B6EE-47A4-B6E8-7F8BB2A58D75}.Profile|Mixed Platforms.ActiveCfg = Release|Any CPU
		{4F34941D-B6EE-47A4-B6E8-7F8BB2A58D75}.Profile|x64.ActiveCfg = Release|Any CPU
		{4F34941D-B6EE-47A4-B6E8-7F8BB2A58D75}.Profile|x86.ActiveCfg = Release|Any CPU
		{4F34941D-B6EE-47A4-B6E8-7F8BB2A58D75}.Release|.NET.ActiveCfg = Release|Any CPU
		{4F34941D-B6EE-47A4-B6E8-7F8BB2A58D75}.Release|.NET.Build.0 = Release|Any CPU
		{4F34941D-B6EE-47A4-B6E8-7F8BB2A58D75}.Release|Any CPU.ActiveCfg = Release|Any CPU
		{4F34941D-B6EE-47A4-B6E8-7F8BB2A58D75}.Release|Any CPU.Build.0 = Release|Any CPU
		{4F34941D-B6EE-47A4-B6E8-7F8BB2A58D75}.Release|Mixed Platforms.ActiveCfg = Release|Any CPU
		{4F34941D-B6EE-47A4-B6E8-7F8BB2A58D75}.Release|Mixed Platforms.Build.0 = Release|Any CPU
		{4F34941D-B6EE-47A4-B6E8-7F8BB2A58D75}.Release|x64.ActiveCfg = Release|Any CPU
		{4F34941D-B6EE-47A4-B6E8-7F8BB2A58D75}.Release|x86.ActiveCfg = Release|Any CPU
		{4F34941D-B6EE-47A4-B6E8-7F8BB2A58D75}.Silverlight2|.NET.ActiveCfg = Release|Any CPU
		{4F34941D-B6EE-47A4-B6E8-7F8BB2A58D75}.Silverlight2|Any CPU.ActiveCfg = Release|Any CPU
		{4F34941D-B6EE-47A4-B6E8-7F8BB2A58D75}.Silverlight2|Mixed Platforms.ActiveCfg = Release|Any CPU
		{4F34941D-B6EE-47A4-B6E8-7F8BB2A58D75}.Silverlight2|x64.ActiveCfg = Release|Any CPU
		{4F34941D-B6EE-47A4-B6E8-7F8BB2A58D75}.Silverlight2|x86.ActiveCfg = Release|Any CPU
		{4F34941D-B6EE-47A4-B6E8-7F8BB2A58D75}.STATIC_ONLY NO_EXPRESSIONS|.NET.ActiveCfg = Release|Any CPU
		{4F34941D-B6EE-47A4-B6E8-7F8BB2A58D75}.STATIC_ONLY NO_EXPRESSIONS|Any CPU.ActiveCfg = Release|Any CPU
		{4F34941D-B6EE-47A4-B6E8-7F8BB2A58D75}.STATIC_ONLY NO_EXPRESSIONS|Any CPU.Build.0 = Release|Any CPU
		{4F34941D-B6EE-47A4-B6E8-7F8BB2A58D75}.STATIC_ONLY NO_EXPRESSIONS|Mixed Platforms.ActiveCfg = Release|Any CPU
		{4F34941D-B6EE-47A4-B6E8-7F8BB2A58D75}.STATIC_ONLY NO_EXPRESSIONS|Mixed Platforms.Build.0 = Release|Any CPU
		{4F34941D-B6EE-47A4-B6E8-7F8BB2A58D75}.STATIC_ONLY NO_EXPRESSIONS|x64.ActiveCfg = Release|Any CPU
		{4F34941D-B6EE-47A4-B6E8-7F8BB2A58D75}.STATIC_ONLY NO_EXPRESSIONS|x86.ActiveCfg = Release|Any CPU
		{5C9AF3AF-8B80-41FB-8407-747CB0FE4144}.DEBUG MONO|.NET.ActiveCfg = Debug|Any CPU
		{5C9AF3AF-8B80-41FB-8407-747CB0FE4144}.DEBUG MONO|.NET.Build.0 = Debug|Any CPU
		{5C9AF3AF-8B80-41FB-8407-747CB0FE4144}.DEBUG MONO|Any CPU.ActiveCfg = Debug|Any CPU
		{5C9AF3AF-8B80-41FB-8407-747CB0FE4144}.DEBUG MONO|Any CPU.Build.0 = Debug|Any CPU
		{5C9AF3AF-8B80-41FB-8407-747CB0FE4144}.DEBUG MONO|Mixed Platforms.ActiveCfg = Debug|Any CPU
		{5C9AF3AF-8B80-41FB-8407-747CB0FE4144}.DEBUG MONO|Mixed Platforms.Build.0 = Debug|Any CPU
		{5C9AF3AF-8B80-41FB-8407-747CB0FE4144}.DEBUG MONO|x64.ActiveCfg = Debug|Any CPU
		{5C9AF3AF-8B80-41FB-8407-747CB0FE4144}.DEBUG MONO|x86.ActiveCfg = Debug|Any CPU
		{5C9AF3AF-8B80-41FB-8407-747CB0FE4144}.Debug|.NET.ActiveCfg = Debug|Any CPU
		{5C9AF3AF-8B80-41FB-8407-747CB0FE4144}.Debug|Any CPU.ActiveCfg = Debug|Any CPU
		{5C9AF3AF-8B80-41FB-8407-747CB0FE4144}.Debug|Any CPU.Build.0 = Debug|Any CPU
		{5C9AF3AF-8B80-41FB-8407-747CB0FE4144}.Debug|Mixed Platforms.ActiveCfg = Debug|Any CPU
		{5C9AF3AF-8B80-41FB-8407-747CB0FE4144}.Debug|Mixed Platforms.Build.0 = Debug|Any CPU
		{5C9AF3AF-8B80-41FB-8407-747CB0FE4144}.Debug|x64.ActiveCfg = Debug|Any CPU
		{5C9AF3AF-8B80-41FB-8407-747CB0FE4144}.Debug|x86.ActiveCfg = Debug|Any CPU
		{5C9AF3AF-8B80-41FB-8407-747CB0FE4144}.MonoTouch|.NET.ActiveCfg = Release|Any CPU
		{5C9AF3AF-8B80-41FB-8407-747CB0FE4144}.MonoTouch|.NET.Build.0 = Release|Any CPU
		{5C9AF3AF-8B80-41FB-8407-747CB0FE4144}.MonoTouch|Any CPU.ActiveCfg = Release|Any CPU
		{5C9AF3AF-8B80-41FB-8407-747CB0FE4144}.MonoTouch|Any CPU.Build.0 = Release|Any CPU
		{5C9AF3AF-8B80-41FB-8407-747CB0FE4144}.MonoTouch|Mixed Platforms.ActiveCfg = Release|Any CPU
		{5C9AF3AF-8B80-41FB-8407-747CB0FE4144}.MonoTouch|Mixed Platforms.Build.0 = Release|Any CPU
		{5C9AF3AF-8B80-41FB-8407-747CB0FE4144}.MonoTouch|x64.ActiveCfg = Release|Any CPU
		{5C9AF3AF-8B80-41FB-8407-747CB0FE4144}.MonoTouch|x86.ActiveCfg = Release|Any CPU
		{5C9AF3AF-8B80-41FB-8407-747CB0FE4144}.Net20|.NET.ActiveCfg = Release|Any CPU

		{5C9AF3AF-8B80-41FB-8407-747CB0FE4144}.Net20|Any CPU.ActiveCfg = Release|Any CPU

		{5C9AF3AF-8B80-41FB-8407-747CB0FE4144}.Net20|.NET.Build.0 = Release|Any CPU
		{5C9AF3AF-8B80-41FB-8407-747CB0FE4144}.Net20|Any CPU.ActiveCfg = Release|Any CPU
		{5C9AF3AF-8B80-41FB-8407-747CB0FE4144}.Net20|Any CPU.Build.0 = Release|Any CPU

		{5C9AF3AF-8B80-41FB-8407-747CB0FE4144}.Net20|Mixed Platforms.ActiveCfg = Release|Any CPU
		{5C9AF3AF-8B80-41FB-8407-747CB0FE4144}.Net20|x64.ActiveCfg = Release|Any CPU
		{5C9AF3AF-8B80-41FB-8407-747CB0FE4144}.Net20|x86.ActiveCfg = Release|Any CPU
		{5C9AF3AF-8B80-41FB-8407-747CB0FE4144}.Profile|.NET.ActiveCfg = Release|Any CPU
		{5C9AF3AF-8B80-41FB-8407-747CB0FE4144}.Profile|Any CPU.ActiveCfg = Release|Any CPU


		{5C9AF3AF-8B80-41FB-8407-747CB0FE4144}.Profile|Any CPU.Build.0 = Release|Any CPU

		{5C9AF3AF-8B80-41FB-8407-747CB0FE4144}.Profile|Mixed Platforms.ActiveCfg = Release|Any CPU
		{5C9AF3AF-8B80-41FB-8407-747CB0FE4144}.Profile|x64.ActiveCfg = Release|Any CPU
		{5C9AF3AF-8B80-41FB-8407-747CB0FE4144}.Profile|x86.ActiveCfg = Release|Any CPU
		{5C9AF3AF-8B80-41FB-8407-747CB0FE4144}.Release|.NET.ActiveCfg = Release|Any CPU


		{5C9AF3AF-8B80-41FB-8407-747CB0FE4144}.Release|.NET.Build.0 = Release|Any CPU

		{5C9AF3AF-8B80-41FB-8407-747CB0FE4144}.Release|Any CPU.ActiveCfg = Release|Any CPU
		{5C9AF3AF-8B80-41FB-8407-747CB0FE4144}.Release|Any CPU.Build.0 = Release|Any CPU
		{5C9AF3AF-8B80-41FB-8407-747CB0FE4144}.Release|Mixed Platforms.ActiveCfg = Release|Any CPU
		{5C9AF3AF-8B80-41FB-8407-747CB0FE4144}.Release|Mixed Platforms.Build.0 = Release|Any CPU
		{5C9AF3AF-8B80-41FB-8407-747CB0FE4144}.Release|x64.ActiveCfg = Release|Any CPU
		{5C9AF3AF-8B80-41FB-8407-747CB0FE4144}.Release|x86.ActiveCfg = Release|Any CPU
		{5C9AF3AF-8B80-41FB-8407-747CB0FE4144}.Silverlight2|.NET.ActiveCfg = Release|Any CPU
		{5C9AF3AF-8B80-41FB-8407-747CB0FE4144}.Silverlight2|Any CPU.ActiveCfg = Release|Any CPU
		{5C9AF3AF-8B80-41FB-8407-747CB0FE4144}.Silverlight2|Mixed Platforms.ActiveCfg = Release|Any CPU
		{5C9AF3AF-8B80-41FB-8407-747CB0FE4144}.Silverlight2|x64.ActiveCfg = Release|Any CPU
		{5C9AF3AF-8B80-41FB-8407-747CB0FE4144}.Silverlight2|x86.ActiveCfg = Release|Any CPU
		{5C9AF3AF-8B80-41FB-8407-747CB0FE4144}.STATIC_ONLY NO_EXPRESSIONS|.NET.ActiveCfg = Release|Any CPU
		{5C9AF3AF-8B80-41FB-8407-747CB0FE4144}.STATIC_ONLY NO_EXPRESSIONS|Any CPU.ActiveCfg = Release|Any CPU
		{5C9AF3AF-8B80-41FB-8407-747CB0FE4144}.STATIC_ONLY NO_EXPRESSIONS|Any CPU.Build.0 = Release|Any CPU
		{5C9AF3AF-8B80-41FB-8407-747CB0FE4144}.STATIC_ONLY NO_EXPRESSIONS|Mixed Platforms.ActiveCfg = Release|Any CPU
		{5C9AF3AF-8B80-41FB-8407-747CB0FE4144}.STATIC_ONLY NO_EXPRESSIONS|Mixed Platforms.Build.0 = Release|Any CPU
		{5C9AF3AF-8B80-41FB-8407-747CB0FE4144}.STATIC_ONLY NO_EXPRESSIONS|x64.ActiveCfg = Release|Any CPU
		{5C9AF3AF-8B80-41FB-8407-747CB0FE4144}.STATIC_ONLY NO_EXPRESSIONS|x86.ActiveCfg = Release|Any CPU
		{9054928F-69AF-4448-BEC0-591BC9393AE8}.DEBUG MONO|.NET.ActiveCfg = Debug|Any CPU


		{9054928F-69AF-4448-BEC0-591BC9393AE8}.DEBUG MONO|.NET.Build.0 = Debug|Any CPU

		{9054928F-69AF-4448-BEC0-591BC9393AE8}.DEBUG MONO|Any CPU.ActiveCfg = Debug|Any CPU
		{9054928F-69AF-4448-BEC0-591BC9393AE8}.DEBUG MONO|Any CPU.Build.0 = Debug|Any CPU
		{9054928F-69AF-4448-BEC0-591BC9393AE8}.DEBUG MONO|Mixed Platforms.ActiveCfg = Debug|Any CPU
		{9054928F-69AF-4448-BEC0-591BC9393AE8}.DEBUG MONO|Mixed Platforms.Build.0 = Debug|Any CPU
		{9054928F-69AF-4448-BEC0-591BC9393AE8}.DEBUG MONO|x64.ActiveCfg = Debug|Any CPU
		{9054928F-69AF-4448-BEC0-591BC9393AE8}.DEBUG MONO|x86.ActiveCfg = Debug|Any CPU
		{9054928F-69AF-4448-BEC0-591BC9393AE8}.Debug|.NET.ActiveCfg = Debug|Any CPU
		{9054928F-69AF-4448-BEC0-591BC9393AE8}.Debug|Any CPU.ActiveCfg = Debug|Any CPU
		{9054928F-69AF-4448-BEC0-591BC9393AE8}.Debug|Any CPU.Build.0 = Debug|Any CPU
		{9054928F-69AF-4448-BEC0-591BC9393AE8}.Debug|Mixed Platforms.ActiveCfg = Debug|Any CPU
		{9054928F-69AF-4448-BEC0-591BC9393AE8}.Debug|Mixed Platforms.Build.0 = Debug|Any CPU
		{9054928F-69AF-4448-BEC0-591BC9393AE8}.Debug|x64.ActiveCfg = Debug|Any CPU
		{9054928F-69AF-4448-BEC0-591BC9393AE8}.Debug|x86.ActiveCfg = Debug|Any CPU
		{9054928F-69AF-4448-BEC0-591BC9393AE8}.MonoTouch|.NET.ActiveCfg = Release|Any CPU


		{9054928F-69AF-4448-BEC0-591BC9393AE8}.MonoTouch|.NET.Build.0 = Release|Any CPU

		{9054928F-69AF-4448-BEC0-591BC9393AE8}.MonoTouch|Any CPU.ActiveCfg = Release|Any CPU
		{9054928F-69AF-4448-BEC0-591BC9393AE8}.MonoTouch|Any CPU.Build.0 = Release|Any CPU
		{9054928F-69AF-4448-BEC0-591BC9393AE8}.MonoTouch|Mixed Platforms.ActiveCfg = Release|Any CPU
		{9054928F-69AF-4448-BEC0-591BC9393AE8}.MonoTouch|Mixed Platforms.Build.0 = Release|Any CPU
		{9054928F-69AF-4448-BEC0-591BC9393AE8}.MonoTouch|x64.ActiveCfg = Release|Any CPU
		{9054928F-69AF-4448-BEC0-591BC9393AE8}.MonoTouch|x86.ActiveCfg = Release|Any CPU
		{9054928F-69AF-4448-BEC0-591BC9393AE8}.Net20|.NET.ActiveCfg = Release|Any CPU

		{9054928F-69AF-4448-BEC0-591BC9393AE8}.Net20|Any CPU.ActiveCfg = Release|Any CPU

		{9054928F-69AF-4448-BEC0-591BC9393AE8}.Net20|.NET.Build.0 = Release|Any CPU
		{9054928F-69AF-4448-BEC0-591BC9393AE8}.Net20|Any CPU.ActiveCfg = Release|Any CPU
		{9054928F-69AF-4448-BEC0-591BC9393AE8}.Net20|Any CPU.Build.0 = Release|Any CPU

		{9054928F-69AF-4448-BEC0-591BC9393AE8}.Net20|Mixed Platforms.ActiveCfg = Release|Any CPU
		{9054928F-69AF-4448-BEC0-591BC9393AE8}.Net20|x64.ActiveCfg = Release|Any CPU
		{9054928F-69AF-4448-BEC0-591BC9393AE8}.Net20|x86.ActiveCfg = Release|Any CPU
		{9054928F-69AF-4448-BEC0-591BC9393AE8}.Profile|.NET.ActiveCfg = Release|Any CPU
		{9054928F-69AF-4448-BEC0-591BC9393AE8}.Profile|Any CPU.ActiveCfg = Release|Any CPU


		{9054928F-69AF-4448-BEC0-591BC9393AE8}.Profile|Any CPU.Build.0 = Release|Any CPU

		{9054928F-69AF-4448-BEC0-591BC9393AE8}.Profile|Mixed Platforms.ActiveCfg = Release|Any CPU
		{9054928F-69AF-4448-BEC0-591BC9393AE8}.Profile|x64.ActiveCfg = Release|Any CPU
		{9054928F-69AF-4448-BEC0-591BC9393AE8}.Profile|x86.ActiveCfg = Release|Any CPU
		{9054928F-69AF-4448-BEC0-591BC9393AE8}.Release|.NET.ActiveCfg = Release|Any CPU


		{9054928F-69AF-4448-BEC0-591BC9393AE8}.Release|.NET.Build.0 = Release|Any CPU

		{9054928F-69AF-4448-BEC0-591BC9393AE8}.Release|Any CPU.ActiveCfg = Release|Any CPU
		{9054928F-69AF-4448-BEC0-591BC9393AE8}.Release|Any CPU.Build.0 = Release|Any CPU
		{9054928F-69AF-4448-BEC0-591BC9393AE8}.Release|Mixed Platforms.ActiveCfg = Release|Any CPU
		{9054928F-69AF-4448-BEC0-591BC9393AE8}.Release|Mixed Platforms.Build.0 = Release|Any CPU
		{9054928F-69AF-4448-BEC0-591BC9393AE8}.Release|x64.ActiveCfg = Release|Any CPU
		{9054928F-69AF-4448-BEC0-591BC9393AE8}.Release|x86.ActiveCfg = Release|Any CPU
		{9054928F-69AF-4448-BEC0-591BC9393AE8}.Silverlight2|.NET.ActiveCfg = Release|Any CPU
		{9054928F-69AF-4448-BEC0-591BC9393AE8}.Silverlight2|Any CPU.ActiveCfg = Release|Any CPU
		{9054928F-69AF-4448-BEC0-591BC9393AE8}.Silverlight2|Mixed Platforms.ActiveCfg = Release|Any CPU
		{9054928F-69AF-4448-BEC0-591BC9393AE8}.Silverlight2|x64.ActiveCfg = Release|Any CPU
		{9054928F-69AF-4448-BEC0-591BC9393AE8}.Silverlight2|x86.ActiveCfg = Release|Any CPU
		{9054928F-69AF-4448-BEC0-591BC9393AE8}.STATIC_ONLY NO_EXPRESSIONS|.NET.ActiveCfg = Release|Any CPU
		{9054928F-69AF-4448-BEC0-591BC9393AE8}.STATIC_ONLY NO_EXPRESSIONS|Any CPU.ActiveCfg = Release|Any CPU
		{9054928F-69AF-4448-BEC0-591BC9393AE8}.STATIC_ONLY NO_EXPRESSIONS|Any CPU.Build.0 = Release|Any CPU
		{9054928F-69AF-4448-BEC0-591BC9393AE8}.STATIC_ONLY NO_EXPRESSIONS|Mixed Platforms.ActiveCfg = Release|Any CPU
		{9054928F-69AF-4448-BEC0-591BC9393AE8}.STATIC_ONLY NO_EXPRESSIONS|Mixed Platforms.Build.0 = Release|Any CPU
		{9054928F-69AF-4448-BEC0-591BC9393AE8}.STATIC_ONLY NO_EXPRESSIONS|x64.ActiveCfg = Release|Any CPU
		{9054928F-69AF-4448-BEC0-591BC9393AE8}.STATIC_ONLY NO_EXPRESSIONS|x86.ActiveCfg = Release|Any CPU
		{9ADF199C-BEED-4673-8BB0-EE9C1C7FB826}.DEBUG MONO|.NET.ActiveCfg = Debug|Any CPU


		{9ADF199C-BEED-4673-8BB0-EE9C1C7FB826}.DEBUG MONO|.NET.Build.0 = Debug|Any CPU

		{9ADF199C-BEED-4673-8BB0-EE9C1C7FB826}.DEBUG MONO|Any CPU.ActiveCfg = Debug|Any CPU
		{9ADF199C-BEED-4673-8BB0-EE9C1C7FB826}.DEBUG MONO|Any CPU.Build.0 = Debug|Any CPU
		{9ADF199C-BEED-4673-8BB0-EE9C1C7FB826}.DEBUG MONO|Mixed Platforms.ActiveCfg = Debug|Any CPU
		{9ADF199C-BEED-4673-8BB0-EE9C1C7FB826}.DEBUG MONO|Mixed Platforms.Build.0 = Debug|Any CPU
		{9ADF199C-BEED-4673-8BB0-EE9C1C7FB826}.DEBUG MONO|x64.ActiveCfg = Debug|Any CPU
		{9ADF199C-BEED-4673-8BB0-EE9C1C7FB826}.DEBUG MONO|x86.ActiveCfg = Debug|Any CPU
		{9ADF199C-BEED-4673-8BB0-EE9C1C7FB826}.Debug|.NET.ActiveCfg = Debug|Any CPU
		{9ADF199C-BEED-4673-8BB0-EE9C1C7FB826}.Debug|Any CPU.ActiveCfg = Debug|Any CPU
		{9ADF199C-BEED-4673-8BB0-EE9C1C7FB826}.Debug|Any CPU.Build.0 = Debug|Any CPU
		{9ADF199C-BEED-4673-8BB0-EE9C1C7FB826}.Debug|Mixed Platforms.ActiveCfg = Debug|Any CPU
		{9ADF199C-BEED-4673-8BB0-EE9C1C7FB826}.Debug|Mixed Platforms.Build.0 = Debug|Any CPU
		{9ADF199C-BEED-4673-8BB0-EE9C1C7FB826}.Debug|x64.ActiveCfg = Debug|Any CPU
		{9ADF199C-BEED-4673-8BB0-EE9C1C7FB826}.Debug|x86.ActiveCfg = Debug|Any CPU
		{9ADF199C-BEED-4673-8BB0-EE9C1C7FB826}.MonoTouch|.NET.ActiveCfg = Release|Any CPU


		{9ADF199C-BEED-4673-8BB0-EE9C1C7FB826}.MonoTouch|.NET.Build.0 = Release|Any CPU

		{9ADF199C-BEED-4673-8BB0-EE9C1C7FB826}.MonoTouch|Any CPU.ActiveCfg = Release|Any CPU
		{9ADF199C-BEED-4673-8BB0-EE9C1C7FB826}.MonoTouch|Any CPU.Build.0 = Release|Any CPU
		{9ADF199C-BEED-4673-8BB0-EE9C1C7FB826}.MonoTouch|Mixed Platforms.ActiveCfg = Release|Any CPU
		{9ADF199C-BEED-4673-8BB0-EE9C1C7FB826}.MonoTouch|Mixed Platforms.Build.0 = Release|Any CPU
		{9ADF199C-BEED-4673-8BB0-EE9C1C7FB826}.MonoTouch|x64.ActiveCfg = Release|Any CPU
		{9ADF199C-BEED-4673-8BB0-EE9C1C7FB826}.MonoTouch|x86.ActiveCfg = Release|Any CPU
		{9ADF199C-BEED-4673-8BB0-EE9C1C7FB826}.Net20|.NET.ActiveCfg = Release|Any CPU

		{9ADF199C-BEED-4673-8BB0-EE9C1C7FB826}.Net20|Any CPU.ActiveCfg = Release|Any CPU

		{9ADF199C-BEED-4673-8BB0-EE9C1C7FB826}.Net20|.NET.Build.0 = Release|Any CPU
		{9ADF199C-BEED-4673-8BB0-EE9C1C7FB826}.Net20|Any CPU.ActiveCfg = Release|Any CPU
		{9ADF199C-BEED-4673-8BB0-EE9C1C7FB826}.Net20|Any CPU.Build.0 = Release|Any CPU

		{9ADF199C-BEED-4673-8BB0-EE9C1C7FB826}.Net20|Mixed Platforms.ActiveCfg = Release|Any CPU
		{9ADF199C-BEED-4673-8BB0-EE9C1C7FB826}.Net20|x64.ActiveCfg = Release|Any CPU
		{9ADF199C-BEED-4673-8BB0-EE9C1C7FB826}.Net20|x86.ActiveCfg = Release|Any CPU
		{9ADF199C-BEED-4673-8BB0-EE9C1C7FB826}.Profile|.NET.ActiveCfg = Release|Any CPU
		{9ADF199C-BEED-4673-8BB0-EE9C1C7FB826}.Profile|Any CPU.ActiveCfg = Release|Any CPU


		{9ADF199C-BEED-4673-8BB0-EE9C1C7FB826}.Profile|Any CPU.Build.0 = Release|Any CPU

		{9ADF199C-BEED-4673-8BB0-EE9C1C7FB826}.Profile|Mixed Platforms.ActiveCfg = Release|Any CPU
		{9ADF199C-BEED-4673-8BB0-EE9C1C7FB826}.Profile|x64.ActiveCfg = Release|Any CPU
		{9ADF199C-BEED-4673-8BB0-EE9C1C7FB826}.Profile|x86.ActiveCfg = Release|Any CPU
		{9ADF199C-BEED-4673-8BB0-EE9C1C7FB826}.Release|.NET.ActiveCfg = Release|Any CPU


		{9ADF199C-BEED-4673-8BB0-EE9C1C7FB826}.Release|.NET.Build.0 = Release|Any CPU

		{9ADF199C-BEED-4673-8BB0-EE9C1C7FB826}.Release|Any CPU.ActiveCfg = Release|Any CPU
		{9ADF199C-BEED-4673-8BB0-EE9C1C7FB826}.Release|Any CPU.Build.0 = Release|Any CPU
		{9ADF199C-BEED-4673-8BB0-EE9C1C7FB826}.Release|Mixed Platforms.ActiveCfg = Release|Any CPU
		{9ADF199C-BEED-4673-8BB0-EE9C1C7FB826}.Release|Mixed Platforms.Build.0 = Release|Any CPU
		{9ADF199C-BEED-4673-8BB0-EE9C1C7FB826}.Release|x64.ActiveCfg = Release|Any CPU
		{9ADF199C-BEED-4673-8BB0-EE9C1C7FB826}.Release|x86.ActiveCfg = Release|Any CPU
		{9ADF199C-BEED-4673-8BB0-EE9C1C7FB826}.Silverlight2|.NET.ActiveCfg = Release|Any CPU
		{9ADF199C-BEED-4673-8BB0-EE9C1C7FB826}.Silverlight2|Any CPU.ActiveCfg = Release|Any CPU
		{9ADF199C-BEED-4673-8BB0-EE9C1C7FB826}.Silverlight2|Mixed Platforms.ActiveCfg = Release|Any CPU
		{9ADF199C-BEED-4673-8BB0-EE9C1C7FB826}.Silverlight2|x64.ActiveCfg = Release|Any CPU
		{9ADF199C-BEED-4673-8BB0-EE9C1C7FB826}.Silverlight2|x86.ActiveCfg = Release|Any CPU
		{9ADF199C-BEED-4673-8BB0-EE9C1C7FB826}.STATIC_ONLY NO_EXPRESSIONS|.NET.ActiveCfg = Release|Any CPU
		{9ADF199C-BEED-4673-8BB0-EE9C1C7FB826}.STATIC_ONLY NO_EXPRESSIONS|Any CPU.ActiveCfg = Release|Any CPU
		{9ADF199C-BEED-4673-8BB0-EE9C1C7FB826}.STATIC_ONLY NO_EXPRESSIONS|Any CPU.Build.0 = Release|Any CPU
		{9ADF199C-BEED-4673-8BB0-EE9C1C7FB826}.STATIC_ONLY NO_EXPRESSIONS|Mixed Platforms.ActiveCfg = Release|Any CPU
		{9ADF199C-BEED-4673-8BB0-EE9C1C7FB826}.STATIC_ONLY NO_EXPRESSIONS|Mixed Platforms.Build.0 = Release|Any CPU
		{9ADF199C-BEED-4673-8BB0-EE9C1C7FB826}.STATIC_ONLY NO_EXPRESSIONS|x64.ActiveCfg = Release|Any CPU
		{9ADF199C-BEED-4673-8BB0-EE9C1C7FB826}.STATIC_ONLY NO_EXPRESSIONS|x86.ActiveCfg = Release|Any CPU
		{A800D9F1-D877-4076-99BA-CBD73BCFB203}.DEBUG MONO|.NET.ActiveCfg = Debug|Any CPU
		{A800D9F1-D877-4076-99BA-CBD73BCFB203}.DEBUG MONO|.NET.Build.0 = Debug|Any CPU
		{A800D9F1-D877-4076-99BA-CBD73BCFB203}.DEBUG MONO|Any CPU.ActiveCfg = Debug|Any CPU
		{A800D9F1-D877-4076-99BA-CBD73BCFB203}.DEBUG MONO|Any CPU.Build.0 = Debug|Any CPU
		{A800D9F1-D877-4076-99BA-CBD73BCFB203}.DEBUG MONO|Mixed Platforms.ActiveCfg = Debug|Any CPU
		{A800D9F1-D877-4076-99BA-CBD73BCFB203}.DEBUG MONO|Mixed Platforms.Build.0 = Debug|Any CPU
		{A800D9F1-D877-4076-99BA-CBD73BCFB203}.DEBUG MONO|x64.ActiveCfg = Debug|Any CPU
		{A800D9F1-D877-4076-99BA-CBD73BCFB203}.DEBUG MONO|x86.ActiveCfg = Debug|Any CPU
		{A800D9F1-D877-4076-99BA-CBD73BCFB203}.Debug|.NET.ActiveCfg = Debug|Any CPU
		{A800D9F1-D877-4076-99BA-CBD73BCFB203}.Debug|Any CPU.ActiveCfg = Debug|Any CPU
		{A800D9F1-D877-4076-99BA-CBD73BCFB203}.Debug|Any CPU.Build.0 = Debug|Any CPU
		{A800D9F1-D877-4076-99BA-CBD73BCFB203}.Debug|Mixed Platforms.ActiveCfg = Debug|Any CPU
		{A800D9F1-D877-4076-99BA-CBD73BCFB203}.Debug|Mixed Platforms.Build.0 = Debug|Any CPU
		{A800D9F1-D877-4076-99BA-CBD73BCFB203}.Debug|x64.ActiveCfg = Debug|Any CPU
		{A800D9F1-D877-4076-99BA-CBD73BCFB203}.Debug|x86.ActiveCfg = Debug|Any CPU
		{A800D9F1-D877-4076-99BA-CBD73BCFB203}.MonoTouch|.NET.ActiveCfg = Release|Any CPU
		{A800D9F1-D877-4076-99BA-CBD73BCFB203}.MonoTouch|.NET.Build.0 = Release|Any CPU
		{A800D9F1-D877-4076-99BA-CBD73BCFB203}.MonoTouch|Any CPU.ActiveCfg = Release|Any CPU
		{A800D9F1-D877-4076-99BA-CBD73BCFB203}.MonoTouch|Any CPU.Build.0 = Release|Any CPU
		{A800D9F1-D877-4076-99BA-CBD73BCFB203}.MonoTouch|Mixed Platforms.ActiveCfg = Release|Any CPU
		{A800D9F1-D877-4076-99BA-CBD73BCFB203}.MonoTouch|Mixed Platforms.Build.0 = Release|Any CPU
		{A800D9F1-D877-4076-99BA-CBD73BCFB203}.MonoTouch|x64.ActiveCfg = Release|Any CPU
		{A800D9F1-D877-4076-99BA-CBD73BCFB203}.MonoTouch|x86.ActiveCfg = Release|Any CPU
		{A800D9F1-D877-4076-99BA-CBD73BCFB203}.Net20|.NET.ActiveCfg = Release|Any CPU
		{A800D9F1-D877-4076-99BA-CBD73BCFB203}.Net20|.NET.Build.0 = Release|Any CPU
		{A800D9F1-D877-4076-99BA-CBD73BCFB203}.Net20|Any CPU.ActiveCfg = Release|Any CPU
		{A800D9F1-D877-4076-99BA-CBD73BCFB203}.Net20|Any CPU.Build.0 = Release|Any CPU
		{A800D9F1-D877-4076-99BA-CBD73BCFB203}.Net20|Mixed Platforms.ActiveCfg = Release|Any CPU
		{A800D9F1-D877-4076-99BA-CBD73BCFB203}.Net20|x64.ActiveCfg = Release|Any CPU
		{A800D9F1-D877-4076-99BA-CBD73BCFB203}.Net20|x86.ActiveCfg = Release|Any CPU
		{A800D9F1-D877-4076-99BA-CBD73BCFB203}.Profile|.NET.ActiveCfg = Release|Any CPU
		{A800D9F1-D877-4076-99BA-CBD73BCFB203}.Profile|Any CPU.ActiveCfg = Release|Any CPU
		{A800D9F1-D877-4076-99BA-CBD73BCFB203}.Profile|Any CPU.Build.0 = Release|Any CPU
		{A800D9F1-D877-4076-99BA-CBD73BCFB203}.Profile|Mixed Platforms.ActiveCfg = Release|Any CPU
		{A800D9F1-D877-4076-99BA-CBD73BCFB203}.Profile|x64.ActiveCfg = Release|Any CPU
		{A800D9F1-D877-4076-99BA-CBD73BCFB203}.Profile|x86.ActiveCfg = Release|Any CPU
		{A800D9F1-D877-4076-99BA-CBD73BCFB203}.Release|.NET.ActiveCfg = Release|Any CPU
		{A800D9F1-D877-4076-99BA-CBD73BCFB203}.Release|.NET.Build.0 = Release|Any CPU
		{A800D9F1-D877-4076-99BA-CBD73BCFB203}.Release|Any CPU.ActiveCfg = Release|Any CPU
		{A800D9F1-D877-4076-99BA-CBD73BCFB203}.Release|Any CPU.Build.0 = Release|Any CPU
		{A800D9F1-D877-4076-99BA-CBD73BCFB203}.Release|Mixed Platforms.ActiveCfg = Release|Any CPU
		{A800D9F1-D877-4076-99BA-CBD73BCFB203}.Release|Mixed Platforms.Build.0 = Release|Any CPU
		{A800D9F1-D877-4076-99BA-CBD73BCFB203}.Release|x64.ActiveCfg = Release|Any CPU
		{A800D9F1-D877-4076-99BA-CBD73BCFB203}.Release|x86.ActiveCfg = Release|Any CPU
		{A800D9F1-D877-4076-99BA-CBD73BCFB203}.Silverlight2|.NET.ActiveCfg = Release|Any CPU
		{A800D9F1-D877-4076-99BA-CBD73BCFB203}.Silverlight2|Any CPU.ActiveCfg = Release|Any CPU
		{A800D9F1-D877-4076-99BA-CBD73BCFB203}.Silverlight2|Mixed Platforms.ActiveCfg = Release|Any CPU
		{A800D9F1-D877-4076-99BA-CBD73BCFB203}.Silverlight2|x64.ActiveCfg = Release|Any CPU
		{A800D9F1-D877-4076-99BA-CBD73BCFB203}.Silverlight2|x86.ActiveCfg = Release|Any CPU
		{A800D9F1-D877-4076-99BA-CBD73BCFB203}.STATIC_ONLY NO_EXPRESSIONS|.NET.ActiveCfg = Release|Any CPU
		{A800D9F1-D877-4076-99BA-CBD73BCFB203}.STATIC_ONLY NO_EXPRESSIONS|Any CPU.ActiveCfg = Release|Any CPU
		{A800D9F1-D877-4076-99BA-CBD73BCFB203}.STATIC_ONLY NO_EXPRESSIONS|Any CPU.Build.0 = Release|Any CPU
		{A800D9F1-D877-4076-99BA-CBD73BCFB203}.STATIC_ONLY NO_EXPRESSIONS|Mixed Platforms.ActiveCfg = Release|Any CPU
		{A800D9F1-D877-4076-99BA-CBD73BCFB203}.STATIC_ONLY NO_EXPRESSIONS|Mixed Platforms.Build.0 = Release|Any CPU
		{A800D9F1-D877-4076-99BA-CBD73BCFB203}.STATIC_ONLY NO_EXPRESSIONS|x64.ActiveCfg = Release|Any CPU
		{A800D9F1-D877-4076-99BA-CBD73BCFB203}.STATIC_ONLY NO_EXPRESSIONS|x86.ActiveCfg = Release|Any CPU
		{AED10FB5-FA04-4C28-9BF4-26C2278175E7}.DEBUG MONO|.NET.ActiveCfg = Debug|Any CPU


		{AED10FB5-FA04-4C28-9BF4-26C2278175E7}.DEBUG MONO|.NET.Build.0 = Debug|Any CPU

		{AED10FB5-FA04-4C28-9BF4-26C2278175E7}.DEBUG MONO|Any CPU.ActiveCfg = Debug|Any CPU
		{AED10FB5-FA04-4C28-9BF4-26C2278175E7}.DEBUG MONO|Any CPU.Build.0 = Debug|Any CPU
		{AED10FB5-FA04-4C28-9BF4-26C2278175E7}.DEBUG MONO|Mixed Platforms.ActiveCfg = Debug|Any CPU
		{AED10FB5-FA04-4C28-9BF4-26C2278175E7}.DEBUG MONO|Mixed Platforms.Build.0 = Debug|Any CPU
		{AED10FB5-FA04-4C28-9BF4-26C2278175E7}.DEBUG MONO|x64.ActiveCfg = Debug|Any CPU
		{AED10FB5-FA04-4C28-9BF4-26C2278175E7}.DEBUG MONO|x86.ActiveCfg = Debug|Any CPU
		{AED10FB5-FA04-4C28-9BF4-26C2278175E7}.Debug|.NET.ActiveCfg = Debug|Any CPU
		{AED10FB5-FA04-4C28-9BF4-26C2278175E7}.Debug|Any CPU.ActiveCfg = Debug|Any CPU
		{AED10FB5-FA04-4C28-9BF4-26C2278175E7}.Debug|Any CPU.Build.0 = Debug|Any CPU
		{AED10FB5-FA04-4C28-9BF4-26C2278175E7}.Debug|Mixed Platforms.ActiveCfg = Debug|Any CPU
		{AED10FB5-FA04-4C28-9BF4-26C2278175E7}.Debug|Mixed Platforms.Build.0 = Debug|Any CPU
		{AED10FB5-FA04-4C28-9BF4-26C2278175E7}.Debug|x64.ActiveCfg = Debug|Any CPU
		{AED10FB5-FA04-4C28-9BF4-26C2278175E7}.Debug|x86.ActiveCfg = Debug|Any CPU
		{AED10FB5-FA04-4C28-9BF4-26C2278175E7}.MonoTouch|.NET.ActiveCfg = Release|Any CPU


		{AED10FB5-FA04-4C28-9BF4-26C2278175E7}.MonoTouch|.NET.Build.0 = Release|Any CPU

		{AED10FB5-FA04-4C28-9BF4-26C2278175E7}.MonoTouch|Any CPU.ActiveCfg = Release|Any CPU
		{AED10FB5-FA04-4C28-9BF4-26C2278175E7}.MonoTouch|Any CPU.Build.0 = Release|Any CPU
		{AED10FB5-FA04-4C28-9BF4-26C2278175E7}.MonoTouch|Mixed Platforms.ActiveCfg = Release|Any CPU
		{AED10FB5-FA04-4C28-9BF4-26C2278175E7}.MonoTouch|Mixed Platforms.Build.0 = Release|Any CPU
		{AED10FB5-FA04-4C28-9BF4-26C2278175E7}.MonoTouch|x64.ActiveCfg = Release|Any CPU
		{AED10FB5-FA04-4C28-9BF4-26C2278175E7}.MonoTouch|x86.ActiveCfg = Release|Any CPU
		{AED10FB5-FA04-4C28-9BF4-26C2278175E7}.Net20|.NET.ActiveCfg = Release|Any CPU

		{AED10FB5-FA04-4C28-9BF4-26C2278175E7}.Net20|Any CPU.ActiveCfg = Release|Any CPU

		{AED10FB5-FA04-4C28-9BF4-26C2278175E7}.Net20|.NET.Build.0 = Release|Any CPU
		{AED10FB5-FA04-4C28-9BF4-26C2278175E7}.Net20|Any CPU.ActiveCfg = Release|Any CPU
		{AED10FB5-FA04-4C28-9BF4-26C2278175E7}.Net20|Any CPU.Build.0 = Release|Any CPU

		{AED10FB5-FA04-4C28-9BF4-26C2278175E7}.Net20|Mixed Platforms.ActiveCfg = Release|Any CPU
		{AED10FB5-FA04-4C28-9BF4-26C2278175E7}.Net20|x64.ActiveCfg = Release|Any CPU
		{AED10FB5-FA04-4C28-9BF4-26C2278175E7}.Net20|x86.ActiveCfg = Release|Any CPU
		{AED10FB5-FA04-4C28-9BF4-26C2278175E7}.Profile|.NET.ActiveCfg = Release|Any CPU
		{AED10FB5-FA04-4C28-9BF4-26C2278175E7}.Profile|Any CPU.ActiveCfg = Release|Any CPU


		{AED10FB5-FA04-4C28-9BF4-26C2278175E7}.Profile|Any CPU.Build.0 = Release|Any CPU

		{AED10FB5-FA04-4C28-9BF4-26C2278175E7}.Profile|Mixed Platforms.ActiveCfg = Release|Any CPU
		{AED10FB5-FA04-4C28-9BF4-26C2278175E7}.Profile|x64.ActiveCfg = Release|Any CPU
		{AED10FB5-FA04-4C28-9BF4-26C2278175E7}.Profile|x86.ActiveCfg = Release|Any CPU
		{AED10FB5-FA04-4C28-9BF4-26C2278175E7}.Release|.NET.ActiveCfg = Release|Any CPU


		{AED10FB5-FA04-4C28-9BF4-26C2278175E7}.Release|.NET.Build.0 = Release|Any CPU

		{AED10FB5-FA04-4C28-9BF4-26C2278175E7}.Release|Any CPU.ActiveCfg = Release|Any CPU
		{AED10FB5-FA04-4C28-9BF4-26C2278175E7}.Release|Any CPU.Build.0 = Release|Any CPU
		{AED10FB5-FA04-4C28-9BF4-26C2278175E7}.Release|Mixed Platforms.ActiveCfg = Release|Any CPU
		{AED10FB5-FA04-4C28-9BF4-26C2278175E7}.Release|Mixed Platforms.Build.0 = Release|Any CPU
		{AED10FB5-FA04-4C28-9BF4-26C2278175E7}.Release|x64.ActiveCfg = Release|Any CPU
		{AED10FB5-FA04-4C28-9BF4-26C2278175E7}.Release|x86.ActiveCfg = Release|Any CPU
		{AED10FB5-FA04-4C28-9BF4-26C2278175E7}.Silverlight2|.NET.ActiveCfg = Release|Any CPU
		{AED10FB5-FA04-4C28-9BF4-26C2278175E7}.Silverlight2|Any CPU.ActiveCfg = Release|Any CPU
		{AED10FB5-FA04-4C28-9BF4-26C2278175E7}.Silverlight2|Mixed Platforms.ActiveCfg = Release|Any CPU
		{AED10FB5-FA04-4C28-9BF4-26C2278175E7}.Silverlight2|x64.ActiveCfg = Release|Any CPU
		{AED10FB5-FA04-4C28-9BF4-26C2278175E7}.Silverlight2|x86.ActiveCfg = Release|Any CPU
		{AED10FB5-FA04-4C28-9BF4-26C2278175E7}.STATIC_ONLY NO_EXPRESSIONS|.NET.ActiveCfg = Release|Any CPU
		{AED10FB5-FA04-4C28-9BF4-26C2278175E7}.STATIC_ONLY NO_EXPRESSIONS|Any CPU.ActiveCfg = Release|Any CPU
		{AED10FB5-FA04-4C28-9BF4-26C2278175E7}.STATIC_ONLY NO_EXPRESSIONS|Any CPU.Build.0 = Release|Any CPU
		{AED10FB5-FA04-4C28-9BF4-26C2278175E7}.STATIC_ONLY NO_EXPRESSIONS|Mixed Platforms.ActiveCfg = Release|Any CPU
		{AED10FB5-FA04-4C28-9BF4-26C2278175E7}.STATIC_ONLY NO_EXPRESSIONS|Mixed Platforms.Build.0 = Release|Any CPU
		{AED10FB5-FA04-4C28-9BF4-26C2278175E7}.STATIC_ONLY NO_EXPRESSIONS|x64.ActiveCfg = Release|Any CPU
		{AED10FB5-FA04-4C28-9BF4-26C2278175E7}.STATIC_ONLY NO_EXPRESSIONS|x86.ActiveCfg = Release|Any CPU
		{B0D68D3E-8ACE-4F33-9E85-F32CED622614}.DEBUG MONO|.NET.ActiveCfg = Debug|Any CPU


		{B0D68D3E-8ACE-4F33-9E85-F32CED622614}.DEBUG MONO|.NET.Build.0 = Debug|Any CPU

		{B0D68D3E-8ACE-4F33-9E85-F32CED622614}.DEBUG MONO|Any CPU.ActiveCfg = Debug|Any CPU
		{B0D68D3E-8ACE-4F33-9E85-F32CED622614}.DEBUG MONO|Any CPU.Build.0 = Debug|Any CPU
		{B0D68D3E-8ACE-4F33-9E85-F32CED622614}.DEBUG MONO|Mixed Platforms.ActiveCfg = Debug|Any CPU
		{B0D68D3E-8ACE-4F33-9E85-F32CED622614}.DEBUG MONO|Mixed Platforms.Build.0 = Debug|Any CPU
		{B0D68D3E-8ACE-4F33-9E85-F32CED622614}.DEBUG MONO|x64.ActiveCfg = Debug|Any CPU
		{B0D68D3E-8ACE-4F33-9E85-F32CED622614}.DEBUG MONO|x86.ActiveCfg = Debug|Any CPU
		{B0D68D3E-8ACE-4F33-9E85-F32CED622614}.Debug|.NET.ActiveCfg = Debug|Any CPU
		{B0D68D3E-8ACE-4F33-9E85-F32CED622614}.Debug|Any CPU.ActiveCfg = Debug|Any CPU
		{B0D68D3E-8ACE-4F33-9E85-F32CED622614}.Debug|Any CPU.Build.0 = Debug|Any CPU
		{B0D68D3E-8ACE-4F33-9E85-F32CED622614}.Debug|Mixed Platforms.ActiveCfg = Debug|Any CPU
		{B0D68D3E-8ACE-4F33-9E85-F32CED622614}.Debug|Mixed Platforms.Build.0 = Debug|Any CPU
		{B0D68D3E-8ACE-4F33-9E85-F32CED622614}.Debug|x64.ActiveCfg = Debug|Any CPU
		{B0D68D3E-8ACE-4F33-9E85-F32CED622614}.Debug|x86.ActiveCfg = Debug|Any CPU
		{B0D68D3E-8ACE-4F33-9E85-F32CED622614}.MonoTouch|.NET.ActiveCfg = Release|Any CPU


		{B0D68D3E-8ACE-4F33-9E85-F32CED622614}.MonoTouch|.NET.Build.0 = Release|Any CPU

		{B0D68D3E-8ACE-4F33-9E85-F32CED622614}.MonoTouch|Any CPU.ActiveCfg = Release|Any CPU
		{B0D68D3E-8ACE-4F33-9E85-F32CED622614}.MonoTouch|Any CPU.Build.0 = Release|Any CPU
		{B0D68D3E-8ACE-4F33-9E85-F32CED622614}.MonoTouch|Mixed Platforms.ActiveCfg = Release|Any CPU
		{B0D68D3E-8ACE-4F33-9E85-F32CED622614}.MonoTouch|Mixed Platforms.Build.0 = Release|Any CPU
		{B0D68D3E-8ACE-4F33-9E85-F32CED622614}.MonoTouch|x64.ActiveCfg = Release|Any CPU
		{B0D68D3E-8ACE-4F33-9E85-F32CED622614}.MonoTouch|x86.ActiveCfg = Release|Any CPU
		{B0D68D3E-8ACE-4F33-9E85-F32CED622614}.Net20|.NET.ActiveCfg = Release|Any CPU

		{B0D68D3E-8ACE-4F33-9E85-F32CED622614}.Net20|Any CPU.ActiveCfg = Release|Any CPU

		{B0D68D3E-8ACE-4F33-9E85-F32CED622614}.Net20|.NET.Build.0 = Release|Any CPU
		{B0D68D3E-8ACE-4F33-9E85-F32CED622614}.Net20|Any CPU.ActiveCfg = Release|Any CPU
		{B0D68D3E-8ACE-4F33-9E85-F32CED622614}.Net20|Any CPU.Build.0 = Release|Any CPU

		{B0D68D3E-8ACE-4F33-9E85-F32CED622614}.Net20|Mixed Platforms.ActiveCfg = Release|Any CPU
		{B0D68D3E-8ACE-4F33-9E85-F32CED622614}.Net20|x64.ActiveCfg = Release|Any CPU
		{B0D68D3E-8ACE-4F33-9E85-F32CED622614}.Net20|x86.ActiveCfg = Release|Any CPU
		{B0D68D3E-8ACE-4F33-9E85-F32CED622614}.Profile|.NET.ActiveCfg = Release|Any CPU
		{B0D68D3E-8ACE-4F33-9E85-F32CED622614}.Profile|Any CPU.ActiveCfg = Release|Any CPU


		{B0D68D3E-8ACE-4F33-9E85-F32CED622614}.Profile|Any CPU.Build.0 = Release|Any CPU

		{B0D68D3E-8ACE-4F33-9E85-F32CED622614}.Profile|Mixed Platforms.ActiveCfg = Release|Any CPU
		{B0D68D3E-8ACE-4F33-9E85-F32CED622614}.Profile|x64.ActiveCfg = Release|Any CPU
		{B0D68D3E-8ACE-4F33-9E85-F32CED622614}.Profile|x86.ActiveCfg = Release|Any CPU
		{B0D68D3E-8ACE-4F33-9E85-F32CED622614}.Release|.NET.ActiveCfg = Release|Any CPU


		{B0D68D3E-8ACE-4F33-9E85-F32CED622614}.Release|.NET.Build.0 = Release|Any CPU

		{B0D68D3E-8ACE-4F33-9E85-F32CED622614}.Release|Any CPU.ActiveCfg = Release|Any CPU
		{B0D68D3E-8ACE-4F33-9E85-F32CED622614}.Release|Any CPU.Build.0 = Release|Any CPU
		{B0D68D3E-8ACE-4F33-9E85-F32CED622614}.Release|Mixed Platforms.ActiveCfg = Release|Any CPU
		{B0D68D3E-8ACE-4F33-9E85-F32CED622614}.Release|Mixed Platforms.Build.0 = Release|Any CPU
		{B0D68D3E-8ACE-4F33-9E85-F32CED622614}.Release|x64.ActiveCfg = Release|Any CPU
		{B0D68D3E-8ACE-4F33-9E85-F32CED622614}.Release|x86.ActiveCfg = Release|Any CPU
		{B0D68D3E-8ACE-4F33-9E85-F32CED622614}.Silverlight2|.NET.ActiveCfg = Release|Any CPU
		{B0D68D3E-8ACE-4F33-9E85-F32CED622614}.Silverlight2|Any CPU.ActiveCfg = Release|Any CPU
		{B0D68D3E-8ACE-4F33-9E85-F32CED622614}.Silverlight2|Mixed Platforms.ActiveCfg = Release|Any CPU
		{B0D68D3E-8ACE-4F33-9E85-F32CED622614}.Silverlight2|x64.ActiveCfg = Release|Any CPU
		{B0D68D3E-8ACE-4F33-9E85-F32CED622614}.Silverlight2|x86.ActiveCfg = Release|Any CPU
		{B0D68D3E-8ACE-4F33-9E85-F32CED622614}.STATIC_ONLY NO_EXPRESSIONS|.NET.ActiveCfg = Release|Any CPU
		{B0D68D3E-8ACE-4F33-9E85-F32CED622614}.STATIC_ONLY NO_EXPRESSIONS|Any CPU.ActiveCfg = Release|Any CPU
		{B0D68D3E-8ACE-4F33-9E85-F32CED622614}.STATIC_ONLY NO_EXPRESSIONS|Any CPU.Build.0 = Release|Any CPU
		{B0D68D3E-8ACE-4F33-9E85-F32CED622614}.STATIC_ONLY NO_EXPRESSIONS|Mixed Platforms.ActiveCfg = Release|Any CPU
		{B0D68D3E-8ACE-4F33-9E85-F32CED622614}.STATIC_ONLY NO_EXPRESSIONS|Mixed Platforms.Build.0 = Release|Any CPU
		{B0D68D3E-8ACE-4F33-9E85-F32CED622614}.STATIC_ONLY NO_EXPRESSIONS|x64.ActiveCfg = Release|Any CPU
		{B0D68D3E-8ACE-4F33-9E85-F32CED622614}.STATIC_ONLY NO_EXPRESSIONS|x86.ActiveCfg = Release|Any CPU
		{C9FAE033-6205-4F31-BEE9-028FB867F516}.DEBUG MONO|.NET.ActiveCfg = Debug|Any CPU
		{C9FAE033-6205-4F31-BEE9-028FB867F516}.DEBUG MONO|.NET.Build.0 = Debug|Any CPU
		{C9FAE033-6205-4F31-BEE9-028FB867F516}.DEBUG MONO|Any CPU.ActiveCfg = Debug|Any CPU
		{C9FAE033-6205-4F31-BEE9-028FB867F516}.DEBUG MONO|Any CPU.Build.0 = Debug|Any CPU
		{C9FAE033-6205-4F31-BEE9-028FB867F516}.DEBUG MONO|Mixed Platforms.ActiveCfg = Debug|Any CPU
		{C9FAE033-6205-4F31-BEE9-028FB867F516}.DEBUG MONO|Mixed Platforms.Build.0 = Debug|Any CPU
		{C9FAE033-6205-4F31-BEE9-028FB867F516}.DEBUG MONO|x64.ActiveCfg = Debug|Any CPU
		{C9FAE033-6205-4F31-BEE9-028FB867F516}.DEBUG MONO|x86.ActiveCfg = Debug|Any CPU
		{C9FAE033-6205-4F31-BEE9-028FB867F516}.Debug|.NET.ActiveCfg = Debug|Any CPU
		{C9FAE033-6205-4F31-BEE9-028FB867F516}.Debug|Any CPU.ActiveCfg = Debug|Any CPU
		{C9FAE033-6205-4F31-BEE9-028FB867F516}.Debug|Any CPU.Build.0 = Debug|Any CPU
		{C9FAE033-6205-4F31-BEE9-028FB867F516}.Debug|Mixed Platforms.ActiveCfg = Debug|Any CPU
		{C9FAE033-6205-4F31-BEE9-028FB867F516}.Debug|Mixed Platforms.Build.0 = Debug|Any CPU
		{C9FAE033-6205-4F31-BEE9-028FB867F516}.Debug|x64.ActiveCfg = Debug|Any CPU
		{C9FAE033-6205-4F31-BEE9-028FB867F516}.Debug|x86.ActiveCfg = Debug|Any CPU
		{C9FAE033-6205-4F31-BEE9-028FB867F516}.MonoTouch|.NET.ActiveCfg = Release|Any CPU
		{C9FAE033-6205-4F31-BEE9-028FB867F516}.MonoTouch|.NET.Build.0 = Release|Any CPU
		{C9FAE033-6205-4F31-BEE9-028FB867F516}.MonoTouch|Any CPU.ActiveCfg = Release|Any CPU
		{C9FAE033-6205-4F31-BEE9-028FB867F516}.MonoTouch|Any CPU.Build.0 = Release|Any CPU
		{C9FAE033-6205-4F31-BEE9-028FB867F516}.MonoTouch|Mixed Platforms.ActiveCfg = Release|Any CPU
		{C9FAE033-6205-4F31-BEE9-028FB867F516}.MonoTouch|Mixed Platforms.Build.0 = Release|Any CPU
		{C9FAE033-6205-4F31-BEE9-028FB867F516}.MonoTouch|x64.ActiveCfg = Release|Any CPU
		{C9FAE033-6205-4F31-BEE9-028FB867F516}.MonoTouch|x86.ActiveCfg = Release|Any CPU
		{C9FAE033-6205-4F31-BEE9-028FB867F516}.Net20|.NET.ActiveCfg = Release|Any CPU
		{C9FAE033-6205-4F31-BEE9-028FB867F516}.Net20|.NET.Build.0 = Release|Any CPU
		{C9FAE033-6205-4F31-BEE9-028FB867F516}.Net20|Any CPU.ActiveCfg = Release|Any CPU
		{C9FAE033-6205-4F31-BEE9-028FB867F516}.Net20|Any CPU.Build.0 = Release|Any CPU
		{C9FAE033-6205-4F31-BEE9-028FB867F516}.Net20|Mixed Platforms.ActiveCfg = Release|Any CPU
		{C9FAE033-6205-4F31-BEE9-028FB867F516}.Net20|Mixed Platforms.Build.0 = Release|Any CPU
		{C9FAE033-6205-4F31-BEE9-028FB867F516}.Net20|x64.ActiveCfg = Release|Any CPU
		{C9FAE033-6205-4F31-BEE9-028FB867F516}.Net20|x86.ActiveCfg = Release|Any CPU
		{C9FAE033-6205-4F31-BEE9-028FB867F516}.Profile|.NET.ActiveCfg = Release|Any CPU
		{C9FAE033-6205-4F31-BEE9-028FB867F516}.Profile|Any CPU.ActiveCfg = Release|Any CPU
		{C9FAE033-6205-4F31-BEE9-028FB867F516}.Profile|Any CPU.Build.0 = Release|Any CPU
		{C9FAE033-6205-4F31-BEE9-028FB867F516}.Profile|Mixed Platforms.ActiveCfg = Release|Any CPU
		{C9FAE033-6205-4F31-BEE9-028FB867F516}.Profile|Mixed Platforms.Build.0 = Release|Any CPU
		{C9FAE033-6205-4F31-BEE9-028FB867F516}.Profile|x64.ActiveCfg = Release|Any CPU
		{C9FAE033-6205-4F31-BEE9-028FB867F516}.Profile|x86.ActiveCfg = Release|Any CPU
		{C9FAE033-6205-4F31-BEE9-028FB867F516}.Release|.NET.ActiveCfg = Release|Any CPU
		{C9FAE033-6205-4F31-BEE9-028FB867F516}.Release|.NET.Build.0 = Release|Any CPU
		{C9FAE033-6205-4F31-BEE9-028FB867F516}.Release|Any CPU.ActiveCfg = Release|Any CPU
		{C9FAE033-6205-4F31-BEE9-028FB867F516}.Release|Any CPU.Build.0 = Release|Any CPU
		{C9FAE033-6205-4F31-BEE9-028FB867F516}.Release|Mixed Platforms.ActiveCfg = Release|Any CPU
		{C9FAE033-6205-4F31-BEE9-028FB867F516}.Release|Mixed Platforms.Build.0 = Release|Any CPU
		{C9FAE033-6205-4F31-BEE9-028FB867F516}.Release|x64.ActiveCfg = Release|Any CPU
		{C9FAE033-6205-4F31-BEE9-028FB867F516}.Release|x86.ActiveCfg = Release|Any CPU
		{C9FAE033-6205-4F31-BEE9-028FB867F516}.Silverlight2|.NET.ActiveCfg = Release|Any CPU
		{C9FAE033-6205-4F31-BEE9-028FB867F516}.Silverlight2|Any CPU.ActiveCfg = Release|Any CPU
		{C9FAE033-6205-4F31-BEE9-028FB867F516}.Silverlight2|Any CPU.Build.0 = Release|Any CPU
		{C9FAE033-6205-4F31-BEE9-028FB867F516}.Silverlight2|Mixed Platforms.ActiveCfg = Release|Any CPU
		{C9FAE033-6205-4F31-BEE9-028FB867F516}.Silverlight2|Mixed Platforms.Build.0 = Release|Any CPU
		{C9FAE033-6205-4F31-BEE9-028FB867F516}.Silverlight2|x64.ActiveCfg = Release|Any CPU
		{C9FAE033-6205-4F31-BEE9-028FB867F516}.Silverlight2|x86.ActiveCfg = Release|Any CPU
		{C9FAE033-6205-4F31-BEE9-028FB867F516}.STATIC_ONLY NO_EXPRESSIONS|.NET.ActiveCfg = Release|Any CPU
		{C9FAE033-6205-4F31-BEE9-028FB867F516}.STATIC_ONLY NO_EXPRESSIONS|Any CPU.ActiveCfg = Release|Any CPU
		{C9FAE033-6205-4F31-BEE9-028FB867F516}.STATIC_ONLY NO_EXPRESSIONS|Any CPU.Build.0 = Release|Any CPU
		{C9FAE033-6205-4F31-BEE9-028FB867F516}.STATIC_ONLY NO_EXPRESSIONS|Mixed Platforms.ActiveCfg = Release|Any CPU
		{C9FAE033-6205-4F31-BEE9-028FB867F516}.STATIC_ONLY NO_EXPRESSIONS|Mixed Platforms.Build.0 = Release|Any CPU
		{C9FAE033-6205-4F31-BEE9-028FB867F516}.STATIC_ONLY NO_EXPRESSIONS|x64.ActiveCfg = Release|Any CPU
		{C9FAE033-6205-4F31-BEE9-028FB867F516}.STATIC_ONLY NO_EXPRESSIONS|x86.ActiveCfg = Release|Any CPU
		{CAE57117-5177-4523-AB3D-40294E8A6553}.DEBUG MONO|.NET.ActiveCfg = Debug|Any CPU


		{CAE57117-5177-4523-AB3D-40294E8A6553}.DEBUG MONO|.NET.Build.0 = Debug|Any CPU

		{CAE57117-5177-4523-AB3D-40294E8A6553}.DEBUG MONO|Any CPU.ActiveCfg = Debug|Any CPU
		{CAE57117-5177-4523-AB3D-40294E8A6553}.DEBUG MONO|Any CPU.Build.0 = Debug|Any CPU
		{CAE57117-5177-4523-AB3D-40294E8A6553}.DEBUG MONO|Mixed Platforms.ActiveCfg = Debug|Any CPU
		{CAE57117-5177-4523-AB3D-40294E8A6553}.DEBUG MONO|Mixed Platforms.Build.0 = Debug|Any CPU
		{CAE57117-5177-4523-AB3D-40294E8A6553}.DEBUG MONO|x64.ActiveCfg = Debug|Any CPU
		{CAE57117-5177-4523-AB3D-40294E8A6553}.DEBUG MONO|x86.ActiveCfg = Debug|Any CPU
		{CAE57117-5177-4523-AB3D-40294E8A6553}.Debug|.NET.ActiveCfg = Debug|Any CPU
		{CAE57117-5177-4523-AB3D-40294E8A6553}.Debug|Any CPU.ActiveCfg = Debug|Any CPU
		{CAE57117-5177-4523-AB3D-40294E8A6553}.Debug|Any CPU.Build.0 = Debug|Any CPU
		{CAE57117-5177-4523-AB3D-40294E8A6553}.Debug|Mixed Platforms.ActiveCfg = Debug|Any CPU
		{CAE57117-5177-4523-AB3D-40294E8A6553}.Debug|Mixed Platforms.Build.0 = Debug|Any CPU
		{CAE57117-5177-4523-AB3D-40294E8A6553}.Debug|x64.ActiveCfg = Debug|Any CPU
		{CAE57117-5177-4523-AB3D-40294E8A6553}.Debug|x86.ActiveCfg = Debug|Any CPU
		{CAE57117-5177-4523-AB3D-40294E8A6553}.MonoTouch|.NET.ActiveCfg = Release|Any CPU


		{CAE57117-5177-4523-AB3D-40294E8A6553}.MonoTouch|.NET.Build.0 = Release|Any CPU

		{CAE57117-5177-4523-AB3D-40294E8A6553}.MonoTouch|Any CPU.ActiveCfg = Release|Any CPU
		{CAE57117-5177-4523-AB3D-40294E8A6553}.MonoTouch|Any CPU.Build.0 = Release|Any CPU
		{CAE57117-5177-4523-AB3D-40294E8A6553}.MonoTouch|Mixed Platforms.ActiveCfg = Release|Any CPU
		{CAE57117-5177-4523-AB3D-40294E8A6553}.MonoTouch|Mixed Platforms.Build.0 = Release|Any CPU
		{CAE57117-5177-4523-AB3D-40294E8A6553}.MonoTouch|x64.ActiveCfg = Release|Any CPU
		{CAE57117-5177-4523-AB3D-40294E8A6553}.MonoTouch|x86.ActiveCfg = Release|Any CPU
		{CAE57117-5177-4523-AB3D-40294E8A6553}.Net20|.NET.ActiveCfg = Release|Any CPU


		{CAE57117-5177-4523-AB3D-40294E8A6553}.Net20|.NET.Build.0 = Release|Any CPU

		{CAE57117-5177-4523-AB3D-40294E8A6553}.Net20|Any CPU.ActiveCfg = Release|Any CPU
		{CAE57117-5177-4523-AB3D-40294E8A6553}.Net20|Any CPU.Build.0 = Release|Any CPU
		{CAE57117-5177-4523-AB3D-40294E8A6553}.Net20|Mixed Platforms.ActiveCfg = Release|Any CPU
		{CAE57117-5177-4523-AB3D-40294E8A6553}.Net20|Mixed Platforms.Build.0 = Release|Any CPU
		{CAE57117-5177-4523-AB3D-40294E8A6553}.Net20|x64.ActiveCfg = Release|Any CPU
		{CAE57117-5177-4523-AB3D-40294E8A6553}.Net20|x86.ActiveCfg = Release|Any CPU
		{CAE57117-5177-4523-AB3D-40294E8A6553}.Profile|.NET.ActiveCfg = Release|Any CPU
		{CAE57117-5177-4523-AB3D-40294E8A6553}.Profile|Any CPU.ActiveCfg = Release|Any CPU
		{CAE57117-5177-4523-AB3D-40294E8A6553}.Profile|Any CPU.Build.0 = Release|Any CPU
		{CAE57117-5177-4523-AB3D-40294E8A6553}.Profile|Mixed Platforms.ActiveCfg = Release|Any CPU
		{CAE57117-5177-4523-AB3D-40294E8A6553}.Profile|Mixed Platforms.Build.0 = Release|Any CPU
		{CAE57117-5177-4523-AB3D-40294E8A6553}.Profile|x64.ActiveCfg = Release|Any CPU
		{CAE57117-5177-4523-AB3D-40294E8A6553}.Profile|x86.ActiveCfg = Release|Any CPU
		{CAE57117-5177-4523-AB3D-40294E8A6553}.Release|.NET.ActiveCfg = Release|Any CPU


		{CAE57117-5177-4523-AB3D-40294E8A6553}.Release|.NET.Build.0 = Release|Any CPU

		{CAE57117-5177-4523-AB3D-40294E8A6553}.Release|Any CPU.ActiveCfg = Release|Any CPU
		{CAE57117-5177-4523-AB3D-40294E8A6553}.Release|Any CPU.Build.0 = Release|Any CPU
		{CAE57117-5177-4523-AB3D-40294E8A6553}.Release|Mixed Platforms.ActiveCfg = Release|Any CPU
		{CAE57117-5177-4523-AB3D-40294E8A6553}.Release|Mixed Platforms.Build.0 = Release|Any CPU
		{CAE57117-5177-4523-AB3D-40294E8A6553}.Release|x64.ActiveCfg = Release|Any CPU
		{CAE57117-5177-4523-AB3D-40294E8A6553}.Release|x86.ActiveCfg = Release|Any CPU
		{CAE57117-5177-4523-AB3D-40294E8A6553}.Silverlight2|.NET.ActiveCfg = Release|Any CPU
		{CAE57117-5177-4523-AB3D-40294E8A6553}.Silverlight2|Any CPU.ActiveCfg = Release|Any CPU
		{CAE57117-5177-4523-AB3D-40294E8A6553}.Silverlight2|Any CPU.Build.0 = Release|Any CPU
		{CAE57117-5177-4523-AB3D-40294E8A6553}.Silverlight2|Mixed Platforms.ActiveCfg = Release|Any CPU
		{CAE57117-5177-4523-AB3D-40294E8A6553}.Silverlight2|Mixed Platforms.Build.0 = Release|Any CPU
		{CAE57117-5177-4523-AB3D-40294E8A6553}.Silverlight2|x64.ActiveCfg = Release|Any CPU
		{CAE57117-5177-4523-AB3D-40294E8A6553}.Silverlight2|x86.ActiveCfg = Release|Any CPU
		{CAE57117-5177-4523-AB3D-40294E8A6553}.STATIC_ONLY NO_EXPRESSIONS|.NET.ActiveCfg = Release|Any CPU
		{CAE57117-5177-4523-AB3D-40294E8A6553}.STATIC_ONLY NO_EXPRESSIONS|Any CPU.ActiveCfg = Release|Any CPU
		{CAE57117-5177-4523-AB3D-40294E8A6553}.STATIC_ONLY NO_EXPRESSIONS|Any CPU.Build.0 = Release|Any CPU
		{CAE57117-5177-4523-AB3D-40294E8A6553}.STATIC_ONLY NO_EXPRESSIONS|Mixed Platforms.ActiveCfg = Release|Any CPU
		{CAE57117-5177-4523-AB3D-40294E8A6553}.STATIC_ONLY NO_EXPRESSIONS|Mixed Platforms.Build.0 = Release|Any CPU
		{CAE57117-5177-4523-AB3D-40294E8A6553}.STATIC_ONLY NO_EXPRESSIONS|x64.ActiveCfg = Release|Any CPU
		{CAE57117-5177-4523-AB3D-40294E8A6553}.STATIC_ONLY NO_EXPRESSIONS|x86.ActiveCfg = Release|Any CPU
	EndGlobalSection
	GlobalSection(NestedProjects) = preSolution
		{091EC796-27A0-4EDF-9286-B7ABF7981769} = {F1F95B93-D924-43D3-9535-2106180B9BFE}
		{058E925F-6FD0-4FAF-AA97-22D48D62923E} = {F1F95B93-D924-43D3-9535-2106180B9BFE}
		{AED10FB5-FA04-4C28-9BF4-26C2278175E7} = {F1F95B93-D924-43D3-9535-2106180B9BFE}
		{5C9AF3AF-8B80-41FB-8407-747CB0FE4144} = {F1F95B93-D924-43D3-9535-2106180B9BFE}
		{2F4C9647-CD65-4DBF-A1D0-4127902E2097} = {F1F95B93-D924-43D3-9535-2106180B9BFE}
		{9ADF199C-BEED-4673-8BB0-EE9C1C7FB826} = {F1F95B93-D924-43D3-9535-2106180B9BFE}
		{9054928F-69AF-4448-BEC0-591BC9393AE8} = {F1F95B93-D924-43D3-9535-2106180B9BFE}
		{B0D68D3E-8ACE-4F33-9E85-F32CED622614} = {F1F95B93-D924-43D3-9535-2106180B9BFE}
		{4F34941D-B6EE-47A4-B6E8-7F8BB2A58D75} = {F1F95B93-D924-43D3-9535-2106180B9BFE}
		{CAE57117-5177-4523-AB3D-40294E8A6553} = {F1F95B93-D924-43D3-9535-2106180B9BFE}
		{C9FAE033-6205-4F31-BEE9-028FB867F516} = {F1F95B93-D924-43D3-9535-2106180B9BFE}
		{A800D9F1-D877-4076-99BA-CBD73BCFB203} = {515A26D8-9DD6-4DE9-9037-CEC02E5F0BA9}
	EndGlobalSection
	GlobalSection(MonoDevelopProperties) = preSolution
		StartupItem = Nuxleus.Command\Nuxleus.Command.csproj
		Policies = $0
		$0.DotNetNamingPolicy = $1
		$1.DirectoryNamespaceAssociation = PrefixedFlat
		$1.ResourceNamePolicy = FileFormatDefault
		$0.StandardHeader = $2

		$2.Text = 
		$2.inheritsSet = Apache2License

		$2.inheritsSet = NewBSDLicense

		$0.VersionControlPolicy = $3
		$3.inheritsSet = Mono
		$0.ChangeLogPolicy = $4
		$4.UpdateMode = ProjectRoot
		$4.VcsIntegration = RequireEntry
		$4.MessageStyle = $5
		$5.LineAlign = 0
		$4.inheritsSet = Mono
		version = 0.4.2.1
	EndGlobalSection
	GlobalSection(SolutionProperties) = preSolution
		HideSolutionNode = FALSE
	EndGlobalSection
	GlobalSection(SolutionProperties) = preSolution
		HideSolutionNode = FALSE
	EndGlobalSection
EndGlobal
