
Microsoft Visual Studio Solution File, Format Version 10.00
# Visual Studio 2008
Project("{FAE04EC0-301F-11D3-BF4B-00C04F79EFBC}") = "Nuxleus.Authentication", "Nuxleus.Authentication\Nuxleus.Authentication.csproj", "{ACE1943D-302E-4D83-8E54-4A9ABBF20D97}"
EndProject
Project("{FAE04EC0-301F-11D3-BF4B-00C04F79EFBC}") = "Nuxleus.Build", "Nuxleus.Build\Nuxleus.Build.csproj", "{A605AE3C-C79F-43F4-8979-2624544DFC84}"
EndProject
Project("{FAE04EC0-301F-11D3-BF4B-00C04F79EFBC}") = "Nuxleus.Command", "Nuxleus.Command\Nuxleus.Command.csproj", "{091EC796-27A0-4EDF-9286-B7ABF7981769}"
EndProject
Project("{FAE04EC0-301F-11D3-BF4B-00C04F79EFBC}") = "Nuxleus.Configuration", "Nuxleus.Configuration\Nuxleus.Configuration.csproj", "{0FFD8B77-2852-4CB0-9B85-29424C40FC44}"
EndProject
Project("{FAE04EC0-301F-11D3-BF4B-00C04F79EFBC}") = "Nuxleus.Cryptography", "Nuxleus.Cryptography\Nuxleus.Cryptography.csproj", "{76489AFC-B3D6-40E4-AA45-840D069E4F43}"
EndProject
Project("{FAE04EC0-301F-11D3-BF4B-00C04F79EFBC}") = "Nuxleus.Entity", "Nuxleus.Entity\Nuxleus.Entity.csproj", "{511566A4-21DC-45E3-A3F8-84763000C72E}"
EndProject
Project("{FAE04EC0-301F-11D3-BF4B-00C04F79EFBC}") = "Nuxleus.Extension", "Nuxleus.Extension\Nuxleus.Extension.csproj", "{3EC9EEB0-71CA-4F71-BF8E-AAF0365D4234}"
EndProject
Project("{FAE04EC0-301F-11D3-BF4B-00C04F79EFBC}") = "Nuxleus.Extension.Amp.Fm", "Nuxleus.Extension.Amp.Fm\Nuxleus.Extension.Amp.Fm.csproj", "{284A2E2B-6FD6-4650-A001-AC9D64D31EBF}"
EndProject
Project("{FAE04EC0-301F-11D3-BF4B-00C04F79EFBC}") = "Nuxleus.Extension.Aws", "Nuxleus.Extension.Aws\Nuxleus.Extension.Aws.csproj", "{058E925F-6FD0-4FAF-AA97-22D48D62923E}"
EndProject
Project("{FAE04EC0-301F-11D3-BF4B-00C04F79EFBC}") = "Nuxleus.Extension.Community", "Nuxleus.Extension.Community\Nuxleus.Extension.Community.csproj", "{E93FCC90-2594-45FF-9B5F-407ECB3E7939}"
EndProject
Project("{FAE04EC0-301F-11D3-BF4B-00C04F79EFBC}") = "Nuxleus.Extension.Facebook", "Nuxleus.Extension.Facebook\Nuxleus.Extension.Facebook.csproj", "{57859464-D977-4E77-89D9-6296DF953143}"
EndProject
Project("{FAE04EC0-301F-11D3-BF4B-00C04F79EFBC}") = "Nuxleus.Extension.Silverlight", "Nuxleus.Extension.Silverlight\Nuxleus.Extension.Silverlight.csproj", "{BF27BEF5-350C-4361-A58F-0C73D1D47CBC}"
EndProject
Project("{FAE04EC0-301F-11D3-BF4B-00C04F79EFBC}") = "Nuxleus.IO", "Nuxleus.IO\Nuxleus.IO.csproj", "{76B51906-3D94-412F-B943-84CD2A41AE11}"
EndProject
Project("{FAE04EC0-301F-11D3-BF4B-00C04F79EFBC}") = "Nuxleus.Language", "Nuxleus.Language\Nuxleus.Language.csproj", "{373A5DB1-4098-4DAB-971D-EAEF59F9B3CC}"
EndProject
Project("{FAE04EC0-301F-11D3-BF4B-00C04F79EFBC}") = "Nuxleus.Logging", "Nuxleus.Logging\Nuxleus.Logging.csproj", "{54C0DC78-3BF7-4DCF-BEA0-25E757B8BDC1}"
EndProject
Project("{FAE04EC0-301F-11D3-BF4B-00C04F79EFBC}") = "Nuxleus.Messaging", "Nuxleus.Messaging\Nuxleus.Messaging.csproj", "{AED10FB5-FA04-4C28-9BF4-26C2278175E7}"
EndProject
Project("{FAE04EC0-301F-11D3-BF4B-00C04F79EFBC}") = "Nuxleus.Process", "Nuxleus.Process\Nuxleus.Process.csproj", "{62B71546-D55D-4B35-9D84-CDF8ED555E52}"
EndProject
Project("{FAE04EC0-301F-11D3-BF4B-00C04F79EFBC}") = "Nuxleus.PubSub", "Nuxleus.PubSub\Nuxleus.PubSub.csproj", "{5C9AF3AF-8B80-41FB-8407-747CB0FE4144}"
EndProject
Project("{FAE04EC0-301F-11D3-BF4B-00C04F79EFBC}") = "Nuxleus.Semantics", "Nuxleus.Semantics\Nuxleus.Semantics.csproj", "{974C6733-57CB-4474-B773-E14E701FE3EA}"
EndProject
Project("{FAE04EC0-301F-11D3-BF4B-00C04F79EFBC}") = "Nuxleus.Service", "Nuxleus.Service\Nuxleus.Service.csproj", "{2F4C9647-CD65-4DBF-A1D0-4127902E2097}"
EndProject
Project("{FAE04EC0-301F-11D3-BF4B-00C04F79EFBC}") = "Nuxleus.Utility", "Nuxleus.Utility\Nuxleus.Utility.csproj", "{3D54F988-AF1D-4B5C-A013-C85525926692}"
EndProject
Project("{FAE04EC0-301F-11D3-BF4B-00C04F79EFBC}") = "Nuxleus.Vendor", "Nuxleus.Vendor\Nuxleus.Vendor.csproj", "{350B7FF7-7D9E-486C-986C-1772E9672A88}"
EndProject
Project("{FAE04EC0-301F-11D3-BF4B-00C04F79EFBC}") = "Nuxleus.Web", "Nuxleus.Web\Nuxleus.Web.csproj", "{9ADF199C-BEED-4673-8BB0-EE9C1C7FB826}"
EndProject
Project("{FAE04EC0-301F-11D3-BF4B-00C04F79EFBC}") = "Nuxleus.Web.Services", "Nuxleus.Web.Services\Nuxleus.Web.Services.csproj", "{1CCD9440-9E26-4731-8F89-224690867EB2}"
EndProject
Project("{FAE04EC0-301F-11D3-BF4B-00C04F79EFBC}") = "XSP", "XSP\XSP.csproj", "{B5AB69BA-2B93-4850-9DA0-302D257B154B}"
EndProject
Project("{FAE04EC0-301F-11D3-BF4B-00C04F79EFBC}") = "FileSystemWatcher", "ConsoleApps\FileSystemWatcher\FileSystemWatcher.csproj", "{64C1203C-1912-4FE0-BA73-01BA2B0758E4}"
EndProject
Project("{FAE04EC0-301F-11D3-BF4B-00C04F79EFBC}") = "ReplicationService", "ServiceApps\ReplicationService\ReplicationService.csproj", "{DC9DABBE-3A78-4847-A494-73970802E651}"
EndProject
Project("{FAE04EC0-301F-11D3-BF4B-00C04F79EFBC}") = "ALAZ.SystemEx", "Dependencies\ALAZ\Source\ALAZ.SystemEx\ALAZ.SystemEx.csproj", "{FA1EF4FC-2FC7-4B29-9EAB-2872593C89E2}"
EndProject
Project("{FAE04EC0-301F-11D3-BF4B-00C04F79EFBC}") = "ALAZ.SystemEx.NetEx", "Dependencies\ALAZ\Source\ALAZ.SystemEx.NetEx\ALAZ.SystemEx.NetEx.csproj", "{25162422-3B32-4FB3-8A99-6BCFBE30D9AE}"
EndProject
Project("{FAE04EC0-301F-11D3-BF4B-00C04F79EFBC}") = "Nuxleus.Agent", "Nuxleus.Agent\Nuxleus.Agent.csproj", "{C556BDDD-DF33-4C40-AC9B-3AE90FC214DA}"
EndProject
Project("{FAE04EC0-301F-11D3-BF4B-00C04F79EFBC}") = "QueueServerService", "ServiceApps\QueueServerService\QueueServerService.csproj", "{F111D421-9E38-4886-86B3-6B4B451B1DC3}"
EndProject
Project("{FAE04EC0-301F-11D3-BF4B-00C04F79EFBC}") = "LLUPSubscriber", "ServiceApps\LLUP\LLUPService\LLUPSubscriber.csproj", "{553B0CDC-03B1-49BD-91A7-160706A22E38}"
EndProject
Project("{FAE04EC0-301F-11D3-BF4B-00C04F79EFBC}") = "LLUPPublisher", "ServiceApps\LLUP\LLUPPublisher\LLUPPublisher.csproj", "{52B25872-F838-4B15-B328-9231C7CDD28A}"
EndProject
Project("{FAE04EC0-301F-11D3-BF4B-00C04F79EFBC}") = "LLUPRouter", "ServiceApps\LLUP\LLUPRouter\LLUPRouter.csproj", "{43FCD075-8EA9-4C11-8EAF-A43A2F652CAD}"
EndProject
Project("{FAE04EC0-301F-11D3-BF4B-00C04F79EFBC}") = "Nuxleus.Synchronization", "Nuxleus.Synchronization\Nuxleus.Synchronization.csproj", "{D8A43A2C-20D4-4017-80B8-2BBE122D9717}"
EndProject
Project("{FAE04EC0-301F-11D3-BF4B-00C04F79EFBC}") = "Nuxleus.Geo", "Nuxleus.Geo\Nuxleus.Geo.csproj", "{9054928F-69AF-4448-BEC0-591BC9393AE8}"
EndProject
Project("{FAE04EC0-301F-11D3-BF4B-00C04F79EFBC}") = "Nuxleus.Extension.Aws.Sdb", "Nuxleus.Extension.Aws.Sdb\Nuxleus.Extension.Aws.Sdb.csproj", "{1B652675-CFC9-43C5-9C72-938B42EB317F}"
EndProject
Project("{FAE04EC0-301F-11D3-BF4B-00C04F79EFBC}") = "AwsSdb_Test", "CodeSamples\AwsSdb_Test\AwsSdb_Test.csproj", "{5118D25C-E367-43E1-9F27-F17CBE059D64}"
EndProject
Project("{FAE04EC0-301F-11D3-BF4B-00C04F79EFBC}") = "AwsSdb_LoadGeoLatLong-Csv", "CodeSamples\AwsSdb_LoadGeoLatLong-Csv\AwsSdb_LoadGeoLatLong-Csv.csproj", "{CD97849B-E50C-46B1-8A29-74E1933F85EE}"
EndProject
Project("{FAE04EC0-301F-11D3-BF4B-00C04F79EFBC}") = "AwsSdb_LoadGeonamesDataFile", "CodeSamples\AwsSdb_LoadGeonamesDataFile\AwsSdb_LoadGeonamesDataFile.csproj", "{140BEE82-800C-4D3C-A4C0-1F3CEC9361A6}"
EndProject
Project("{FAE04EC0-301F-11D3-BF4B-00C04F79EFBC}") = "Nuxleus.Profile", "Nuxleus.Profile\Nuxleus.Profile.csproj", "{25F7447A-1098-4176-AF19-91B8E2D6796B}"
EndProject
Project("{FAE04EC0-301F-11D3-BF4B-00C04F79EFBC}") = "AgentAsyncRequestResponseTest", "CodeSamples\AgentAsyncRequestResponseTest\AgentAsyncRequestResponseTest.csproj", "{2199838C-001B-4287-A7FA-4E927305CC2A}"
EndProject
Project("{FAE04EC0-301F-11D3-BF4B-00C04F79EFBC}") = "Nuxleus.MetaData", "Nuxleus.MetaData\Nuxleus.MetaData.csproj", "{82ACAECC-C5E3-470D-91C4-9F6C43CCC1CC}"
EndProject
Project("{FAE04EC0-301F-11D3-BF4B-00C04F79EFBC}") = "HttpGetAsyncResponse_Test", "CodeSamples\HttpGetAsyncResponse_Test\HttpGetAsyncResponse_Test.csproj", "{A128AED6-F1C8-4D86-A22B-97EB0D892C70}"
EndProject
Project("{FAE04EC0-301F-11D3-BF4B-00C04F79EFBC}") = "Nuxleus.Extension.Linq", "Nuxleus.Extension.Linq\Nuxleus.Extension.Linq.csproj", "{D937BA9E-1E6C-4757-98CC-7D932F4697B0}"
EndProject
Project("{FAE04EC0-301F-11D3-BF4B-00C04F79EFBC}") = "HttpGetRequestAsyncWorkflow_Test", "CodeSamples\HttpGetRequestAsyncWorkflow_Test\HttpGetRequestAsyncWorkflow_Test.csproj", "{C09BBBAE-2874-4168-874C-D3C9E780B6FE}"
EndProject
Project("{FAE04EC0-301F-11D3-BF4B-00C04F79EFBC}") = "Nuxleus.Drawing", "Nuxleus.Drawing\Nuxleus.Drawing.csproj", "{13FADE77-14DD-4F14-A52E-63AE71DB1756}"
EndProject
Project("{FAE04EC0-301F-11D3-BF4B-00C04F79EFBC}") = "Nuxleus.Extension.MySpace", "Nuxleus.Extension.MySpace\Nuxleus.Extension.MySpace.csproj", "{1A6A1729-0B96-40A7-A4B5-6DADE71682B3}"
EndProject
Project("{FAE04EC0-301F-11D3-BF4B-00C04F79EFBC}") = "Enyim.Caching", "Dependencies\Vendor\Enyim.Caching\Enyim.Caching\Enyim.Caching.csproj", "{D438C0B3-A168-40B8-BDDD-61F0939DFF35}"
EndProject
Project("{FAE04EC0-301F-11D3-BF4B-00C04F79EFBC}") = "SgmlReaderDll", "Dependencies\sgmlreader-1.7.2\sgmlreaderdll\SgmlReaderDll.csproj", "{499527FF-AE52-450F-B3E3-4AD53E1712AD}"
EndProject
Project("{FAE04EC0-301F-11D3-BF4B-00C04F79EFBC}") = "SgmlReaderDll8", "Dependencies\sgmlreader-1.7.2\sgmlreaderdll\SgmlReaderDll8.csproj", "{D7BBFCCD-F523-400A-89C6-7AD879FBC56C}"
EndProject
Project("{FAE04EC0-301F-11D3-BF4B-00C04F79EFBC}") = "SgmlReaderDll71", "Dependencies\sgmlreader-1.7.2\sgmlreaderdll\SgmlReaderDll71.csproj", "{54BFAB0E-44DC-44DA-A291-3B58B4A2D304}"
EndProject
Project("{FAE04EC0-301F-11D3-BF4B-00C04F79EFBC}") = "SgmlReader8", "Dependencies\sgmlreader-1.7.2\CommandLine\SgmlReader8.csproj", "{EC508F4F-28B0-4C88-B2FA-C22C87C1532E}"
EndProject
Project("{FAE04EC0-301F-11D3-BF4B-00C04F79EFBC}") = "SgmlReader71", "Dependencies\sgmlreader-1.7.2\CommandLine\SgmlReader71.csproj", "{87A4DFC8-ABA4-4711-B3B8-2CB0EB492644}"
EndProject
Project("{FAE04EC0-301F-11D3-BF4B-00C04F79EFBC}") = "Nuxleus.Extension.Amp.Fm.LocationComplete_SoapTest", "CodeSamples\Nuxleus.Extension.Amp.Fm.LocationComplete_SoapTest\Nuxleus.Extension.Amp.Fm.LocationComplete_SoapTest.csproj", "{5D56B440-8497-4547-A684-F60580E10251}"
EndProject
Project("{FAE04EC0-301F-11D3-BF4B-00C04F79EFBC}") = "Xameleon", "Xameleon\Xameleon.csproj", "{A800D9F1-D877-4076-99BA-CBD73BCFB203}"
EndProject
Project("{FAE04EC0-301F-11D3-BF4B-00C04F79EFBC}") = "Zorba_Test", "CodeSamples\Zorba_Test\Zorba_Test.csproj", "{155A25CF-FB13-4A01-B204-BF6F56655306}"
EndProject
Project("{FAE04EC0-301F-11D3-BF4B-00C04F79EFBC}") = "SharpSSH", "Dependencies\SharpSSH-1.1.1.13.src\SharpSSH\SharpSSH.csproj", "{D27CF69D-4681-492A-BE4D-D3D209104423}"
EndProject
Project("{FAE04EC0-301F-11D3-BF4B-00C04F79EFBC}") = "Examples", "Dependencies\SharpSSH-1.1.1.13.src\Examples\Examples.csproj", "{327E25D4-D8DF-4704-ABA3-274F8E777847}"
EndProject
Project("{FAE04EC0-301F-11D3-BF4B-00C04F79EFBC}") = "SecurityServices", "Dependencies\SecurityServices-0.0.2\SecurityServices\SecurityServices.csproj", "{92268E63-E20E-4ED1-86DB-B621712F9A80}"
EndProject
Project("{FAE04EC0-301F-11D3-BF4B-00C04F79EFBC}") = "DiffieHellman", "Dependencies\DiffieHellman\DiffieHellman.csproj", "{51A5DB78-BDDF-466D-911D-FCD600413726}"
EndProject
Project("{FAE04EC0-301F-11D3-BF4B-00C04F79EFBC}") = "Nuxleus", "Nuxleus\Nuxleus.csproj", "{B0D68D3E-8ACE-4F33-9E85-F32CED622614}"
EndProject
Project("{FAE04EC0-301F-11D3-BF4B-00C04F79EFBC}") = "AwsSdbSOAP_Test", "CodeSamples\AwsSdbSOAP_Test\AwsSdbSOAP_Test.csproj", "{A1DF0E96-5699-4219-80B9-CE6EDE8599EC}"
EndProject
Project("{FAE04EC0-301F-11D3-BF4B-00C04F79EFBC}") = "Scope", "Dependencies\Scope\Scope\Scope.csproj", "{4A22EAF7-9A35-4F0E-A1CC-3D8A2DDB6830}"
EndProject
Project("{FAE04EC0-301F-11D3-BF4B-00C04F79EFBC}") = "ScopeTest", "Dependencies\Scope\ScopeTest\ScopeTest.csproj", "{A1C69CA6-2CBF-4B80-9FAC-78AFB6523B22}"
EndProject
Project("{FAE04EC0-301F-11D3-BF4B-00C04F79EFBC}") = "Loadbalancer_Test", "Loadbalancer_Test\Loadbalancer_Test.csproj", "{8B0AB3D7-981B-46C7-AD7D-8C2FADA0625D}"
EndProject
Project("{FAE04EC0-301F-11D3-BF4B-00C04F79EFBC}") = "SaxonExtensionFunction_Test", "CodeSamples\SaxonExtensionFunction_Test\SaxonExtensionFunction_Test.csproj", "{A36FBFC7-9C35-42B3-BCEE-10BA7524204C}"
EndProject
Project("{FAE04EC0-301F-11D3-BF4B-00C04F79EFBC}") = "Nuxleus.Asynchronous", "Nuxleus.Asynchronous\Nuxleus.Asynchronous.csproj", "{EDD96E5A-5BEE-4A0C-89AA-A6C9CE68C710}"
EndProject
Global
	GlobalSection(SolutionConfigurationPlatforms) = preSolution
		Debug|.NET = Debug|.NET
		Debug|Any CPU = Debug|Any CPU
		Debug|Mixed Platforms = Debug|Mixed Platforms
		Debug|x64 = Debug|x64
		Debug|x86 = Debug|x86
		Release|.NET = Release|.NET
		Release|Any CPU = Release|Any CPU
		Release|Mixed Platforms = Release|Mixed Platforms
		Release|x64 = Release|x64
		Release|x86 = Release|x86
	EndGlobalSection
	GlobalSection(ProjectConfigurationPlatforms) = postSolution
		{ACE1943D-302E-4D83-8E54-4A9ABBF20D97}.Debug|.NET.ActiveCfg = Debug|Any CPU
		{ACE1943D-302E-4D83-8E54-4A9ABBF20D97}.Debug|Any CPU.ActiveCfg = Debug|Any CPU
		{ACE1943D-302E-4D83-8E54-4A9ABBF20D97}.Debug|Any CPU.Build.0 = Debug|Any CPU
		{ACE1943D-302E-4D83-8E54-4A9ABBF20D97}.Debug|Mixed Platforms.ActiveCfg = Debug|Any CPU
		{ACE1943D-302E-4D83-8E54-4A9ABBF20D97}.Debug|Mixed Platforms.Build.0 = Debug|Any CPU
		{ACE1943D-302E-4D83-8E54-4A9ABBF20D97}.Debug|x64.ActiveCfg = Debug|Any CPU
		{ACE1943D-302E-4D83-8E54-4A9ABBF20D97}.Debug|x86.ActiveCfg = Debug|Any CPU
		{ACE1943D-302E-4D83-8E54-4A9ABBF20D97}.Release|.NET.ActiveCfg = Release|Any CPU
		{ACE1943D-302E-4D83-8E54-4A9ABBF20D97}.Release|Any CPU.ActiveCfg = Release|Any CPU
		{ACE1943D-302E-4D83-8E54-4A9ABBF20D97}.Release|Any CPU.Build.0 = Release|Any CPU
		{ACE1943D-302E-4D83-8E54-4A9ABBF20D97}.Release|Mixed Platforms.ActiveCfg = Release|Any CPU
		{ACE1943D-302E-4D83-8E54-4A9ABBF20D97}.Release|Mixed Platforms.Build.0 = Release|Any CPU
		{ACE1943D-302E-4D83-8E54-4A9ABBF20D97}.Release|x64.ActiveCfg = Release|Any CPU
		{ACE1943D-302E-4D83-8E54-4A9ABBF20D97}.Release|x86.ActiveCfg = Release|Any CPU
		{A605AE3C-C79F-43F4-8979-2624544DFC84}.Debug|.NET.ActiveCfg = Debug|Any CPU
		{A605AE3C-C79F-43F4-8979-2624544DFC84}.Debug|Any CPU.ActiveCfg = Debug|Any CPU
		{A605AE3C-C79F-43F4-8979-2624544DFC84}.Debug|Any CPU.Build.0 = Debug|Any CPU
		{A605AE3C-C79F-43F4-8979-2624544DFC84}.Debug|Mixed Platforms.ActiveCfg = Debug|Any CPU
		{A605AE3C-C79F-43F4-8979-2624544DFC84}.Debug|Mixed Platforms.Build.0 = Debug|Any CPU
		{A605AE3C-C79F-43F4-8979-2624544DFC84}.Debug|x64.ActiveCfg = Debug|Any CPU
		{A605AE3C-C79F-43F4-8979-2624544DFC84}.Debug|x86.ActiveCfg = Debug|Any CPU
		{A605AE3C-C79F-43F4-8979-2624544DFC84}.Release|.NET.ActiveCfg = Release|Any CPU
		{A605AE3C-C79F-43F4-8979-2624544DFC84}.Release|Any CPU.ActiveCfg = Release|Any CPU
		{A605AE3C-C79F-43F4-8979-2624544DFC84}.Release|Any CPU.Build.0 = Release|Any CPU
		{A605AE3C-C79F-43F4-8979-2624544DFC84}.Release|Mixed Platforms.ActiveCfg = Release|Any CPU
		{A605AE3C-C79F-43F4-8979-2624544DFC84}.Release|Mixed Platforms.Build.0 = Release|Any CPU
		{A605AE3C-C79F-43F4-8979-2624544DFC84}.Release|x64.ActiveCfg = Release|Any CPU
		{A605AE3C-C79F-43F4-8979-2624544DFC84}.Release|x86.ActiveCfg = Release|Any CPU
		{091EC796-27A0-4EDF-9286-B7ABF7981769}.Debug|.NET.ActiveCfg = Debug|Any CPU
		{091EC796-27A0-4EDF-9286-B7ABF7981769}.Debug|Any CPU.ActiveCfg = Debug|Any CPU
		{091EC796-27A0-4EDF-9286-B7ABF7981769}.Debug|Any CPU.Build.0 = Debug|Any CPU
		{091EC796-27A0-4EDF-9286-B7ABF7981769}.Debug|Mixed Platforms.ActiveCfg = Debug|Any CPU
		{091EC796-27A0-4EDF-9286-B7ABF7981769}.Debug|Mixed Platforms.Build.0 = Debug|Any CPU
		{091EC796-27A0-4EDF-9286-B7ABF7981769}.Debug|x64.ActiveCfg = Debug|Any CPU
		{091EC796-27A0-4EDF-9286-B7ABF7981769}.Debug|x86.ActiveCfg = Debug|Any CPU
		{091EC796-27A0-4EDF-9286-B7ABF7981769}.Release|.NET.ActiveCfg = Release|Any CPU
		{091EC796-27A0-4EDF-9286-B7ABF7981769}.Release|Any CPU.ActiveCfg = Release|Any CPU
		{091EC796-27A0-4EDF-9286-B7ABF7981769}.Release|Any CPU.Build.0 = Release|Any CPU
		{091EC796-27A0-4EDF-9286-B7ABF7981769}.Release|Mixed Platforms.ActiveCfg = Release|Any CPU
		{091EC796-27A0-4EDF-9286-B7ABF7981769}.Release|Mixed Platforms.Build.0 = Release|Any CPU
		{091EC796-27A0-4EDF-9286-B7ABF7981769}.Release|x64.ActiveCfg = Release|Any CPU
		{091EC796-27A0-4EDF-9286-B7ABF7981769}.Release|x86.ActiveCfg = Release|Any CPU
		{0FFD8B77-2852-4CB0-9B85-29424C40FC44}.Debug|.NET.ActiveCfg = Debug|Any CPU
		{0FFD8B77-2852-4CB0-9B85-29424C40FC44}.Debug|Any CPU.ActiveCfg = Debug|Any CPU
		{0FFD8B77-2852-4CB0-9B85-29424C40FC44}.Debug|Any CPU.Build.0 = Debug|Any CPU
		{0FFD8B77-2852-4CB0-9B85-29424C40FC44}.Debug|Mixed Platforms.ActiveCfg = Debug|Any CPU
		{0FFD8B77-2852-4CB0-9B85-29424C40FC44}.Debug|Mixed Platforms.Build.0 = Debug|Any CPU
		{0FFD8B77-2852-4CB0-9B85-29424C40FC44}.Debug|x64.ActiveCfg = Debug|Any CPU
		{0FFD8B77-2852-4CB0-9B85-29424C40FC44}.Debug|x86.ActiveCfg = Debug|Any CPU
		{0FFD8B77-2852-4CB0-9B85-29424C40FC44}.Release|.NET.ActiveCfg = Release|Any CPU
		{0FFD8B77-2852-4CB0-9B85-29424C40FC44}.Release|Any CPU.ActiveCfg = Release|Any CPU
		{0FFD8B77-2852-4CB0-9B85-29424C40FC44}.Release|Any CPU.Build.0 = Release|Any CPU
		{0FFD8B77-2852-4CB0-9B85-29424C40FC44}.Release|Mixed Platforms.ActiveCfg = Release|Any CPU
		{0FFD8B77-2852-4CB0-9B85-29424C40FC44}.Release|Mixed Platforms.Build.0 = Release|Any CPU
		{0FFD8B77-2852-4CB0-9B85-29424C40FC44}.Release|x64.ActiveCfg = Release|Any CPU
		{0FFD8B77-2852-4CB0-9B85-29424C40FC44}.Release|x86.ActiveCfg = Release|Any CPU
		{76489AFC-B3D6-40E4-AA45-840D069E4F43}.Debug|.NET.ActiveCfg = Debug|Any CPU
		{76489AFC-B3D6-40E4-AA45-840D069E4F43}.Debug|Any CPU.ActiveCfg = Debug|Any CPU
		{76489AFC-B3D6-40E4-AA45-840D069E4F43}.Debug|Any CPU.Build.0 = Debug|Any CPU
		{76489AFC-B3D6-40E4-AA45-840D069E4F43}.Debug|Mixed Platforms.ActiveCfg = Debug|Any CPU
		{76489AFC-B3D6-40E4-AA45-840D069E4F43}.Debug|Mixed Platforms.Build.0 = Debug|Any CPU
		{76489AFC-B3D6-40E4-AA45-840D069E4F43}.Debug|x64.ActiveCfg = Debug|Any CPU
		{76489AFC-B3D6-40E4-AA45-840D069E4F43}.Debug|x86.ActiveCfg = Debug|Any CPU
		{76489AFC-B3D6-40E4-AA45-840D069E4F43}.Release|.NET.ActiveCfg = Release|Any CPU
		{76489AFC-B3D6-40E4-AA45-840D069E4F43}.Release|Any CPU.ActiveCfg = Release|Any CPU
		{76489AFC-B3D6-40E4-AA45-840D069E4F43}.Release|Any CPU.Build.0 = Release|Any CPU
		{76489AFC-B3D6-40E4-AA45-840D069E4F43}.Release|Mixed Platforms.ActiveCfg = Release|Any CPU
		{76489AFC-B3D6-40E4-AA45-840D069E4F43}.Release|Mixed Platforms.Build.0 = Release|Any CPU
		{76489AFC-B3D6-40E4-AA45-840D069E4F43}.Release|x64.ActiveCfg = Release|Any CPU
		{76489AFC-B3D6-40E4-AA45-840D069E4F43}.Release|x86.ActiveCfg = Release|Any CPU
		{511566A4-21DC-45E3-A3F8-84763000C72E}.Debug|.NET.ActiveCfg = Debug|Any CPU
		{511566A4-21DC-45E3-A3F8-84763000C72E}.Debug|Any CPU.ActiveCfg = Debug|Any CPU
		{511566A4-21DC-45E3-A3F8-84763000C72E}.Debug|Any CPU.Build.0 = Debug|Any CPU
		{511566A4-21DC-45E3-A3F8-84763000C72E}.Debug|Mixed Platforms.ActiveCfg = Debug|Any CPU
		{511566A4-21DC-45E3-A3F8-84763000C72E}.Debug|Mixed Platforms.Build.0 = Debug|Any CPU
		{511566A4-21DC-45E3-A3F8-84763000C72E}.Debug|x64.ActiveCfg = Debug|Any CPU
		{511566A4-21DC-45E3-A3F8-84763000C72E}.Debug|x86.ActiveCfg = Debug|Any CPU
		{511566A4-21DC-45E3-A3F8-84763000C72E}.Release|.NET.ActiveCfg = Release|Any CPU
		{511566A4-21DC-45E3-A3F8-84763000C72E}.Release|Any CPU.ActiveCfg = Release|Any CPU
		{511566A4-21DC-45E3-A3F8-84763000C72E}.Release|Any CPU.Build.0 = Release|Any CPU
		{511566A4-21DC-45E3-A3F8-84763000C72E}.Release|Mixed Platforms.ActiveCfg = Release|Any CPU
		{511566A4-21DC-45E3-A3F8-84763000C72E}.Release|Mixed Platforms.Build.0 = Release|Any CPU
		{511566A4-21DC-45E3-A3F8-84763000C72E}.Release|x64.ActiveCfg = Release|Any CPU
		{511566A4-21DC-45E3-A3F8-84763000C72E}.Release|x86.ActiveCfg = Release|Any CPU
		{3EC9EEB0-71CA-4F71-BF8E-AAF0365D4234}.Debug|.NET.ActiveCfg = Debug|Any CPU
		{3EC9EEB0-71CA-4F71-BF8E-AAF0365D4234}.Debug|Any CPU.ActiveCfg = Debug|Any CPU
		{3EC9EEB0-71CA-4F71-BF8E-AAF0365D4234}.Debug|Any CPU.Build.0 = Debug|Any CPU
		{3EC9EEB0-71CA-4F71-BF8E-AAF0365D4234}.Debug|Mixed Platforms.ActiveCfg = Debug|Any CPU
		{3EC9EEB0-71CA-4F71-BF8E-AAF0365D4234}.Debug|Mixed Platforms.Build.0 = Debug|Any CPU
		{3EC9EEB0-71CA-4F71-BF8E-AAF0365D4234}.Debug|x64.ActiveCfg = Debug|Any CPU
		{3EC9EEB0-71CA-4F71-BF8E-AAF0365D4234}.Debug|x86.ActiveCfg = Debug|Any CPU
		{3EC9EEB0-71CA-4F71-BF8E-AAF0365D4234}.Release|.NET.ActiveCfg = Release|Any CPU
		{3EC9EEB0-71CA-4F71-BF8E-AAF0365D4234}.Release|Any CPU.ActiveCfg = Release|Any CPU
		{3EC9EEB0-71CA-4F71-BF8E-AAF0365D4234}.Release|Any CPU.Build.0 = Release|Any CPU
		{3EC9EEB0-71CA-4F71-BF8E-AAF0365D4234}.Release|Mixed Platforms.ActiveCfg = Release|Any CPU
		{3EC9EEB0-71CA-4F71-BF8E-AAF0365D4234}.Release|Mixed Platforms.Build.0 = Release|Any CPU
		{3EC9EEB0-71CA-4F71-BF8E-AAF0365D4234}.Release|x64.ActiveCfg = Release|Any CPU
		{3EC9EEB0-71CA-4F71-BF8E-AAF0365D4234}.Release|x86.ActiveCfg = Release|Any CPU
		{284A2E2B-6FD6-4650-A001-AC9D64D31EBF}.Debug|.NET.ActiveCfg = Debug|Any CPU
		{284A2E2B-6FD6-4650-A001-AC9D64D31EBF}.Debug|Any CPU.ActiveCfg = Debug|Any CPU
		{284A2E2B-6FD6-4650-A001-AC9D64D31EBF}.Debug|Any CPU.Build.0 = Debug|Any CPU
		{284A2E2B-6FD6-4650-A001-AC9D64D31EBF}.Debug|Mixed Platforms.ActiveCfg = Debug|Any CPU
		{284A2E2B-6FD6-4650-A001-AC9D64D31EBF}.Debug|Mixed Platforms.Build.0 = Debug|Any CPU
		{284A2E2B-6FD6-4650-A001-AC9D64D31EBF}.Debug|x64.ActiveCfg = Debug|Any CPU
		{284A2E2B-6FD6-4650-A001-AC9D64D31EBF}.Debug|x86.ActiveCfg = Debug|Any CPU
		{284A2E2B-6FD6-4650-A001-AC9D64D31EBF}.Release|.NET.ActiveCfg = Release|Any CPU
		{284A2E2B-6FD6-4650-A001-AC9D64D31EBF}.Release|Any CPU.ActiveCfg = Release|Any CPU
		{284A2E2B-6FD6-4650-A001-AC9D64D31EBF}.Release|Any CPU.Build.0 = Release|Any CPU
		{284A2E2B-6FD6-4650-A001-AC9D64D31EBF}.Release|Mixed Platforms.ActiveCfg = Release|Any CPU
		{284A2E2B-6FD6-4650-A001-AC9D64D31EBF}.Release|Mixed Platforms.Build.0 = Release|Any CPU
		{284A2E2B-6FD6-4650-A001-AC9D64D31EBF}.Release|x64.ActiveCfg = Release|Any CPU
		{284A2E2B-6FD6-4650-A001-AC9D64D31EBF}.Release|x86.ActiveCfg = Release|Any CPU
		{058E925F-6FD0-4FAF-AA97-22D48D62923E}.Debug|.NET.ActiveCfg = Debug|Any CPU
		{058E925F-6FD0-4FAF-AA97-22D48D62923E}.Debug|Any CPU.ActiveCfg = Debug|Any CPU
		{058E925F-6FD0-4FAF-AA97-22D48D62923E}.Debug|Any CPU.Build.0 = Debug|Any CPU
		{058E925F-6FD0-4FAF-AA97-22D48D62923E}.Debug|Mixed Platforms.ActiveCfg = Debug|Any CPU
		{058E925F-6FD0-4FAF-AA97-22D48D62923E}.Debug|Mixed Platforms.Build.0 = Debug|Any CPU
		{058E925F-6FD0-4FAF-AA97-22D48D62923E}.Debug|x64.ActiveCfg = Debug|Any CPU
		{058E925F-6FD0-4FAF-AA97-22D48D62923E}.Debug|x86.ActiveCfg = Debug|Any CPU
		{058E925F-6FD0-4FAF-AA97-22D48D62923E}.Release|.NET.ActiveCfg = Release|Any CPU
		{058E925F-6FD0-4FAF-AA97-22D48D62923E}.Release|Any CPU.ActiveCfg = Release|Any CPU
		{058E925F-6FD0-4FAF-AA97-22D48D62923E}.Release|Any CPU.Build.0 = Release|Any CPU
		{058E925F-6FD0-4FAF-AA97-22D48D62923E}.Release|Mixed Platforms.ActiveCfg = Release|Any CPU
		{058E925F-6FD0-4FAF-AA97-22D48D62923E}.Release|Mixed Platforms.Build.0 = Release|Any CPU
		{058E925F-6FD0-4FAF-AA97-22D48D62923E}.Release|x64.ActiveCfg = Release|Any CPU
		{058E925F-6FD0-4FAF-AA97-22D48D62923E}.Release|x86.ActiveCfg = Release|Any CPU
		{E93FCC90-2594-45FF-9B5F-407ECB3E7939}.Debug|.NET.ActiveCfg = Debug|Any CPU
		{E93FCC90-2594-45FF-9B5F-407ECB3E7939}.Debug|Any CPU.ActiveCfg = Debug|Any CPU
		{E93FCC90-2594-45FF-9B5F-407ECB3E7939}.Debug|Any CPU.Build.0 = Debug|Any CPU
		{E93FCC90-2594-45FF-9B5F-407ECB3E7939}.Debug|Mixed Platforms.ActiveCfg = Debug|Any CPU
		{E93FCC90-2594-45FF-9B5F-407ECB3E7939}.Debug|Mixed Platforms.Build.0 = Debug|Any CPU
		{E93FCC90-2594-45FF-9B5F-407ECB3E7939}.Debug|x64.ActiveCfg = Debug|Any CPU
		{E93FCC90-2594-45FF-9B5F-407ECB3E7939}.Debug|x86.ActiveCfg = Debug|Any CPU
		{E93FCC90-2594-45FF-9B5F-407ECB3E7939}.Release|.NET.ActiveCfg = Release|Any CPU
		{E93FCC90-2594-45FF-9B5F-407ECB3E7939}.Release|Any CPU.ActiveCfg = Release|Any CPU
		{E93FCC90-2594-45FF-9B5F-407ECB3E7939}.Release|Any CPU.Build.0 = Release|Any CPU
		{E93FCC90-2594-45FF-9B5F-407ECB3E7939}.Release|Mixed Platforms.ActiveCfg = Release|Any CPU
		{E93FCC90-2594-45FF-9B5F-407ECB3E7939}.Release|Mixed Platforms.Build.0 = Release|Any CPU
		{E93FCC90-2594-45FF-9B5F-407ECB3E7939}.Release|x64.ActiveCfg = Release|Any CPU
		{E93FCC90-2594-45FF-9B5F-407ECB3E7939}.Release|x86.ActiveCfg = Release|Any CPU
		{57859464-D977-4E77-89D9-6296DF953143}.Debug|.NET.ActiveCfg = Debug|Any CPU
		{57859464-D977-4E77-89D9-6296DF953143}.Debug|Any CPU.ActiveCfg = Debug|Any CPU
		{57859464-D977-4E77-89D9-6296DF953143}.Debug|Any CPU.Build.0 = Debug|Any CPU
		{57859464-D977-4E77-89D9-6296DF953143}.Debug|Mixed Platforms.ActiveCfg = Debug|Any CPU
		{57859464-D977-4E77-89D9-6296DF953143}.Debug|Mixed Platforms.Build.0 = Debug|Any CPU
		{57859464-D977-4E77-89D9-6296DF953143}.Debug|x64.ActiveCfg = Debug|Any CPU
		{57859464-D977-4E77-89D9-6296DF953143}.Debug|x86.ActiveCfg = Debug|Any CPU
		{57859464-D977-4E77-89D9-6296DF953143}.Release|.NET.ActiveCfg = Release|Any CPU
		{57859464-D977-4E77-89D9-6296DF953143}.Release|Any CPU.ActiveCfg = Release|Any CPU
		{57859464-D977-4E77-89D9-6296DF953143}.Release|Any CPU.Build.0 = Release|Any CPU
		{57859464-D977-4E77-89D9-6296DF953143}.Release|Mixed Platforms.ActiveCfg = Release|Any CPU
		{57859464-D977-4E77-89D9-6296DF953143}.Release|Mixed Platforms.Build.0 = Release|Any CPU
		{57859464-D977-4E77-89D9-6296DF953143}.Release|x64.ActiveCfg = Release|Any CPU
		{57859464-D977-4E77-89D9-6296DF953143}.Release|x86.ActiveCfg = Release|Any CPU
		{BF27BEF5-350C-4361-A58F-0C73D1D47CBC}.Debug|.NET.ActiveCfg = Debug|Any CPU
		{BF27BEF5-350C-4361-A58F-0C73D1D47CBC}.Debug|Any CPU.ActiveCfg = Debug|Any CPU
		{BF27BEF5-350C-4361-A58F-0C73D1D47CBC}.Debug|Any CPU.Build.0 = Debug|Any CPU
		{BF27BEF5-350C-4361-A58F-0C73D1D47CBC}.Debug|Mixed Platforms.ActiveCfg = Debug|Any CPU
		{BF27BEF5-350C-4361-A58F-0C73D1D47CBC}.Debug|Mixed Platforms.Build.0 = Debug|Any CPU
		{BF27BEF5-350C-4361-A58F-0C73D1D47CBC}.Debug|x64.ActiveCfg = Debug|Any CPU
		{BF27BEF5-350C-4361-A58F-0C73D1D47CBC}.Debug|x86.ActiveCfg = Debug|Any CPU
		{BF27BEF5-350C-4361-A58F-0C73D1D47CBC}.Release|.NET.ActiveCfg = Release|Any CPU
		{BF27BEF5-350C-4361-A58F-0C73D1D47CBC}.Release|Any CPU.ActiveCfg = Release|Any CPU
		{BF27BEF5-350C-4361-A58F-0C73D1D47CBC}.Release|Any CPU.Build.0 = Release|Any CPU
		{BF27BEF5-350C-4361-A58F-0C73D1D47CBC}.Release|Mixed Platforms.ActiveCfg = Release|Any CPU
		{BF27BEF5-350C-4361-A58F-0C73D1D47CBC}.Release|Mixed Platforms.Build.0 = Release|Any CPU
		{BF27BEF5-350C-4361-A58F-0C73D1D47CBC}.Release|x64.ActiveCfg = Release|Any CPU
		{BF27BEF5-350C-4361-A58F-0C73D1D47CBC}.Release|x86.ActiveCfg = Release|Any CPU
		{76B51906-3D94-412F-B943-84CD2A41AE11}.Debug|.NET.ActiveCfg = Debug|Any CPU
		{76B51906-3D94-412F-B943-84CD2A41AE11}.Debug|Any CPU.ActiveCfg = Debug|Any CPU
		{76B51906-3D94-412F-B943-84CD2A41AE11}.Debug|Any CPU.Build.0 = Debug|Any CPU
		{76B51906-3D94-412F-B943-84CD2A41AE11}.Debug|Mixed Platforms.ActiveCfg = Debug|Any CPU
		{76B51906-3D94-412F-B943-84CD2A41AE11}.Debug|Mixed Platforms.Build.0 = Debug|Any CPU
		{76B51906-3D94-412F-B943-84CD2A41AE11}.Debug|x64.ActiveCfg = Debug|Any CPU
		{76B51906-3D94-412F-B943-84CD2A41AE11}.Debug|x86.ActiveCfg = Debug|Any CPU
		{76B51906-3D94-412F-B943-84CD2A41AE11}.Release|.NET.ActiveCfg = Release|Any CPU
		{76B51906-3D94-412F-B943-84CD2A41AE11}.Release|Any CPU.ActiveCfg = Release|Any CPU
		{76B51906-3D94-412F-B943-84CD2A41AE11}.Release|Any CPU.Build.0 = Release|Any CPU
		{76B51906-3D94-412F-B943-84CD2A41AE11}.Release|Mixed Platforms.ActiveCfg = Release|Any CPU
		{76B51906-3D94-412F-B943-84CD2A41AE11}.Release|Mixed Platforms.Build.0 = Release|Any CPU
		{76B51906-3D94-412F-B943-84CD2A41AE11}.Release|x64.ActiveCfg = Release|Any CPU
		{76B51906-3D94-412F-B943-84CD2A41AE11}.Release|x86.ActiveCfg = Release|Any CPU
		{373A5DB1-4098-4DAB-971D-EAEF59F9B3CC}.Debug|.NET.ActiveCfg = Debug|Any CPU
		{373A5DB1-4098-4DAB-971D-EAEF59F9B3CC}.Debug|Any CPU.ActiveCfg = Debug|Any CPU
		{373A5DB1-4098-4DAB-971D-EAEF59F9B3CC}.Debug|Any CPU.Build.0 = Debug|Any CPU
		{373A5DB1-4098-4DAB-971D-EAEF59F9B3CC}.Debug|Mixed Platforms.ActiveCfg = Debug|Any CPU
		{373A5DB1-4098-4DAB-971D-EAEF59F9B3CC}.Debug|Mixed Platforms.Build.0 = Debug|Any CPU
		{373A5DB1-4098-4DAB-971D-EAEF59F9B3CC}.Debug|x64.ActiveCfg = Debug|Any CPU
		{373A5DB1-4098-4DAB-971D-EAEF59F9B3CC}.Debug|x86.ActiveCfg = Debug|Any CPU
		{373A5DB1-4098-4DAB-971D-EAEF59F9B3CC}.Release|.NET.ActiveCfg = Release|Any CPU
		{373A5DB1-4098-4DAB-971D-EAEF59F9B3CC}.Release|Any CPU.ActiveCfg = Release|Any CPU
		{373A5DB1-4098-4DAB-971D-EAEF59F9B3CC}.Release|Any CPU.Build.0 = Release|Any CPU
		{373A5DB1-4098-4DAB-971D-EAEF59F9B3CC}.Release|Mixed Platforms.ActiveCfg = Release|Any CPU
		{373A5DB1-4098-4DAB-971D-EAEF59F9B3CC}.Release|Mixed Platforms.Build.0 = Release|Any CPU
		{373A5DB1-4098-4DAB-971D-EAEF59F9B3CC}.Release|x64.ActiveCfg = Release|Any CPU
		{373A5DB1-4098-4DAB-971D-EAEF59F9B3CC}.Release|x86.ActiveCfg = Release|Any CPU
		{54C0DC78-3BF7-4DCF-BEA0-25E757B8BDC1}.Debug|.NET.ActiveCfg = Debug|Any CPU
		{54C0DC78-3BF7-4DCF-BEA0-25E757B8BDC1}.Debug|Any CPU.ActiveCfg = Debug|Any CPU
		{54C0DC78-3BF7-4DCF-BEA0-25E757B8BDC1}.Debug|Any CPU.Build.0 = Debug|Any CPU
		{54C0DC78-3BF7-4DCF-BEA0-25E757B8BDC1}.Debug|Mixed Platforms.ActiveCfg = Debug|Any CPU
		{54C0DC78-3BF7-4DCF-BEA0-25E757B8BDC1}.Debug|Mixed Platforms.Build.0 = Debug|Any CPU
		{54C0DC78-3BF7-4DCF-BEA0-25E757B8BDC1}.Debug|x64.ActiveCfg = Debug|Any CPU
		{54C0DC78-3BF7-4DCF-BEA0-25E757B8BDC1}.Debug|x86.ActiveCfg = Debug|Any CPU
		{54C0DC78-3BF7-4DCF-BEA0-25E757B8BDC1}.Release|.NET.ActiveCfg = Release|Any CPU
		{54C0DC78-3BF7-4DCF-BEA0-25E757B8BDC1}.Release|Any CPU.ActiveCfg = Release|Any CPU
		{54C0DC78-3BF7-4DCF-BEA0-25E757B8BDC1}.Release|Any CPU.Build.0 = Release|Any CPU
		{54C0DC78-3BF7-4DCF-BEA0-25E757B8BDC1}.Release|Mixed Platforms.ActiveCfg = Release|Any CPU
		{54C0DC78-3BF7-4DCF-BEA0-25E757B8BDC1}.Release|Mixed Platforms.Build.0 = Release|Any CPU
		{54C0DC78-3BF7-4DCF-BEA0-25E757B8BDC1}.Release|x64.ActiveCfg = Release|Any CPU
		{54C0DC78-3BF7-4DCF-BEA0-25E757B8BDC1}.Release|x86.ActiveCfg = Release|Any CPU
		{AED10FB5-FA04-4C28-9BF4-26C2278175E7}.Debug|.NET.ActiveCfg = Debug|Any CPU
		{AED10FB5-FA04-4C28-9BF4-26C2278175E7}.Debug|Any CPU.ActiveCfg = Debug|Any CPU
		{AED10FB5-FA04-4C28-9BF4-26C2278175E7}.Debug|Any CPU.Build.0 = Debug|Any CPU
		{AED10FB5-FA04-4C28-9BF4-26C2278175E7}.Debug|Mixed Platforms.ActiveCfg = Debug|Any CPU
		{AED10FB5-FA04-4C28-9BF4-26C2278175E7}.Debug|Mixed Platforms.Build.0 = Debug|Any CPU
		{AED10FB5-FA04-4C28-9BF4-26C2278175E7}.Debug|x64.ActiveCfg = Debug|Any CPU
		{AED10FB5-FA04-4C28-9BF4-26C2278175E7}.Debug|x86.ActiveCfg = Debug|Any CPU
		{AED10FB5-FA04-4C28-9BF4-26C2278175E7}.Release|.NET.ActiveCfg = Release|Any CPU
		{AED10FB5-FA04-4C28-9BF4-26C2278175E7}.Release|Any CPU.ActiveCfg = Release|Any CPU
		{AED10FB5-FA04-4C28-9BF4-26C2278175E7}.Release|Any CPU.Build.0 = Release|Any CPU
		{AED10FB5-FA04-4C28-9BF4-26C2278175E7}.Release|Mixed Platforms.ActiveCfg = Release|Any CPU
		{AED10FB5-FA04-4C28-9BF4-26C2278175E7}.Release|Mixed Platforms.Build.0 = Release|Any CPU
		{AED10FB5-FA04-4C28-9BF4-26C2278175E7}.Release|x64.ActiveCfg = Release|Any CPU
		{AED10FB5-FA04-4C28-9BF4-26C2278175E7}.Release|x86.ActiveCfg = Release|Any CPU
		{62B71546-D55D-4B35-9D84-CDF8ED555E52}.Debug|.NET.ActiveCfg = Debug|Any CPU
		{62B71546-D55D-4B35-9D84-CDF8ED555E52}.Debug|Any CPU.ActiveCfg = Debug|Any CPU
		{62B71546-D55D-4B35-9D84-CDF8ED555E52}.Debug|Any CPU.Build.0 = Debug|Any CPU
		{62B71546-D55D-4B35-9D84-CDF8ED555E52}.Debug|Mixed Platforms.ActiveCfg = Debug|Any CPU
		{62B71546-D55D-4B35-9D84-CDF8ED555E52}.Debug|Mixed Platforms.Build.0 = Debug|Any CPU
		{62B71546-D55D-4B35-9D84-CDF8ED555E52}.Debug|x64.ActiveCfg = Debug|Any CPU
		{62B71546-D55D-4B35-9D84-CDF8ED555E52}.Debug|x86.ActiveCfg = Debug|Any CPU
		{62B71546-D55D-4B35-9D84-CDF8ED555E52}.Release|.NET.ActiveCfg = Release|Any CPU
		{62B71546-D55D-4B35-9D84-CDF8ED555E52}.Release|Any CPU.ActiveCfg = Release|Any CPU
		{62B71546-D55D-4B35-9D84-CDF8ED555E52}.Release|Any CPU.Build.0 = Release|Any CPU
		{62B71546-D55D-4B35-9D84-CDF8ED555E52}.Release|Mixed Platforms.ActiveCfg = Release|Any CPU
		{62B71546-D55D-4B35-9D84-CDF8ED555E52}.Release|Mixed Platforms.Build.0 = Release|Any CPU
		{62B71546-D55D-4B35-9D84-CDF8ED555E52}.Release|x64.ActiveCfg = Release|Any CPU
		{62B71546-D55D-4B35-9D84-CDF8ED555E52}.Release|x86.ActiveCfg = Release|Any CPU
		{5C9AF3AF-8B80-41FB-8407-747CB0FE4144}.Debug|.NET.ActiveCfg = Debug|Any CPU
		{5C9AF3AF-8B80-41FB-8407-747CB0FE4144}.Debug|Any CPU.ActiveCfg = Debug|Any CPU
		{5C9AF3AF-8B80-41FB-8407-747CB0FE4144}.Debug|Any CPU.Build.0 = Debug|Any CPU
		{5C9AF3AF-8B80-41FB-8407-747CB0FE4144}.Debug|Mixed Platforms.ActiveCfg = Debug|Any CPU
		{5C9AF3AF-8B80-41FB-8407-747CB0FE4144}.Debug|Mixed Platforms.Build.0 = Debug|Any CPU
		{5C9AF3AF-8B80-41FB-8407-747CB0FE4144}.Debug|x64.ActiveCfg = Debug|Any CPU
		{5C9AF3AF-8B80-41FB-8407-747CB0FE4144}.Debug|x86.ActiveCfg = Debug|Any CPU
		{5C9AF3AF-8B80-41FB-8407-747CB0FE4144}.Release|.NET.ActiveCfg = Release|Any CPU
		{5C9AF3AF-8B80-41FB-8407-747CB0FE4144}.Release|Any CPU.ActiveCfg = Release|Any CPU
		{5C9AF3AF-8B80-41FB-8407-747CB0FE4144}.Release|Any CPU.Build.0 = Release|Any CPU
		{5C9AF3AF-8B80-41FB-8407-747CB0FE4144}.Release|Mixed Platforms.ActiveCfg = Release|Any CPU
		{5C9AF3AF-8B80-41FB-8407-747CB0FE4144}.Release|Mixed Platforms.Build.0 = Release|Any CPU
		{5C9AF3AF-8B80-41FB-8407-747CB0FE4144}.Release|x64.ActiveCfg = Release|Any CPU
		{5C9AF3AF-8B80-41FB-8407-747CB0FE4144}.Release|x86.ActiveCfg = Release|Any CPU
		{974C6733-57CB-4474-B773-E14E701FE3EA}.Debug|.NET.ActiveCfg = Debug|Any CPU
		{974C6733-57CB-4474-B773-E14E701FE3EA}.Debug|Any CPU.ActiveCfg = Debug|Any CPU
		{974C6733-57CB-4474-B773-E14E701FE3EA}.Debug|Any CPU.Build.0 = Debug|Any CPU
		{974C6733-57CB-4474-B773-E14E701FE3EA}.Debug|Mixed Platforms.ActiveCfg = Debug|Any CPU
		{974C6733-57CB-4474-B773-E14E701FE3EA}.Debug|Mixed Platforms.Build.0 = Debug|Any CPU
		{974C6733-57CB-4474-B773-E14E701FE3EA}.Debug|x64.ActiveCfg = Debug|Any CPU
		{974C6733-57CB-4474-B773-E14E701FE3EA}.Debug|x86.ActiveCfg = Debug|Any CPU
		{974C6733-57CB-4474-B773-E14E701FE3EA}.Release|.NET.ActiveCfg = Release|Any CPU
		{974C6733-57CB-4474-B773-E14E701FE3EA}.Release|Any CPU.ActiveCfg = Release|Any CPU
		{974C6733-57CB-4474-B773-E14E701FE3EA}.Release|Any CPU.Build.0 = Release|Any CPU
		{974C6733-57CB-4474-B773-E14E701FE3EA}.Release|Mixed Platforms.ActiveCfg = Release|Any CPU
		{974C6733-57CB-4474-B773-E14E701FE3EA}.Release|Mixed Platforms.Build.0 = Release|Any CPU
		{974C6733-57CB-4474-B773-E14E701FE3EA}.Release|x64.ActiveCfg = Release|Any CPU
		{974C6733-57CB-4474-B773-E14E701FE3EA}.Release|x86.ActiveCfg = Release|Any CPU
		{2F4C9647-CD65-4DBF-A1D0-4127902E2097}.Debug|.NET.ActiveCfg = Debug|Any CPU
		{2F4C9647-CD65-4DBF-A1D0-4127902E2097}.Debug|Any CPU.ActiveCfg = Debug|Any CPU
		{2F4C9647-CD65-4DBF-A1D0-4127902E2097}.Debug|Any CPU.Build.0 = Debug|Any CPU
		{2F4C9647-CD65-4DBF-A1D0-4127902E2097}.Debug|Mixed Platforms.ActiveCfg = Debug|Any CPU
		{2F4C9647-CD65-4DBF-A1D0-4127902E2097}.Debug|Mixed Platforms.Build.0 = Debug|Any CPU
		{2F4C9647-CD65-4DBF-A1D0-4127902E2097}.Debug|x64.ActiveCfg = Debug|Any CPU
		{2F4C9647-CD65-4DBF-A1D0-4127902E2097}.Debug|x86.ActiveCfg = Debug|Any CPU
		{2F4C9647-CD65-4DBF-A1D0-4127902E2097}.Release|.NET.ActiveCfg = Release|Any CPU
		{2F4C9647-CD65-4DBF-A1D0-4127902E2097}.Release|Any CPU.ActiveCfg = Release|Any CPU
		{2F4C9647-CD65-4DBF-A1D0-4127902E2097}.Release|Any CPU.Build.0 = Release|Any CPU
		{2F4C9647-CD65-4DBF-A1D0-4127902E2097}.Release|Mixed Platforms.ActiveCfg = Release|Any CPU
		{2F4C9647-CD65-4DBF-A1D0-4127902E2097}.Release|Mixed Platforms.Build.0 = Release|Any CPU
		{2F4C9647-CD65-4DBF-A1D0-4127902E2097}.Release|x64.ActiveCfg = Release|Any CPU
		{2F4C9647-CD65-4DBF-A1D0-4127902E2097}.Release|x86.ActiveCfg = Release|Any CPU
		{3D54F988-AF1D-4B5C-A013-C85525926692}.Debug|.NET.ActiveCfg = Debug|Any CPU
		{3D54F988-AF1D-4B5C-A013-C85525926692}.Debug|Any CPU.ActiveCfg = Debug|Any CPU
		{3D54F988-AF1D-4B5C-A013-C85525926692}.Debug|Any CPU.Build.0 = Debug|Any CPU
		{3D54F988-AF1D-4B5C-A013-C85525926692}.Debug|Mixed Platforms.ActiveCfg = Debug|Any CPU
		{3D54F988-AF1D-4B5C-A013-C85525926692}.Debug|Mixed Platforms.Build.0 = Debug|Any CPU
		{3D54F988-AF1D-4B5C-A013-C85525926692}.Debug|x64.ActiveCfg = Debug|Any CPU
		{3D54F988-AF1D-4B5C-A013-C85525926692}.Debug|x86.ActiveCfg = Debug|Any CPU
		{3D54F988-AF1D-4B5C-A013-C85525926692}.Release|.NET.ActiveCfg = Release|Any CPU
		{3D54F988-AF1D-4B5C-A013-C85525926692}.Release|Any CPU.ActiveCfg = Release|Any CPU
		{3D54F988-AF1D-4B5C-A013-C85525926692}.Release|Any CPU.Build.0 = Release|Any CPU
		{3D54F988-AF1D-4B5C-A013-C85525926692}.Release|Mixed Platforms.ActiveCfg = Release|Any CPU
		{3D54F988-AF1D-4B5C-A013-C85525926692}.Release|Mixed Platforms.Build.0 = Release|Any CPU
		{3D54F988-AF1D-4B5C-A013-C85525926692}.Release|x64.ActiveCfg = Release|Any CPU
		{3D54F988-AF1D-4B5C-A013-C85525926692}.Release|x86.ActiveCfg = Release|Any CPU
		{350B7FF7-7D9E-486C-986C-1772E9672A88}.Debug|.NET.ActiveCfg = Debug|Any CPU
		{350B7FF7-7D9E-486C-986C-1772E9672A88}.Debug|Any CPU.ActiveCfg = Debug|Any CPU
		{350B7FF7-7D9E-486C-986C-1772E9672A88}.Debug|Any CPU.Build.0 = Debug|Any CPU
		{350B7FF7-7D9E-486C-986C-1772E9672A88}.Debug|Mixed Platforms.ActiveCfg = Debug|Any CPU
		{350B7FF7-7D9E-486C-986C-1772E9672A88}.Debug|Mixed Platforms.Build.0 = Debug|Any CPU
		{350B7FF7-7D9E-486C-986C-1772E9672A88}.Debug|x64.ActiveCfg = Debug|Any CPU
		{350B7FF7-7D9E-486C-986C-1772E9672A88}.Debug|x86.ActiveCfg = Debug|Any CPU
		{350B7FF7-7D9E-486C-986C-1772E9672A88}.Release|.NET.ActiveCfg = Release|Any CPU
		{350B7FF7-7D9E-486C-986C-1772E9672A88}.Release|Any CPU.ActiveCfg = Release|Any CPU
		{350B7FF7-7D9E-486C-986C-1772E9672A88}.Release|Any CPU.Build.0 = Release|Any CPU
		{350B7FF7-7D9E-486C-986C-1772E9672A88}.Release|Mixed Platforms.ActiveCfg = Release|Any CPU
		{350B7FF7-7D9E-486C-986C-1772E9672A88}.Release|Mixed Platforms.Build.0 = Release|Any CPU
		{350B7FF7-7D9E-486C-986C-1772E9672A88}.Release|x64.ActiveCfg = Release|Any CPU
		{350B7FF7-7D9E-486C-986C-1772E9672A88}.Release|x86.ActiveCfg = Release|Any CPU
		{9ADF199C-BEED-4673-8BB0-EE9C1C7FB826}.Debug|.NET.ActiveCfg = Debug|Any CPU
		{9ADF199C-BEED-4673-8BB0-EE9C1C7FB826}.Debug|Any CPU.ActiveCfg = Debug|Any CPU
		{9ADF199C-BEED-4673-8BB0-EE9C1C7FB826}.Debug|Any CPU.Build.0 = Debug|Any CPU
		{9ADF199C-BEED-4673-8BB0-EE9C1C7FB826}.Debug|Mixed Platforms.ActiveCfg = Debug|Any CPU
		{9ADF199C-BEED-4673-8BB0-EE9C1C7FB826}.Debug|Mixed Platforms.Build.0 = Debug|Any CPU
		{9ADF199C-BEED-4673-8BB0-EE9C1C7FB826}.Debug|x64.ActiveCfg = Debug|Any CPU
		{9ADF199C-BEED-4673-8BB0-EE9C1C7FB826}.Debug|x86.ActiveCfg = Debug|Any CPU
		{9ADF199C-BEED-4673-8BB0-EE9C1C7FB826}.Release|.NET.ActiveCfg = Release|Any CPU
		{9ADF199C-BEED-4673-8BB0-EE9C1C7FB826}.Release|Any CPU.ActiveCfg = Release|Any CPU
		{9ADF199C-BEED-4673-8BB0-EE9C1C7FB826}.Release|Any CPU.Build.0 = Release|Any CPU
		{9ADF199C-BEED-4673-8BB0-EE9C1C7FB826}.Release|Mixed Platforms.ActiveCfg = Release|Any CPU
		{9ADF199C-BEED-4673-8BB0-EE9C1C7FB826}.Release|Mixed Platforms.Build.0 = Release|Any CPU
		{9ADF199C-BEED-4673-8BB0-EE9C1C7FB826}.Release|x64.ActiveCfg = Release|Any CPU
		{9ADF199C-BEED-4673-8BB0-EE9C1C7FB826}.Release|x86.ActiveCfg = Release|Any CPU
		{1CCD9440-9E26-4731-8F89-224690867EB2}.Debug|.NET.ActiveCfg = Debug|Any CPU
		{1CCD9440-9E26-4731-8F89-224690867EB2}.Debug|Any CPU.ActiveCfg = Debug|Any CPU
		{1CCD9440-9E26-4731-8F89-224690867EB2}.Debug|Any CPU.Build.0 = Debug|Any CPU
		{1CCD9440-9E26-4731-8F89-224690867EB2}.Debug|Mixed Platforms.ActiveCfg = Debug|Any CPU
		{1CCD9440-9E26-4731-8F89-224690867EB2}.Debug|Mixed Platforms.Build.0 = Debug|Any CPU
		{1CCD9440-9E26-4731-8F89-224690867EB2}.Debug|x64.ActiveCfg = Debug|Any CPU
		{1CCD9440-9E26-4731-8F89-224690867EB2}.Debug|x86.ActiveCfg = Debug|Any CPU
		{1CCD9440-9E26-4731-8F89-224690867EB2}.Release|.NET.ActiveCfg = Release|Any CPU
		{1CCD9440-9E26-4731-8F89-224690867EB2}.Release|Any CPU.ActiveCfg = Release|Any CPU
		{1CCD9440-9E26-4731-8F89-224690867EB2}.Release|Any CPU.Build.0 = Release|Any CPU
		{1CCD9440-9E26-4731-8F89-224690867EB2}.Release|Mixed Platforms.ActiveCfg = Release|Any CPU
		{1CCD9440-9E26-4731-8F89-224690867EB2}.Release|Mixed Platforms.Build.0 = Release|Any CPU
		{1CCD9440-9E26-4731-8F89-224690867EB2}.Release|x64.ActiveCfg = Release|Any CPU
		{1CCD9440-9E26-4731-8F89-224690867EB2}.Release|x86.ActiveCfg = Release|Any CPU
		{B5AB69BA-2B93-4850-9DA0-302D257B154B}.Debug|.NET.ActiveCfg = Debug|Any CPU
		{B5AB69BA-2B93-4850-9DA0-302D257B154B}.Debug|Any CPU.ActiveCfg = Debug|Any CPU
		{B5AB69BA-2B93-4850-9DA0-302D257B154B}.Debug|Any CPU.Build.0 = Debug|Any CPU
		{B5AB69BA-2B93-4850-9DA0-302D257B154B}.Debug|Mixed Platforms.ActiveCfg = Debug|Any CPU
		{B5AB69BA-2B93-4850-9DA0-302D257B154B}.Debug|Mixed Platforms.Build.0 = Debug|Any CPU
		{B5AB69BA-2B93-4850-9DA0-302D257B154B}.Debug|x64.ActiveCfg = Debug|Any CPU
		{B5AB69BA-2B93-4850-9DA0-302D257B154B}.Debug|x86.ActiveCfg = Debug|Any CPU
		{B5AB69BA-2B93-4850-9DA0-302D257B154B}.Release|.NET.ActiveCfg = Release|Any CPU
		{B5AB69BA-2B93-4850-9DA0-302D257B154B}.Release|Any CPU.ActiveCfg = Release|Any CPU
		{B5AB69BA-2B93-4850-9DA0-302D257B154B}.Release|Any CPU.Build.0 = Release|Any CPU
		{B5AB69BA-2B93-4850-9DA0-302D257B154B}.Release|Mixed Platforms.ActiveCfg = Release|Any CPU
		{B5AB69BA-2B93-4850-9DA0-302D257B154B}.Release|Mixed Platforms.Build.0 = Release|Any CPU
		{B5AB69BA-2B93-4850-9DA0-302D257B154B}.Release|x64.ActiveCfg = Release|Any CPU
		{B5AB69BA-2B93-4850-9DA0-302D257B154B}.Release|x86.ActiveCfg = Release|Any CPU
		{64C1203C-1912-4FE0-BA73-01BA2B0758E4}.Debug|.NET.ActiveCfg = Debug|Any CPU
		{64C1203C-1912-4FE0-BA73-01BA2B0758E4}.Debug|Any CPU.ActiveCfg = Debug|Any CPU
		{64C1203C-1912-4FE0-BA73-01BA2B0758E4}.Debug|Any CPU.Build.0 = Debug|Any CPU
		{64C1203C-1912-4FE0-BA73-01BA2B0758E4}.Debug|Mixed Platforms.ActiveCfg = Debug|Any CPU
		{64C1203C-1912-4FE0-BA73-01BA2B0758E4}.Debug|Mixed Platforms.Build.0 = Debug|Any CPU
		{64C1203C-1912-4FE0-BA73-01BA2B0758E4}.Debug|x64.ActiveCfg = Debug|Any CPU
		{64C1203C-1912-4FE0-BA73-01BA2B0758E4}.Debug|x86.ActiveCfg = Debug|Any CPU
		{64C1203C-1912-4FE0-BA73-01BA2B0758E4}.Release|.NET.ActiveCfg = Release|Any CPU
		{64C1203C-1912-4FE0-BA73-01BA2B0758E4}.Release|Any CPU.ActiveCfg = Release|Any CPU
		{64C1203C-1912-4FE0-BA73-01BA2B0758E4}.Release|Any CPU.Build.0 = Release|Any CPU
		{64C1203C-1912-4FE0-BA73-01BA2B0758E4}.Release|Mixed Platforms.ActiveCfg = Release|Any CPU
		{64C1203C-1912-4FE0-BA73-01BA2B0758E4}.Release|Mixed Platforms.Build.0 = Release|Any CPU
		{64C1203C-1912-4FE0-BA73-01BA2B0758E4}.Release|x64.ActiveCfg = Release|Any CPU
		{64C1203C-1912-4FE0-BA73-01BA2B0758E4}.Release|x86.ActiveCfg = Release|Any CPU
		{DC9DABBE-3A78-4847-A494-73970802E651}.Debug|.NET.ActiveCfg = Debug|Any CPU
		{DC9DABBE-3A78-4847-A494-73970802E651}.Debug|Any CPU.ActiveCfg = Debug|Any CPU
		{DC9DABBE-3A78-4847-A494-73970802E651}.Debug|Any CPU.Build.0 = Debug|Any CPU
		{DC9DABBE-3A78-4847-A494-73970802E651}.Debug|Mixed Platforms.ActiveCfg = Debug|Any CPU
		{DC9DABBE-3A78-4847-A494-73970802E651}.Debug|Mixed Platforms.Build.0 = Debug|Any CPU
		{DC9DABBE-3A78-4847-A494-73970802E651}.Debug|x64.ActiveCfg = Debug|Any CPU
		{DC9DABBE-3A78-4847-A494-73970802E651}.Debug|x86.ActiveCfg = Debug|Any CPU
		{DC9DABBE-3A78-4847-A494-73970802E651}.Release|.NET.ActiveCfg = Release|Any CPU
		{DC9DABBE-3A78-4847-A494-73970802E651}.Release|Any CPU.ActiveCfg = Release|Any CPU
		{DC9DABBE-3A78-4847-A494-73970802E651}.Release|Any CPU.Build.0 = Release|Any CPU
		{DC9DABBE-3A78-4847-A494-73970802E651}.Release|Mixed Platforms.ActiveCfg = Release|Any CPU
		{DC9DABBE-3A78-4847-A494-73970802E651}.Release|Mixed Platforms.Build.0 = Release|Any CPU
		{DC9DABBE-3A78-4847-A494-73970802E651}.Release|x64.ActiveCfg = Release|Any CPU
		{DC9DABBE-3A78-4847-A494-73970802E651}.Release|x86.ActiveCfg = Release|Any CPU
		{FA1EF4FC-2FC7-4B29-9EAB-2872593C89E2}.Debug|.NET.ActiveCfg = Debug|Any CPU
		{FA1EF4FC-2FC7-4B29-9EAB-2872593C89E2}.Debug|Any CPU.ActiveCfg = Debug|Any CPU
		{FA1EF4FC-2FC7-4B29-9EAB-2872593C89E2}.Debug|Any CPU.Build.0 = Debug|Any CPU
		{FA1EF4FC-2FC7-4B29-9EAB-2872593C89E2}.Debug|Mixed Platforms.ActiveCfg = Debug|Any CPU
		{FA1EF4FC-2FC7-4B29-9EAB-2872593C89E2}.Debug|Mixed Platforms.Build.0 = Debug|Any CPU
		{FA1EF4FC-2FC7-4B29-9EAB-2872593C89E2}.Debug|x64.ActiveCfg = Debug|Any CPU
		{FA1EF4FC-2FC7-4B29-9EAB-2872593C89E2}.Debug|x86.ActiveCfg = Debug|Any CPU
		{FA1EF4FC-2FC7-4B29-9EAB-2872593C89E2}.Release|.NET.ActiveCfg = Release|Any CPU
		{FA1EF4FC-2FC7-4B29-9EAB-2872593C89E2}.Release|Any CPU.ActiveCfg = Release|Any CPU
		{FA1EF4FC-2FC7-4B29-9EAB-2872593C89E2}.Release|Any CPU.Build.0 = Release|Any CPU
		{FA1EF4FC-2FC7-4B29-9EAB-2872593C89E2}.Release|Mixed Platforms.ActiveCfg = Release|Any CPU
		{FA1EF4FC-2FC7-4B29-9EAB-2872593C89E2}.Release|Mixed Platforms.Build.0 = Release|Any CPU
		{FA1EF4FC-2FC7-4B29-9EAB-2872593C89E2}.Release|x64.ActiveCfg = Release|Any CPU
		{FA1EF4FC-2FC7-4B29-9EAB-2872593C89E2}.Release|x86.ActiveCfg = Release|Any CPU
		{25162422-3B32-4FB3-8A99-6BCFBE30D9AE}.Debug|.NET.ActiveCfg = Debug|Any CPU
		{25162422-3B32-4FB3-8A99-6BCFBE30D9AE}.Debug|Any CPU.ActiveCfg = Debug|Any CPU
		{25162422-3B32-4FB3-8A99-6BCFBE30D9AE}.Debug|Any CPU.Build.0 = Debug|Any CPU
		{25162422-3B32-4FB3-8A99-6BCFBE30D9AE}.Debug|Mixed Platforms.ActiveCfg = Debug|Any CPU
		{25162422-3B32-4FB3-8A99-6BCFBE30D9AE}.Debug|Mixed Platforms.Build.0 = Debug|Any CPU
		{25162422-3B32-4FB3-8A99-6BCFBE30D9AE}.Debug|x64.ActiveCfg = Debug|Any CPU
		{25162422-3B32-4FB3-8A99-6BCFBE30D9AE}.Debug|x86.ActiveCfg = Debug|Any CPU
		{25162422-3B32-4FB3-8A99-6BCFBE30D9AE}.Release|.NET.ActiveCfg = Release|Any CPU
		{25162422-3B32-4FB3-8A99-6BCFBE30D9AE}.Release|Any CPU.ActiveCfg = Release|Any CPU
		{25162422-3B32-4FB3-8A99-6BCFBE30D9AE}.Release|Any CPU.Build.0 = Release|Any CPU
		{25162422-3B32-4FB3-8A99-6BCFBE30D9AE}.Release|Mixed Platforms.ActiveCfg = Release|Any CPU
		{25162422-3B32-4FB3-8A99-6BCFBE30D9AE}.Release|Mixed Platforms.Build.0 = Release|Any CPU
		{25162422-3B32-4FB3-8A99-6BCFBE30D9AE}.Release|x64.ActiveCfg = Release|Any CPU
		{25162422-3B32-4FB3-8A99-6BCFBE30D9AE}.Release|x86.ActiveCfg = Release|Any CPU
		{C556BDDD-DF33-4C40-AC9B-3AE90FC214DA}.Debug|.NET.ActiveCfg = Debug|Any CPU
		{C556BDDD-DF33-4C40-AC9B-3AE90FC214DA}.Debug|Any CPU.ActiveCfg = Debug|Any CPU
		{C556BDDD-DF33-4C40-AC9B-3AE90FC214DA}.Debug|Any CPU.Build.0 = Debug|Any CPU
		{C556BDDD-DF33-4C40-AC9B-3AE90FC214DA}.Debug|Mixed Platforms.ActiveCfg = Debug|Any CPU
		{C556BDDD-DF33-4C40-AC9B-3AE90FC214DA}.Debug|Mixed Platforms.Build.0 = Debug|Any CPU
		{C556BDDD-DF33-4C40-AC9B-3AE90FC214DA}.Debug|x64.ActiveCfg = Debug|Any CPU
		{C556BDDD-DF33-4C40-AC9B-3AE90FC214DA}.Debug|x86.ActiveCfg = Debug|Any CPU
		{C556BDDD-DF33-4C40-AC9B-3AE90FC214DA}.Release|.NET.ActiveCfg = Release|Any CPU
		{C556BDDD-DF33-4C40-AC9B-3AE90FC214DA}.Release|Any CPU.ActiveCfg = Release|Any CPU
		{C556BDDD-DF33-4C40-AC9B-3AE90FC214DA}.Release|Any CPU.Build.0 = Release|Any CPU
		{C556BDDD-DF33-4C40-AC9B-3AE90FC214DA}.Release|Mixed Platforms.ActiveCfg = Release|Any CPU
		{C556BDDD-DF33-4C40-AC9B-3AE90FC214DA}.Release|Mixed Platforms.Build.0 = Release|Any CPU
		{C556BDDD-DF33-4C40-AC9B-3AE90FC214DA}.Release|x64.ActiveCfg = Release|Any CPU
		{C556BDDD-DF33-4C40-AC9B-3AE90FC214DA}.Release|x86.ActiveCfg = Release|Any CPU
		{F111D421-9E38-4886-86B3-6B4B451B1DC3}.Debug|.NET.ActiveCfg = Debug|Any CPU
		{F111D421-9E38-4886-86B3-6B4B451B1DC3}.Debug|Any CPU.ActiveCfg = Debug|Any CPU
		{F111D421-9E38-4886-86B3-6B4B451B1DC3}.Debug|Any CPU.Build.0 = Debug|Any CPU
		{F111D421-9E38-4886-86B3-6B4B451B1DC3}.Debug|Mixed Platforms.ActiveCfg = Debug|Any CPU
		{F111D421-9E38-4886-86B3-6B4B451B1DC3}.Debug|Mixed Platforms.Build.0 = Debug|Any CPU
		{F111D421-9E38-4886-86B3-6B4B451B1DC3}.Debug|x64.ActiveCfg = Debug|Any CPU
		{F111D421-9E38-4886-86B3-6B4B451B1DC3}.Debug|x86.ActiveCfg = Debug|Any CPU
		{F111D421-9E38-4886-86B3-6B4B451B1DC3}.Release|.NET.ActiveCfg = Release|Any CPU
		{F111D421-9E38-4886-86B3-6B4B451B1DC3}.Release|Any CPU.ActiveCfg = Release|Any CPU
		{F111D421-9E38-4886-86B3-6B4B451B1DC3}.Release|Any CPU.Build.0 = Release|Any CPU
		{F111D421-9E38-4886-86B3-6B4B451B1DC3}.Release|Mixed Platforms.ActiveCfg = Release|Any CPU
		{F111D421-9E38-4886-86B3-6B4B451B1DC3}.Release|Mixed Platforms.Build.0 = Release|Any CPU
		{F111D421-9E38-4886-86B3-6B4B451B1DC3}.Release|x64.ActiveCfg = Release|Any CPU
		{F111D421-9E38-4886-86B3-6B4B451B1DC3}.Release|x86.ActiveCfg = Release|Any CPU
		{553B0CDC-03B1-49BD-91A7-160706A22E38}.Debug|.NET.ActiveCfg = Debug|Any CPU
		{553B0CDC-03B1-49BD-91A7-160706A22E38}.Debug|Any CPU.ActiveCfg = Debug|Any CPU
		{553B0CDC-03B1-49BD-91A7-160706A22E38}.Debug|Any CPU.Build.0 = Debug|Any CPU
		{553B0CDC-03B1-49BD-91A7-160706A22E38}.Debug|Mixed Platforms.ActiveCfg = Debug|Any CPU
		{553B0CDC-03B1-49BD-91A7-160706A22E38}.Debug|Mixed Platforms.Build.0 = Debug|Any CPU
		{553B0CDC-03B1-49BD-91A7-160706A22E38}.Debug|x64.ActiveCfg = Debug|Any CPU
		{553B0CDC-03B1-49BD-91A7-160706A22E38}.Debug|x86.ActiveCfg = Debug|Any CPU
		{553B0CDC-03B1-49BD-91A7-160706A22E38}.Release|.NET.ActiveCfg = Release|Any CPU
		{553B0CDC-03B1-49BD-91A7-160706A22E38}.Release|Any CPU.ActiveCfg = Release|Any CPU
		{553B0CDC-03B1-49BD-91A7-160706A22E38}.Release|Any CPU.Build.0 = Release|Any CPU
		{553B0CDC-03B1-49BD-91A7-160706A22E38}.Release|Mixed Platforms.ActiveCfg = Release|Any CPU
		{553B0CDC-03B1-49BD-91A7-160706A22E38}.Release|Mixed Platforms.Build.0 = Release|Any CPU
		{553B0CDC-03B1-49BD-91A7-160706A22E38}.Release|x64.ActiveCfg = Release|Any CPU
		{553B0CDC-03B1-49BD-91A7-160706A22E38}.Release|x86.ActiveCfg = Release|Any CPU
		{52B25872-F838-4B15-B328-9231C7CDD28A}.Debug|.NET.ActiveCfg = Debug|Any CPU
		{52B25872-F838-4B15-B328-9231C7CDD28A}.Debug|Any CPU.ActiveCfg = Debug|Any CPU
		{52B25872-F838-4B15-B328-9231C7CDD28A}.Debug|Any CPU.Build.0 = Debug|Any CPU
		{52B25872-F838-4B15-B328-9231C7CDD28A}.Debug|Mixed Platforms.ActiveCfg = Debug|Any CPU
		{52B25872-F838-4B15-B328-9231C7CDD28A}.Debug|Mixed Platforms.Build.0 = Debug|Any CPU
		{52B25872-F838-4B15-B328-9231C7CDD28A}.Debug|x64.ActiveCfg = Debug|Any CPU
		{52B25872-F838-4B15-B328-9231C7CDD28A}.Debug|x86.ActiveCfg = Debug|Any CPU
		{52B25872-F838-4B15-B328-9231C7CDD28A}.Release|.NET.ActiveCfg = Release|Any CPU
		{52B25872-F838-4B15-B328-9231C7CDD28A}.Release|Any CPU.ActiveCfg = Release|Any CPU
		{52B25872-F838-4B15-B328-9231C7CDD28A}.Release|Any CPU.Build.0 = Release|Any CPU
		{52B25872-F838-4B15-B328-9231C7CDD28A}.Release|Mixed Platforms.ActiveCfg = Release|Any CPU
		{52B25872-F838-4B15-B328-9231C7CDD28A}.Release|Mixed Platforms.Build.0 = Release|Any CPU
		{52B25872-F838-4B15-B328-9231C7CDD28A}.Release|x64.ActiveCfg = Release|Any CPU
		{52B25872-F838-4B15-B328-9231C7CDD28A}.Release|x86.ActiveCfg = Release|Any CPU
		{43FCD075-8EA9-4C11-8EAF-A43A2F652CAD}.Debug|.NET.ActiveCfg = Debug|Any CPU
		{43FCD075-8EA9-4C11-8EAF-A43A2F652CAD}.Debug|Any CPU.ActiveCfg = Debug|Any CPU
		{43FCD075-8EA9-4C11-8EAF-A43A2F652CAD}.Debug|Any CPU.Build.0 = Debug|Any CPU
		{43FCD075-8EA9-4C11-8EAF-A43A2F652CAD}.Debug|Mixed Platforms.ActiveCfg = Debug|Any CPU
		{43FCD075-8EA9-4C11-8EAF-A43A2F652CAD}.Debug|Mixed Platforms.Build.0 = Debug|Any CPU
		{43FCD075-8EA9-4C11-8EAF-A43A2F652CAD}.Debug|x64.ActiveCfg = Debug|Any CPU
		{43FCD075-8EA9-4C11-8EAF-A43A2F652CAD}.Debug|x86.ActiveCfg = Debug|Any CPU
		{43FCD075-8EA9-4C11-8EAF-A43A2F652CAD}.Release|.NET.ActiveCfg = Release|Any CPU
		{43FCD075-8EA9-4C11-8EAF-A43A2F652CAD}.Release|Any CPU.ActiveCfg = Release|Any CPU
		{43FCD075-8EA9-4C11-8EAF-A43A2F652CAD}.Release|Any CPU.Build.0 = Release|Any CPU
		{43FCD075-8EA9-4C11-8EAF-A43A2F652CAD}.Release|Mixed Platforms.ActiveCfg = Release|Any CPU
		{43FCD075-8EA9-4C11-8EAF-A43A2F652CAD}.Release|Mixed Platforms.Build.0 = Release|Any CPU
		{43FCD075-8EA9-4C11-8EAF-A43A2F652CAD}.Release|x64.ActiveCfg = Release|Any CPU
		{43FCD075-8EA9-4C11-8EAF-A43A2F652CAD}.Release|x86.ActiveCfg = Release|Any CPU
		{D8A43A2C-20D4-4017-80B8-2BBE122D9717}.Debug|.NET.ActiveCfg = Debug|Any CPU
		{D8A43A2C-20D4-4017-80B8-2BBE122D9717}.Debug|Any CPU.ActiveCfg = Debug|Any CPU
		{D8A43A2C-20D4-4017-80B8-2BBE122D9717}.Debug|Any CPU.Build.0 = Debug|Any CPU
		{D8A43A2C-20D4-4017-80B8-2BBE122D9717}.Debug|Mixed Platforms.ActiveCfg = Debug|Any CPU
		{D8A43A2C-20D4-4017-80B8-2BBE122D9717}.Debug|Mixed Platforms.Build.0 = Debug|Any CPU
		{D8A43A2C-20D4-4017-80B8-2BBE122D9717}.Debug|x64.ActiveCfg = Debug|Any CPU
		{D8A43A2C-20D4-4017-80B8-2BBE122D9717}.Debug|x86.ActiveCfg = Debug|Any CPU
		{D8A43A2C-20D4-4017-80B8-2BBE122D9717}.Release|.NET.ActiveCfg = Release|Any CPU
		{D8A43A2C-20D4-4017-80B8-2BBE122D9717}.Release|Any CPU.ActiveCfg = Release|Any CPU
		{D8A43A2C-20D4-4017-80B8-2BBE122D9717}.Release|Any CPU.Build.0 = Release|Any CPU
		{D8A43A2C-20D4-4017-80B8-2BBE122D9717}.Release|Mixed Platforms.ActiveCfg = Release|Any CPU
		{D8A43A2C-20D4-4017-80B8-2BBE122D9717}.Release|Mixed Platforms.Build.0 = Release|Any CPU
		{D8A43A2C-20D4-4017-80B8-2BBE122D9717}.Release|x64.ActiveCfg = Release|Any CPU
		{D8A43A2C-20D4-4017-80B8-2BBE122D9717}.Release|x86.ActiveCfg = Release|Any CPU
		{9054928F-69AF-4448-BEC0-591BC9393AE8}.Debug|.NET.ActiveCfg = Debug|Any CPU
		{9054928F-69AF-4448-BEC0-591BC9393AE8}.Debug|Any CPU.ActiveCfg = Debug|Any CPU
		{9054928F-69AF-4448-BEC0-591BC9393AE8}.Debug|Any CPU.Build.0 = Debug|Any CPU
		{9054928F-69AF-4448-BEC0-591BC9393AE8}.Debug|Mixed Platforms.ActiveCfg = Debug|Any CPU
		{9054928F-69AF-4448-BEC0-591BC9393AE8}.Debug|Mixed Platforms.Build.0 = Debug|Any CPU
		{9054928F-69AF-4448-BEC0-591BC9393AE8}.Debug|x64.ActiveCfg = Debug|Any CPU
		{9054928F-69AF-4448-BEC0-591BC9393AE8}.Debug|x86.ActiveCfg = Debug|Any CPU
		{9054928F-69AF-4448-BEC0-591BC9393AE8}.Release|.NET.ActiveCfg = Release|Any CPU
		{9054928F-69AF-4448-BEC0-591BC9393AE8}.Release|Any CPU.ActiveCfg = Release|Any CPU
		{9054928F-69AF-4448-BEC0-591BC9393AE8}.Release|Any CPU.Build.0 = Release|Any CPU
		{9054928F-69AF-4448-BEC0-591BC9393AE8}.Release|Mixed Platforms.ActiveCfg = Release|Any CPU
		{9054928F-69AF-4448-BEC0-591BC9393AE8}.Release|Mixed Platforms.Build.0 = Release|Any CPU
		{9054928F-69AF-4448-BEC0-591BC9393AE8}.Release|x64.ActiveCfg = Release|Any CPU
		{9054928F-69AF-4448-BEC0-591BC9393AE8}.Release|x86.ActiveCfg = Release|Any CPU
		{1B652675-CFC9-43C5-9C72-938B42EB317F}.Debug|.NET.ActiveCfg = Debug|Any CPU
		{1B652675-CFC9-43C5-9C72-938B42EB317F}.Debug|Any CPU.ActiveCfg = Debug|Any CPU
		{1B652675-CFC9-43C5-9C72-938B42EB317F}.Debug|Any CPU.Build.0 = Debug|Any CPU
		{1B652675-CFC9-43C5-9C72-938B42EB317F}.Debug|Mixed Platforms.ActiveCfg = Debug|Any CPU
		{1B652675-CFC9-43C5-9C72-938B42EB317F}.Debug|Mixed Platforms.Build.0 = Debug|Any CPU
		{1B652675-CFC9-43C5-9C72-938B42EB317F}.Debug|x64.ActiveCfg = Debug|Any CPU
		{1B652675-CFC9-43C5-9C72-938B42EB317F}.Debug|x86.ActiveCfg = Debug|Any CPU
		{1B652675-CFC9-43C5-9C72-938B42EB317F}.Release|.NET.ActiveCfg = Release|Any CPU
		{1B652675-CFC9-43C5-9C72-938B42EB317F}.Release|Any CPU.ActiveCfg = Release|Any CPU
		{1B652675-CFC9-43C5-9C72-938B42EB317F}.Release|Any CPU.Build.0 = Release|Any CPU
		{1B652675-CFC9-43C5-9C72-938B42EB317F}.Release|Mixed Platforms.ActiveCfg = Release|Any CPU
		{1B652675-CFC9-43C5-9C72-938B42EB317F}.Release|Mixed Platforms.Build.0 = Release|Any CPU
		{1B652675-CFC9-43C5-9C72-938B42EB317F}.Release|x64.ActiveCfg = Release|Any CPU
		{1B652675-CFC9-43C5-9C72-938B42EB317F}.Release|x86.ActiveCfg = Release|Any CPU
		{5118D25C-E367-43E1-9F27-F17CBE059D64}.Debug|.NET.ActiveCfg = Debug|Any CPU
		{5118D25C-E367-43E1-9F27-F17CBE059D64}.Debug|Any CPU.ActiveCfg = Debug|Any CPU
		{5118D25C-E367-43E1-9F27-F17CBE059D64}.Debug|Any CPU.Build.0 = Debug|Any CPU
		{5118D25C-E367-43E1-9F27-F17CBE059D64}.Debug|Mixed Platforms.ActiveCfg = Debug|Any CPU
		{5118D25C-E367-43E1-9F27-F17CBE059D64}.Debug|Mixed Platforms.Build.0 = Debug|Any CPU
		{5118D25C-E367-43E1-9F27-F17CBE059D64}.Debug|x64.ActiveCfg = Debug|Any CPU
		{5118D25C-E367-43E1-9F27-F17CBE059D64}.Debug|x86.ActiveCfg = Debug|Any CPU
		{5118D25C-E367-43E1-9F27-F17CBE059D64}.Release|.NET.ActiveCfg = Release|Any CPU
		{5118D25C-E367-43E1-9F27-F17CBE059D64}.Release|Any CPU.ActiveCfg = Release|Any CPU
		{5118D25C-E367-43E1-9F27-F17CBE059D64}.Release|Any CPU.Build.0 = Release|Any CPU
		{5118D25C-E367-43E1-9F27-F17CBE059D64}.Release|Mixed Platforms.ActiveCfg = Release|Any CPU
		{5118D25C-E367-43E1-9F27-F17CBE059D64}.Release|Mixed Platforms.Build.0 = Release|Any CPU
		{5118D25C-E367-43E1-9F27-F17CBE059D64}.Release|x64.ActiveCfg = Release|Any CPU
		{5118D25C-E367-43E1-9F27-F17CBE059D64}.Release|x86.ActiveCfg = Release|Any CPU
		{CD97849B-E50C-46B1-8A29-74E1933F85EE}.Debug|.NET.ActiveCfg = Debug|Any CPU
		{CD97849B-E50C-46B1-8A29-74E1933F85EE}.Debug|Any CPU.ActiveCfg = Debug|Any CPU
		{CD97849B-E50C-46B1-8A29-74E1933F85EE}.Debug|Any CPU.Build.0 = Debug|Any CPU
		{CD97849B-E50C-46B1-8A29-74E1933F85EE}.Debug|Mixed Platforms.ActiveCfg = Debug|Any CPU
		{CD97849B-E50C-46B1-8A29-74E1933F85EE}.Debug|Mixed Platforms.Build.0 = Debug|Any CPU
		{CD97849B-E50C-46B1-8A29-74E1933F85EE}.Debug|x64.ActiveCfg = Debug|Any CPU
		{CD97849B-E50C-46B1-8A29-74E1933F85EE}.Debug|x86.ActiveCfg = Debug|Any CPU
		{CD97849B-E50C-46B1-8A29-74E1933F85EE}.Release|.NET.ActiveCfg = Release|Any CPU
		{CD97849B-E50C-46B1-8A29-74E1933F85EE}.Release|Any CPU.ActiveCfg = Release|Any CPU
		{CD97849B-E50C-46B1-8A29-74E1933F85EE}.Release|Any CPU.Build.0 = Release|Any CPU
		{CD97849B-E50C-46B1-8A29-74E1933F85EE}.Release|Mixed Platforms.ActiveCfg = Release|Any CPU
		{CD97849B-E50C-46B1-8A29-74E1933F85EE}.Release|Mixed Platforms.Build.0 = Release|Any CPU
		{CD97849B-E50C-46B1-8A29-74E1933F85EE}.Release|x64.ActiveCfg = Release|Any CPU
		{CD97849B-E50C-46B1-8A29-74E1933F85EE}.Release|x86.ActiveCfg = Release|Any CPU
		{140BEE82-800C-4D3C-A4C0-1F3CEC9361A6}.Debug|.NET.ActiveCfg = Debug|Any CPU
		{140BEE82-800C-4D3C-A4C0-1F3CEC9361A6}.Debug|Any CPU.ActiveCfg = Debug|Any CPU
		{140BEE82-800C-4D3C-A4C0-1F3CEC9361A6}.Debug|Any CPU.Build.0 = Debug|Any CPU
		{140BEE82-800C-4D3C-A4C0-1F3CEC9361A6}.Debug|Mixed Platforms.ActiveCfg = Debug|Any CPU
		{140BEE82-800C-4D3C-A4C0-1F3CEC9361A6}.Debug|Mixed Platforms.Build.0 = Debug|Any CPU
		{140BEE82-800C-4D3C-A4C0-1F3CEC9361A6}.Debug|x64.ActiveCfg = Debug|Any CPU
		{140BEE82-800C-4D3C-A4C0-1F3CEC9361A6}.Debug|x86.ActiveCfg = Debug|Any CPU
		{140BEE82-800C-4D3C-A4C0-1F3CEC9361A6}.Release|.NET.ActiveCfg = Release|Any CPU
		{140BEE82-800C-4D3C-A4C0-1F3CEC9361A6}.Release|Any CPU.ActiveCfg = Release|Any CPU
		{140BEE82-800C-4D3C-A4C0-1F3CEC9361A6}.Release|Any CPU.Build.0 = Release|Any CPU
		{140BEE82-800C-4D3C-A4C0-1F3CEC9361A6}.Release|Mixed Platforms.ActiveCfg = Release|Any CPU
		{140BEE82-800C-4D3C-A4C0-1F3CEC9361A6}.Release|Mixed Platforms.Build.0 = Release|Any CPU
		{140BEE82-800C-4D3C-A4C0-1F3CEC9361A6}.Release|x64.ActiveCfg = Release|Any CPU
		{140BEE82-800C-4D3C-A4C0-1F3CEC9361A6}.Release|x86.ActiveCfg = Release|Any CPU
		{25F7447A-1098-4176-AF19-91B8E2D6796B}.Debug|.NET.ActiveCfg = Debug|Any CPU
		{25F7447A-1098-4176-AF19-91B8E2D6796B}.Debug|Any CPU.ActiveCfg = Debug|Any CPU
		{25F7447A-1098-4176-AF19-91B8E2D6796B}.Debug|Any CPU.Build.0 = Debug|Any CPU
		{25F7447A-1098-4176-AF19-91B8E2D6796B}.Debug|Mixed Platforms.ActiveCfg = Debug|Any CPU
		{25F7447A-1098-4176-AF19-91B8E2D6796B}.Debug|Mixed Platforms.Build.0 = Debug|Any CPU
		{25F7447A-1098-4176-AF19-91B8E2D6796B}.Debug|x64.ActiveCfg = Debug|Any CPU
		{25F7447A-1098-4176-AF19-91B8E2D6796B}.Debug|x86.ActiveCfg = Debug|Any CPU
		{25F7447A-1098-4176-AF19-91B8E2D6796B}.Release|.NET.ActiveCfg = Release|Any CPU
		{25F7447A-1098-4176-AF19-91B8E2D6796B}.Release|Any CPU.ActiveCfg = Release|Any CPU
		{25F7447A-1098-4176-AF19-91B8E2D6796B}.Release|Any CPU.Build.0 = Release|Any CPU
		{25F7447A-1098-4176-AF19-91B8E2D6796B}.Release|Mixed Platforms.ActiveCfg = Release|Any CPU
		{25F7447A-1098-4176-AF19-91B8E2D6796B}.Release|Mixed Platforms.Build.0 = Release|Any CPU
		{25F7447A-1098-4176-AF19-91B8E2D6796B}.Release|x64.ActiveCfg = Release|Any CPU
		{25F7447A-1098-4176-AF19-91B8E2D6796B}.Release|x86.ActiveCfg = Release|Any CPU
		{2199838C-001B-4287-A7FA-4E927305CC2A}.Debug|.NET.ActiveCfg = Debug|Any CPU
		{2199838C-001B-4287-A7FA-4E927305CC2A}.Debug|Any CPU.ActiveCfg = Debug|Any CPU
		{2199838C-001B-4287-A7FA-4E927305CC2A}.Debug|Any CPU.Build.0 = Debug|Any CPU
		{2199838C-001B-4287-A7FA-4E927305CC2A}.Debug|Mixed Platforms.ActiveCfg = Debug|Any CPU
		{2199838C-001B-4287-A7FA-4E927305CC2A}.Debug|Mixed Platforms.Build.0 = Debug|Any CPU
		{2199838C-001B-4287-A7FA-4E927305CC2A}.Debug|x64.ActiveCfg = Debug|Any CPU
		{2199838C-001B-4287-A7FA-4E927305CC2A}.Debug|x86.ActiveCfg = Debug|Any CPU
		{2199838C-001B-4287-A7FA-4E927305CC2A}.Release|.NET.ActiveCfg = Release|Any CPU
		{2199838C-001B-4287-A7FA-4E927305CC2A}.Release|Any CPU.ActiveCfg = Release|Any CPU
		{2199838C-001B-4287-A7FA-4E927305CC2A}.Release|Any CPU.Build.0 = Release|Any CPU
		{2199838C-001B-4287-A7FA-4E927305CC2A}.Release|Mixed Platforms.ActiveCfg = Release|Any CPU
		{2199838C-001B-4287-A7FA-4E927305CC2A}.Release|Mixed Platforms.Build.0 = Release|Any CPU
		{2199838C-001B-4287-A7FA-4E927305CC2A}.Release|x64.ActiveCfg = Release|Any CPU
		{2199838C-001B-4287-A7FA-4E927305CC2A}.Release|x86.ActiveCfg = Release|Any CPU
		{82ACAECC-C5E3-470D-91C4-9F6C43CCC1CC}.Debug|.NET.ActiveCfg = Debug|Any CPU
		{82ACAECC-C5E3-470D-91C4-9F6C43CCC1CC}.Debug|Any CPU.ActiveCfg = Debug|Any CPU
		{82ACAECC-C5E3-470D-91C4-9F6C43CCC1CC}.Debug|Any CPU.Build.0 = Debug|Any CPU
		{82ACAECC-C5E3-470D-91C4-9F6C43CCC1CC}.Debug|Mixed Platforms.ActiveCfg = Debug|Any CPU
		{82ACAECC-C5E3-470D-91C4-9F6C43CCC1CC}.Debug|Mixed Platforms.Build.0 = Debug|Any CPU
		{82ACAECC-C5E3-470D-91C4-9F6C43CCC1CC}.Debug|x64.ActiveCfg = Debug|Any CPU
		{82ACAECC-C5E3-470D-91C4-9F6C43CCC1CC}.Debug|x86.ActiveCfg = Debug|Any CPU
		{82ACAECC-C5E3-470D-91C4-9F6C43CCC1CC}.Release|.NET.ActiveCfg = Release|Any CPU
		{82ACAECC-C5E3-470D-91C4-9F6C43CCC1CC}.Release|Any CPU.ActiveCfg = Release|Any CPU
		{82ACAECC-C5E3-470D-91C4-9F6C43CCC1CC}.Release|Any CPU.Build.0 = Release|Any CPU
		{82ACAECC-C5E3-470D-91C4-9F6C43CCC1CC}.Release|Mixed Platforms.ActiveCfg = Release|Any CPU
		{82ACAECC-C5E3-470D-91C4-9F6C43CCC1CC}.Release|Mixed Platforms.Build.0 = Release|Any CPU
		{82ACAECC-C5E3-470D-91C4-9F6C43CCC1CC}.Release|x64.ActiveCfg = Release|Any CPU
		{82ACAECC-C5E3-470D-91C4-9F6C43CCC1CC}.Release|x86.ActiveCfg = Release|Any CPU
		{A128AED6-F1C8-4D86-A22B-97EB0D892C70}.Debug|.NET.ActiveCfg = Debug|Any CPU
		{A128AED6-F1C8-4D86-A22B-97EB0D892C70}.Debug|Any CPU.ActiveCfg = Debug|Any CPU
		{A128AED6-F1C8-4D86-A22B-97EB0D892C70}.Debug|Any CPU.Build.0 = Debug|Any CPU
		{A128AED6-F1C8-4D86-A22B-97EB0D892C70}.Debug|Mixed Platforms.ActiveCfg = Debug|Any CPU
		{A128AED6-F1C8-4D86-A22B-97EB0D892C70}.Debug|Mixed Platforms.Build.0 = Debug|Any CPU
		{A128AED6-F1C8-4D86-A22B-97EB0D892C70}.Debug|x64.ActiveCfg = Debug|Any CPU
		{A128AED6-F1C8-4D86-A22B-97EB0D892C70}.Debug|x86.ActiveCfg = Debug|Any CPU
		{A128AED6-F1C8-4D86-A22B-97EB0D892C70}.Release|.NET.ActiveCfg = Release|Any CPU
		{A128AED6-F1C8-4D86-A22B-97EB0D892C70}.Release|Any CPU.ActiveCfg = Release|Any CPU
		{A128AED6-F1C8-4D86-A22B-97EB0D892C70}.Release|Any CPU.Build.0 = Release|Any CPU
		{A128AED6-F1C8-4D86-A22B-97EB0D892C70}.Release|Mixed Platforms.ActiveCfg = Release|Any CPU
		{A128AED6-F1C8-4D86-A22B-97EB0D892C70}.Release|Mixed Platforms.Build.0 = Release|Any CPU
		{A128AED6-F1C8-4D86-A22B-97EB0D892C70}.Release|x64.ActiveCfg = Release|Any CPU
		{A128AED6-F1C8-4D86-A22B-97EB0D892C70}.Release|x86.ActiveCfg = Release|Any CPU
		{D937BA9E-1E6C-4757-98CC-7D932F4697B0}.Debug|.NET.ActiveCfg = Debug|Any CPU
		{D937BA9E-1E6C-4757-98CC-7D932F4697B0}.Debug|Any CPU.ActiveCfg = Debug|Any CPU
		{D937BA9E-1E6C-4757-98CC-7D932F4697B0}.Debug|Any CPU.Build.0 = Debug|Any CPU
		{D937BA9E-1E6C-4757-98CC-7D932F4697B0}.Debug|Mixed Platforms.ActiveCfg = Debug|Any CPU
		{D937BA9E-1E6C-4757-98CC-7D932F4697B0}.Debug|Mixed Platforms.Build.0 = Debug|Any CPU
		{D937BA9E-1E6C-4757-98CC-7D932F4697B0}.Debug|x64.ActiveCfg = Debug|Any CPU
		{D937BA9E-1E6C-4757-98CC-7D932F4697B0}.Debug|x86.ActiveCfg = Debug|Any CPU
		{D937BA9E-1E6C-4757-98CC-7D932F4697B0}.Release|.NET.ActiveCfg = Release|Any CPU
		{D937BA9E-1E6C-4757-98CC-7D932F4697B0}.Release|Any CPU.ActiveCfg = Release|Any CPU
		{D937BA9E-1E6C-4757-98CC-7D932F4697B0}.Release|Any CPU.Build.0 = Release|Any CPU
		{D937BA9E-1E6C-4757-98CC-7D932F4697B0}.Release|Mixed Platforms.ActiveCfg = Release|Any CPU
		{D937BA9E-1E6C-4757-98CC-7D932F4697B0}.Release|Mixed Platforms.Build.0 = Release|Any CPU
		{D937BA9E-1E6C-4757-98CC-7D932F4697B0}.Release|x64.ActiveCfg = Release|Any CPU
		{D937BA9E-1E6C-4757-98CC-7D932F4697B0}.Release|x86.ActiveCfg = Release|Any CPU
		{C09BBBAE-2874-4168-874C-D3C9E780B6FE}.Debug|.NET.ActiveCfg = Debug|Any CPU
		{C09BBBAE-2874-4168-874C-D3C9E780B6FE}.Debug|Any CPU.ActiveCfg = Debug|Any CPU
		{C09BBBAE-2874-4168-874C-D3C9E780B6FE}.Debug|Any CPU.Build.0 = Debug|Any CPU
		{C09BBBAE-2874-4168-874C-D3C9E780B6FE}.Debug|Mixed Platforms.ActiveCfg = Debug|Any CPU
		{C09BBBAE-2874-4168-874C-D3C9E780B6FE}.Debug|Mixed Platforms.Build.0 = Debug|Any CPU
		{C09BBBAE-2874-4168-874C-D3C9E780B6FE}.Debug|x64.ActiveCfg = Debug|Any CPU
		{C09BBBAE-2874-4168-874C-D3C9E780B6FE}.Debug|x86.ActiveCfg = Debug|Any CPU
		{C09BBBAE-2874-4168-874C-D3C9E780B6FE}.Release|.NET.ActiveCfg = Release|Any CPU
		{C09BBBAE-2874-4168-874C-D3C9E780B6FE}.Release|Any CPU.ActiveCfg = Release|Any CPU
		{C09BBBAE-2874-4168-874C-D3C9E780B6FE}.Release|Any CPU.Build.0 = Release|Any CPU
		{C09BBBAE-2874-4168-874C-D3C9E780B6FE}.Release|Mixed Platforms.ActiveCfg = Release|Any CPU
		{C09BBBAE-2874-4168-874C-D3C9E780B6FE}.Release|Mixed Platforms.Build.0 = Release|Any CPU
		{C09BBBAE-2874-4168-874C-D3C9E780B6FE}.Release|x64.ActiveCfg = Release|Any CPU
		{C09BBBAE-2874-4168-874C-D3C9E780B6FE}.Release|x86.ActiveCfg = Release|Any CPU
		{13FADE77-14DD-4F14-A52E-63AE71DB1756}.Debug|.NET.ActiveCfg = Debug|Any CPU
		{13FADE77-14DD-4F14-A52E-63AE71DB1756}.Debug|Any CPU.ActiveCfg = Debug|Any CPU
		{13FADE77-14DD-4F14-A52E-63AE71DB1756}.Debug|Any CPU.Build.0 = Debug|Any CPU
		{13FADE77-14DD-4F14-A52E-63AE71DB1756}.Debug|Mixed Platforms.ActiveCfg = Debug|Any CPU
		{13FADE77-14DD-4F14-A52E-63AE71DB1756}.Debug|Mixed Platforms.Build.0 = Debug|Any CPU
		{13FADE77-14DD-4F14-A52E-63AE71DB1756}.Debug|x64.ActiveCfg = Debug|Any CPU
		{13FADE77-14DD-4F14-A52E-63AE71DB1756}.Debug|x86.ActiveCfg = Debug|Any CPU
		{13FADE77-14DD-4F14-A52E-63AE71DB1756}.Release|.NET.ActiveCfg = Release|Any CPU
		{13FADE77-14DD-4F14-A52E-63AE71DB1756}.Release|Any CPU.ActiveCfg = Release|Any CPU
		{13FADE77-14DD-4F14-A52E-63AE71DB1756}.Release|Any CPU.Build.0 = Release|Any CPU
		{13FADE77-14DD-4F14-A52E-63AE71DB1756}.Release|Mixed Platforms.ActiveCfg = Release|Any CPU
		{13FADE77-14DD-4F14-A52E-63AE71DB1756}.Release|Mixed Platforms.Build.0 = Release|Any CPU
		{13FADE77-14DD-4F14-A52E-63AE71DB1756}.Release|x64.ActiveCfg = Release|Any CPU
		{13FADE77-14DD-4F14-A52E-63AE71DB1756}.Release|x86.ActiveCfg = Release|Any CPU
		{1A6A1729-0B96-40A7-A4B5-6DADE71682B3}.Debug|.NET.ActiveCfg = Debug|Any CPU
		{1A6A1729-0B96-40A7-A4B5-6DADE71682B3}.Debug|Any CPU.ActiveCfg = Debug|Any CPU
		{1A6A1729-0B96-40A7-A4B5-6DADE71682B3}.Debug|Any CPU.Build.0 = Debug|Any CPU
		{1A6A1729-0B96-40A7-A4B5-6DADE71682B3}.Debug|Mixed Platforms.ActiveCfg = Debug|Any CPU
		{1A6A1729-0B96-40A7-A4B5-6DADE71682B3}.Debug|Mixed Platforms.Build.0 = Debug|Any CPU
		{1A6A1729-0B96-40A7-A4B5-6DADE71682B3}.Debug|x64.ActiveCfg = Debug|Any CPU
		{1A6A1729-0B96-40A7-A4B5-6DADE71682B3}.Debug|x86.ActiveCfg = Debug|Any CPU
		{1A6A1729-0B96-40A7-A4B5-6DADE71682B3}.Release|.NET.ActiveCfg = Release|Any CPU
		{1A6A1729-0B96-40A7-A4B5-6DADE71682B3}.Release|Any CPU.ActiveCfg = Release|Any CPU
		{1A6A1729-0B96-40A7-A4B5-6DADE71682B3}.Release|Any CPU.Build.0 = Release|Any CPU
		{1A6A1729-0B96-40A7-A4B5-6DADE71682B3}.Release|Mixed Platforms.ActiveCfg = Release|Any CPU
		{1A6A1729-0B96-40A7-A4B5-6DADE71682B3}.Release|Mixed Platforms.Build.0 = Release|Any CPU
		{1A6A1729-0B96-40A7-A4B5-6DADE71682B3}.Release|x64.ActiveCfg = Release|Any CPU
		{1A6A1729-0B96-40A7-A4B5-6DADE71682B3}.Release|x86.ActiveCfg = Release|Any CPU
		{D438C0B3-A168-40B8-BDDD-61F0939DFF35}.Debug|.NET.ActiveCfg = Debug|Any CPU
		{D438C0B3-A168-40B8-BDDD-61F0939DFF35}.Debug|Any CPU.ActiveCfg = Debug|Any CPU
		{D438C0B3-A168-40B8-BDDD-61F0939DFF35}.Debug|Any CPU.Build.0 = Debug|Any CPU
		{D438C0B3-A168-40B8-BDDD-61F0939DFF35}.Debug|Mixed Platforms.ActiveCfg = Debug|Any CPU
		{D438C0B3-A168-40B8-BDDD-61F0939DFF35}.Debug|Mixed Platforms.Build.0 = Debug|Any CPU
		{D438C0B3-A168-40B8-BDDD-61F0939DFF35}.Debug|x64.ActiveCfg = Debug|Any CPU
		{D438C0B3-A168-40B8-BDDD-61F0939DFF35}.Debug|x86.ActiveCfg = Debug|Any CPU
		{D438C0B3-A168-40B8-BDDD-61F0939DFF35}.Release|.NET.ActiveCfg = Release|Any CPU
		{D438C0B3-A168-40B8-BDDD-61F0939DFF35}.Release|Any CPU.ActiveCfg = Release|Any CPU
		{D438C0B3-A168-40B8-BDDD-61F0939DFF35}.Release|Any CPU.Build.0 = Release|Any CPU
		{D438C0B3-A168-40B8-BDDD-61F0939DFF35}.Release|Mixed Platforms.ActiveCfg = Release|Any CPU
		{D438C0B3-A168-40B8-BDDD-61F0939DFF35}.Release|Mixed Platforms.Build.0 = Release|Any CPU
		{D438C0B3-A168-40B8-BDDD-61F0939DFF35}.Release|x64.ActiveCfg = Release|Any CPU
		{D438C0B3-A168-40B8-BDDD-61F0939DFF35}.Release|x86.ActiveCfg = Release|Any CPU
		{499527FF-AE52-450F-B3E3-4AD53E1712AD}.Debug|.NET.ActiveCfg = Debug|Any CPU
		{499527FF-AE52-450F-B3E3-4AD53E1712AD}.Debug|Any CPU.ActiveCfg = Debug|Any CPU
		{499527FF-AE52-450F-B3E3-4AD53E1712AD}.Debug|Any CPU.Build.0 = Debug|Any CPU
		{499527FF-AE52-450F-B3E3-4AD53E1712AD}.Debug|Mixed Platforms.ActiveCfg = Debug|Any CPU
		{499527FF-AE52-450F-B3E3-4AD53E1712AD}.Debug|Mixed Platforms.Build.0 = Debug|Any CPU
		{499527FF-AE52-450F-B3E3-4AD53E1712AD}.Debug|x64.ActiveCfg = Debug|Any CPU
		{499527FF-AE52-450F-B3E3-4AD53E1712AD}.Debug|x86.ActiveCfg = Debug|Any CPU
		{499527FF-AE52-450F-B3E3-4AD53E1712AD}.Release|.NET.ActiveCfg = Release|Any CPU
		{499527FF-AE52-450F-B3E3-4AD53E1712AD}.Release|Any CPU.ActiveCfg = Release|Any CPU
		{499527FF-AE52-450F-B3E3-4AD53E1712AD}.Release|Any CPU.Build.0 = Release|Any CPU
		{499527FF-AE52-450F-B3E3-4AD53E1712AD}.Release|Mixed Platforms.ActiveCfg = Release|Any CPU
		{499527FF-AE52-450F-B3E3-4AD53E1712AD}.Release|Mixed Platforms.Build.0 = Release|Any CPU
		{499527FF-AE52-450F-B3E3-4AD53E1712AD}.Release|x64.ActiveCfg = Release|Any CPU
		{499527FF-AE52-450F-B3E3-4AD53E1712AD}.Release|x86.ActiveCfg = Release|Any CPU
		{D7BBFCCD-F523-400A-89C6-7AD879FBC56C}.Debug|.NET.ActiveCfg = Debug|Any CPU
		{D7BBFCCD-F523-400A-89C6-7AD879FBC56C}.Debug|Any CPU.ActiveCfg = Debug|Any CPU
		{D7BBFCCD-F523-400A-89C6-7AD879FBC56C}.Debug|Any CPU.Build.0 = Debug|Any CPU
		{D7BBFCCD-F523-400A-89C6-7AD879FBC56C}.Debug|Mixed Platforms.ActiveCfg = Debug|Any CPU
		{D7BBFCCD-F523-400A-89C6-7AD879FBC56C}.Debug|Mixed Platforms.Build.0 = Debug|Any CPU
		{D7BBFCCD-F523-400A-89C6-7AD879FBC56C}.Debug|x64.ActiveCfg = Debug|Any CPU
		{D7BBFCCD-F523-400A-89C6-7AD879FBC56C}.Debug|x86.ActiveCfg = Debug|Any CPU
		{D7BBFCCD-F523-400A-89C6-7AD879FBC56C}.Release|.NET.ActiveCfg = Release|Any CPU
		{D7BBFCCD-F523-400A-89C6-7AD879FBC56C}.Release|Any CPU.ActiveCfg = Release|Any CPU
		{D7BBFCCD-F523-400A-89C6-7AD879FBC56C}.Release|Any CPU.Build.0 = Release|Any CPU
		{D7BBFCCD-F523-400A-89C6-7AD879FBC56C}.Release|Mixed Platforms.ActiveCfg = Release|Any CPU
		{D7BBFCCD-F523-400A-89C6-7AD879FBC56C}.Release|Mixed Platforms.Build.0 = Release|Any CPU
		{D7BBFCCD-F523-400A-89C6-7AD879FBC56C}.Release|x64.ActiveCfg = Release|Any CPU
		{D7BBFCCD-F523-400A-89C6-7AD879FBC56C}.Release|x86.ActiveCfg = Release|Any CPU
		{54BFAB0E-44DC-44DA-A291-3B58B4A2D304}.Debug|.NET.ActiveCfg = Debug|Any CPU
		{54BFAB0E-44DC-44DA-A291-3B58B4A2D304}.Debug|Any CPU.ActiveCfg = Debug|Any CPU
		{54BFAB0E-44DC-44DA-A291-3B58B4A2D304}.Debug|Any CPU.Build.0 = Debug|Any CPU
		{54BFAB0E-44DC-44DA-A291-3B58B4A2D304}.Debug|Mixed Platforms.ActiveCfg = Debug|Any CPU
		{54BFAB0E-44DC-44DA-A291-3B58B4A2D304}.Debug|Mixed Platforms.Build.0 = Debug|Any CPU
		{54BFAB0E-44DC-44DA-A291-3B58B4A2D304}.Debug|x64.ActiveCfg = Debug|Any CPU
		{54BFAB0E-44DC-44DA-A291-3B58B4A2D304}.Debug|x86.ActiveCfg = Debug|Any CPU
		{54BFAB0E-44DC-44DA-A291-3B58B4A2D304}.Release|.NET.ActiveCfg = Release|Any CPU
		{54BFAB0E-44DC-44DA-A291-3B58B4A2D304}.Release|Any CPU.ActiveCfg = Release|Any CPU
		{54BFAB0E-44DC-44DA-A291-3B58B4A2D304}.Release|Any CPU.Build.0 = Release|Any CPU
		{54BFAB0E-44DC-44DA-A291-3B58B4A2D304}.Release|Mixed Platforms.ActiveCfg = Release|Any CPU
		{54BFAB0E-44DC-44DA-A291-3B58B4A2D304}.Release|Mixed Platforms.Build.0 = Release|Any CPU
		{54BFAB0E-44DC-44DA-A291-3B58B4A2D304}.Release|x64.ActiveCfg = Release|Any CPU
		{54BFAB0E-44DC-44DA-A291-3B58B4A2D304}.Release|x86.ActiveCfg = Release|Any CPU
		{EC508F4F-28B0-4C88-B2FA-C22C87C1532E}.Debug|.NET.ActiveCfg = Debug|Any CPU
		{EC508F4F-28B0-4C88-B2FA-C22C87C1532E}.Debug|Any CPU.ActiveCfg = Debug|Any CPU
		{EC508F4F-28B0-4C88-B2FA-C22C87C1532E}.Debug|Any CPU.Build.0 = Debug|Any CPU
		{EC508F4F-28B0-4C88-B2FA-C22C87C1532E}.Debug|Mixed Platforms.ActiveCfg = Debug|Any CPU
		{EC508F4F-28B0-4C88-B2FA-C22C87C1532E}.Debug|Mixed Platforms.Build.0 = Debug|Any CPU
		{EC508F4F-28B0-4C88-B2FA-C22C87C1532E}.Debug|x64.ActiveCfg = Debug|Any CPU
		{EC508F4F-28B0-4C88-B2FA-C22C87C1532E}.Debug|x86.ActiveCfg = Debug|Any CPU
		{EC508F4F-28B0-4C88-B2FA-C22C87C1532E}.Release|.NET.ActiveCfg = Release|Any CPU
		{EC508F4F-28B0-4C88-B2FA-C22C87C1532E}.Release|Any CPU.ActiveCfg = Release|Any CPU
		{EC508F4F-28B0-4C88-B2FA-C22C87C1532E}.Release|Any CPU.Build.0 = Release|Any CPU
		{EC508F4F-28B0-4C88-B2FA-C22C87C1532E}.Release|Mixed Platforms.ActiveCfg = Release|Any CPU
		{EC508F4F-28B0-4C88-B2FA-C22C87C1532E}.Release|Mixed Platforms.Build.0 = Release|Any CPU
		{EC508F4F-28B0-4C88-B2FA-C22C87C1532E}.Release|x64.ActiveCfg = Release|Any CPU
		{EC508F4F-28B0-4C88-B2FA-C22C87C1532E}.Release|x86.ActiveCfg = Release|Any CPU
		{87A4DFC8-ABA4-4711-B3B8-2CB0EB492644}.Debug|.NET.ActiveCfg = Debug|Any CPU
		{87A4DFC8-ABA4-4711-B3B8-2CB0EB492644}.Debug|Any CPU.ActiveCfg = Debug|Any CPU
		{87A4DFC8-ABA4-4711-B3B8-2CB0EB492644}.Debug|Any CPU.Build.0 = Debug|Any CPU
		{87A4DFC8-ABA4-4711-B3B8-2CB0EB492644}.Debug|Mixed Platforms.ActiveCfg = Debug|Any CPU
		{87A4DFC8-ABA4-4711-B3B8-2CB0EB492644}.Debug|Mixed Platforms.Build.0 = Debug|Any CPU
		{87A4DFC8-ABA4-4711-B3B8-2CB0EB492644}.Debug|x64.ActiveCfg = Debug|Any CPU
		{87A4DFC8-ABA4-4711-B3B8-2CB0EB492644}.Debug|x86.ActiveCfg = Debug|Any CPU
		{87A4DFC8-ABA4-4711-B3B8-2CB0EB492644}.Release|.NET.ActiveCfg = Release|Any CPU
		{87A4DFC8-ABA4-4711-B3B8-2CB0EB492644}.Release|Any CPU.ActiveCfg = Release|Any CPU
		{87A4DFC8-ABA4-4711-B3B8-2CB0EB492644}.Release|Any CPU.Build.0 = Release|Any CPU
		{87A4DFC8-ABA4-4711-B3B8-2CB0EB492644}.Release|Mixed Platforms.ActiveCfg = Release|Any CPU
		{87A4DFC8-ABA4-4711-B3B8-2CB0EB492644}.Release|Mixed Platforms.Build.0 = Release|Any CPU
		{87A4DFC8-ABA4-4711-B3B8-2CB0EB492644}.Release|x64.ActiveCfg = Release|Any CPU
		{87A4DFC8-ABA4-4711-B3B8-2CB0EB492644}.Release|x86.ActiveCfg = Release|Any CPU
		{5D56B440-8497-4547-A684-F60580E10251}.Debug|.NET.ActiveCfg = Debug|Any CPU
		{5D56B440-8497-4547-A684-F60580E10251}.Debug|Any CPU.ActiveCfg = Debug|Any CPU
		{5D56B440-8497-4547-A684-F60580E10251}.Debug|Any CPU.Build.0 = Debug|Any CPU
		{5D56B440-8497-4547-A684-F60580E10251}.Debug|Mixed Platforms.ActiveCfg = Debug|Any CPU
		{5D56B440-8497-4547-A684-F60580E10251}.Debug|Mixed Platforms.Build.0 = Debug|Any CPU
		{5D56B440-8497-4547-A684-F60580E10251}.Debug|x64.ActiveCfg = Debug|Any CPU
		{5D56B440-8497-4547-A684-F60580E10251}.Debug|x86.ActiveCfg = Debug|Any CPU
		{5D56B440-8497-4547-A684-F60580E10251}.Release|.NET.ActiveCfg = Release|Any CPU
		{5D56B440-8497-4547-A684-F60580E10251}.Release|Any CPU.ActiveCfg = Release|Any CPU
		{5D56B440-8497-4547-A684-F60580E10251}.Release|Any CPU.Build.0 = Release|Any CPU
		{5D56B440-8497-4547-A684-F60580E10251}.Release|Mixed Platforms.ActiveCfg = Release|Any CPU
		{5D56B440-8497-4547-A684-F60580E10251}.Release|Mixed Platforms.Build.0 = Release|Any CPU
		{5D56B440-8497-4547-A684-F60580E10251}.Release|x64.ActiveCfg = Release|Any CPU
		{5D56B440-8497-4547-A684-F60580E10251}.Release|x86.ActiveCfg = Release|Any CPU
		{A800D9F1-D877-4076-99BA-CBD73BCFB203}.Debug|.NET.ActiveCfg = Debug|Any CPU
		{A800D9F1-D877-4076-99BA-CBD73BCFB203}.Debug|Any CPU.ActiveCfg = Debug|Any CPU
		{A800D9F1-D877-4076-99BA-CBD73BCFB203}.Debug|Any CPU.Build.0 = Debug|Any CPU
		{A800D9F1-D877-4076-99BA-CBD73BCFB203}.Debug|Mixed Platforms.ActiveCfg = Debug|Any CPU
		{A800D9F1-D877-4076-99BA-CBD73BCFB203}.Debug|Mixed Platforms.Build.0 = Debug|Any CPU
		{A800D9F1-D877-4076-99BA-CBD73BCFB203}.Debug|x64.ActiveCfg = Debug|Any CPU
		{A800D9F1-D877-4076-99BA-CBD73BCFB203}.Debug|x86.ActiveCfg = Debug|Any CPU
		{A800D9F1-D877-4076-99BA-CBD73BCFB203}.Release|.NET.ActiveCfg = Release|Any CPU
		{A800D9F1-D877-4076-99BA-CBD73BCFB203}.Release|Any CPU.ActiveCfg = Release|Any CPU
		{A800D9F1-D877-4076-99BA-CBD73BCFB203}.Release|Any CPU.Build.0 = Release|Any CPU
		{A800D9F1-D877-4076-99BA-CBD73BCFB203}.Release|Mixed Platforms.ActiveCfg = Release|Any CPU
		{A800D9F1-D877-4076-99BA-CBD73BCFB203}.Release|Mixed Platforms.Build.0 = Release|Any CPU
		{A800D9F1-D877-4076-99BA-CBD73BCFB203}.Release|x64.ActiveCfg = Release|Any CPU
		{A800D9F1-D877-4076-99BA-CBD73BCFB203}.Release|x86.ActiveCfg = Release|Any CPU
		{155A25CF-FB13-4A01-B204-BF6F56655306}.Debug|.NET.ActiveCfg = Debug|Any CPU
		{155A25CF-FB13-4A01-B204-BF6F56655306}.Debug|Any CPU.ActiveCfg = Debug|Any CPU
		{155A25CF-FB13-4A01-B204-BF6F56655306}.Debug|Any CPU.Build.0 = Debug|Any CPU
		{155A25CF-FB13-4A01-B204-BF6F56655306}.Debug|Mixed Platforms.ActiveCfg = Debug|Any CPU
		{155A25CF-FB13-4A01-B204-BF6F56655306}.Debug|Mixed Platforms.Build.0 = Debug|Any CPU
		{155A25CF-FB13-4A01-B204-BF6F56655306}.Debug|x64.ActiveCfg = Debug|Any CPU
		{155A25CF-FB13-4A01-B204-BF6F56655306}.Debug|x86.ActiveCfg = Debug|Any CPU
		{155A25CF-FB13-4A01-B204-BF6F56655306}.Release|.NET.ActiveCfg = Release|Any CPU
		{155A25CF-FB13-4A01-B204-BF6F56655306}.Release|Any CPU.ActiveCfg = Release|Any CPU
		{155A25CF-FB13-4A01-B204-BF6F56655306}.Release|Any CPU.Build.0 = Release|Any CPU
		{155A25CF-FB13-4A01-B204-BF6F56655306}.Release|Mixed Platforms.ActiveCfg = Release|Any CPU
		{155A25CF-FB13-4A01-B204-BF6F56655306}.Release|Mixed Platforms.Build.0 = Release|Any CPU
		{155A25CF-FB13-4A01-B204-BF6F56655306}.Release|x64.ActiveCfg = Release|Any CPU
		{155A25CF-FB13-4A01-B204-BF6F56655306}.Release|x86.ActiveCfg = Release|Any CPU
		{D27CF69D-4681-492A-BE4D-D3D209104423}.Debug|.NET.ActiveCfg = Debug|Any CPU
		{D27CF69D-4681-492A-BE4D-D3D209104423}.Debug|Any CPU.ActiveCfg = Debug|Any CPU
		{D27CF69D-4681-492A-BE4D-D3D209104423}.Debug|Any CPU.Build.0 = Debug|Any CPU
		{D27CF69D-4681-492A-BE4D-D3D209104423}.Debug|Mixed Platforms.ActiveCfg = Debug|Any CPU
		{D27CF69D-4681-492A-BE4D-D3D209104423}.Debug|Mixed Platforms.Build.0 = Debug|Any CPU
		{D27CF69D-4681-492A-BE4D-D3D209104423}.Debug|x64.ActiveCfg = Debug|Any CPU
		{D27CF69D-4681-492A-BE4D-D3D209104423}.Debug|x86.ActiveCfg = Debug|Any CPU
		{D27CF69D-4681-492A-BE4D-D3D209104423}.Release|.NET.ActiveCfg = Release|Any CPU
		{D27CF69D-4681-492A-BE4D-D3D209104423}.Release|Any CPU.ActiveCfg = Release|Any CPU
		{D27CF69D-4681-492A-BE4D-D3D209104423}.Release|Any CPU.Build.0 = Release|Any CPU
		{D27CF69D-4681-492A-BE4D-D3D209104423}.Release|Mixed Platforms.ActiveCfg = Release|Any CPU
		{D27CF69D-4681-492A-BE4D-D3D209104423}.Release|Mixed Platforms.Build.0 = Release|Any CPU
		{D27CF69D-4681-492A-BE4D-D3D209104423}.Release|x64.ActiveCfg = Release|Any CPU
		{D27CF69D-4681-492A-BE4D-D3D209104423}.Release|x86.ActiveCfg = Release|Any CPU
		{327E25D4-D8DF-4704-ABA3-274F8E777847}.Debug|.NET.ActiveCfg = Debug|Any CPU
		{327E25D4-D8DF-4704-ABA3-274F8E777847}.Debug|Any CPU.ActiveCfg = Debug|Any CPU
		{327E25D4-D8DF-4704-ABA3-274F8E777847}.Debug|Any CPU.Build.0 = Debug|Any CPU
		{327E25D4-D8DF-4704-ABA3-274F8E777847}.Debug|Mixed Platforms.ActiveCfg = Debug|Any CPU
		{327E25D4-D8DF-4704-ABA3-274F8E777847}.Debug|Mixed Platforms.Build.0 = Debug|Any CPU
		{327E25D4-D8DF-4704-ABA3-274F8E777847}.Debug|x64.ActiveCfg = Debug|Any CPU
		{327E25D4-D8DF-4704-ABA3-274F8E777847}.Debug|x86.ActiveCfg = Debug|Any CPU
		{327E25D4-D8DF-4704-ABA3-274F8E777847}.Release|.NET.ActiveCfg = Release|Any CPU
		{327E25D4-D8DF-4704-ABA3-274F8E777847}.Release|Any CPU.ActiveCfg = Release|Any CPU
		{327E25D4-D8DF-4704-ABA3-274F8E777847}.Release|Any CPU.Build.0 = Release|Any CPU
		{327E25D4-D8DF-4704-ABA3-274F8E777847}.Release|Mixed Platforms.ActiveCfg = Release|Any CPU
		{327E25D4-D8DF-4704-ABA3-274F8E777847}.Release|Mixed Platforms.Build.0 = Release|Any CPU
		{327E25D4-D8DF-4704-ABA3-274F8E777847}.Release|x64.ActiveCfg = Release|Any CPU
		{327E25D4-D8DF-4704-ABA3-274F8E777847}.Release|x86.ActiveCfg = Release|Any CPU
		{92268E63-E20E-4ED1-86DB-B621712F9A80}.Debug|.NET.ActiveCfg = Debug|x64
		{92268E63-E20E-4ED1-86DB-B621712F9A80}.Debug|Any CPU.ActiveCfg = Debug|Any CPU
		{92268E63-E20E-4ED1-86DB-B621712F9A80}.Debug|Any CPU.Build.0 = Debug|Any CPU
		{92268E63-E20E-4ED1-86DB-B621712F9A80}.Debug|Mixed Platforms.ActiveCfg = Debug|x64
		{92268E63-E20E-4ED1-86DB-B621712F9A80}.Debug|Mixed Platforms.Build.0 = Debug|x64
		{92268E63-E20E-4ED1-86DB-B621712F9A80}.Debug|x64.ActiveCfg = Debug|x64
		{92268E63-E20E-4ED1-86DB-B621712F9A80}.Debug|x64.Build.0 = Debug|x64
		{92268E63-E20E-4ED1-86DB-B621712F9A80}.Debug|x86.ActiveCfg = Debug|x86
		{92268E63-E20E-4ED1-86DB-B621712F9A80}.Debug|x86.Build.0 = Debug|x86
		{92268E63-E20E-4ED1-86DB-B621712F9A80}.Release|.NET.ActiveCfg = Release|x64
		{92268E63-E20E-4ED1-86DB-B621712F9A80}.Release|Any CPU.ActiveCfg = Release|Any CPU
		{92268E63-E20E-4ED1-86DB-B621712F9A80}.Release|Any CPU.Build.0 = Release|Any CPU
		{92268E63-E20E-4ED1-86DB-B621712F9A80}.Release|Mixed Platforms.ActiveCfg = Release|x64
		{92268E63-E20E-4ED1-86DB-B621712F9A80}.Release|Mixed Platforms.Build.0 = Release|x64
		{92268E63-E20E-4ED1-86DB-B621712F9A80}.Release|x64.ActiveCfg = Release|x64
		{92268E63-E20E-4ED1-86DB-B621712F9A80}.Release|x64.Build.0 = Release|x64
		{92268E63-E20E-4ED1-86DB-B621712F9A80}.Release|x86.ActiveCfg = Release|x86
		{92268E63-E20E-4ED1-86DB-B621712F9A80}.Release|x86.Build.0 = Release|x86
		{51A5DB78-BDDF-466D-911D-FCD600413726}.Debug|.NET.ActiveCfg = Debug|Any CPU
		{51A5DB78-BDDF-466D-911D-FCD600413726}.Debug|Any CPU.ActiveCfg = Debug|Any CPU
		{51A5DB78-BDDF-466D-911D-FCD600413726}.Debug|Any CPU.Build.0 = Debug|Any CPU
		{51A5DB78-BDDF-466D-911D-FCD600413726}.Debug|Mixed Platforms.ActiveCfg = Debug|Any CPU
		{51A5DB78-BDDF-466D-911D-FCD600413726}.Debug|Mixed Platforms.Build.0 = Debug|Any CPU
		{51A5DB78-BDDF-466D-911D-FCD600413726}.Debug|x64.ActiveCfg = Debug|Any CPU
		{51A5DB78-BDDF-466D-911D-FCD600413726}.Debug|x86.ActiveCfg = Debug|Any CPU
		{51A5DB78-BDDF-466D-911D-FCD600413726}.Release|.NET.ActiveCfg = Release|Any CPU
		{51A5DB78-BDDF-466D-911D-FCD600413726}.Release|Any CPU.ActiveCfg = Release|Any CPU
		{51A5DB78-BDDF-466D-911D-FCD600413726}.Release|Any CPU.Build.0 = Release|Any CPU
		{51A5DB78-BDDF-466D-911D-FCD600413726}.Release|Mixed Platforms.ActiveCfg = Release|Any CPU
		{51A5DB78-BDDF-466D-911D-FCD600413726}.Release|Mixed Platforms.Build.0 = Release|Any CPU
		{51A5DB78-BDDF-466D-911D-FCD600413726}.Release|x64.ActiveCfg = Release|Any CPU
		{51A5DB78-BDDF-466D-911D-FCD600413726}.Release|x86.ActiveCfg = Release|Any CPU
		{B0D68D3E-8ACE-4F33-9E85-F32CED622614}.Debug|.NET.ActiveCfg = Debug|Any CPU
		{B0D68D3E-8ACE-4F33-9E85-F32CED622614}.Debug|Any CPU.ActiveCfg = Debug|Any CPU
		{B0D68D3E-8ACE-4F33-9E85-F32CED622614}.Debug|Any CPU.Build.0 = Debug|Any CPU
		{B0D68D3E-8ACE-4F33-9E85-F32CED622614}.Debug|Mixed Platforms.ActiveCfg = Debug|Any CPU
		{B0D68D3E-8ACE-4F33-9E85-F32CED622614}.Debug|Mixed Platforms.Build.0 = Debug|Any CPU
		{B0D68D3E-8ACE-4F33-9E85-F32CED622614}.Debug|x64.ActiveCfg = Debug|Any CPU
		{B0D68D3E-8ACE-4F33-9E85-F32CED622614}.Debug|x86.ActiveCfg = Debug|Any CPU
		{B0D68D3E-8ACE-4F33-9E85-F32CED622614}.Release|.NET.ActiveCfg = Release|Any CPU
		{B0D68D3E-8ACE-4F33-9E85-F32CED622614}.Release|Any CPU.ActiveCfg = Release|Any CPU
		{B0D68D3E-8ACE-4F33-9E85-F32CED622614}.Release|Any CPU.Build.0 = Release|Any CPU
		{B0D68D3E-8ACE-4F33-9E85-F32CED622614}.Release|Mixed Platforms.ActiveCfg = Release|Any CPU
		{B0D68D3E-8ACE-4F33-9E85-F32CED622614}.Release|Mixed Platforms.Build.0 = Release|Any CPU
		{B0D68D3E-8ACE-4F33-9E85-F32CED622614}.Release|x64.ActiveCfg = Release|Any CPU
		{B0D68D3E-8ACE-4F33-9E85-F32CED622614}.Release|x86.ActiveCfg = Release|Any CPU
		{A1DF0E96-5699-4219-80B9-CE6EDE8599EC}.Debug|.NET.ActiveCfg = Debug|Any CPU
		{A1DF0E96-5699-4219-80B9-CE6EDE8599EC}.Debug|Any CPU.ActiveCfg = Debug|Any CPU
		{A1DF0E96-5699-4219-80B9-CE6EDE8599EC}.Debug|Any CPU.Build.0 = Debug|Any CPU
		{A1DF0E96-5699-4219-80B9-CE6EDE8599EC}.Debug|Mixed Platforms.ActiveCfg = Debug|Any CPU
		{A1DF0E96-5699-4219-80B9-CE6EDE8599EC}.Debug|Mixed Platforms.Build.0 = Debug|Any CPU
		{A1DF0E96-5699-4219-80B9-CE6EDE8599EC}.Debug|x64.ActiveCfg = Debug|Any CPU
		{A1DF0E96-5699-4219-80B9-CE6EDE8599EC}.Debug|x86.ActiveCfg = Debug|Any CPU
		{A1DF0E96-5699-4219-80B9-CE6EDE8599EC}.Release|.NET.ActiveCfg = Release|Any CPU
		{A1DF0E96-5699-4219-80B9-CE6EDE8599EC}.Release|Any CPU.ActiveCfg = Release|Any CPU
		{A1DF0E96-5699-4219-80B9-CE6EDE8599EC}.Release|Any CPU.Build.0 = Release|Any CPU
		{A1DF0E96-5699-4219-80B9-CE6EDE8599EC}.Release|Mixed Platforms.ActiveCfg = Release|Any CPU
		{A1DF0E96-5699-4219-80B9-CE6EDE8599EC}.Release|Mixed Platforms.Build.0 = Release|Any CPU
		{A1DF0E96-5699-4219-80B9-CE6EDE8599EC}.Release|x64.ActiveCfg = Release|Any CPU
		{A1DF0E96-5699-4219-80B9-CE6EDE8599EC}.Release|x86.ActiveCfg = Release|Any CPU
		{4A22EAF7-9A35-4F0E-A1CC-3D8A2DDB6830}.Debug|.NET.ActiveCfg = Debug|Any CPU
		{4A22EAF7-9A35-4F0E-A1CC-3D8A2DDB6830}.Debug|Any CPU.ActiveCfg = Debug|Any CPU
		{4A22EAF7-9A35-4F0E-A1CC-3D8A2DDB6830}.Debug|Any CPU.Build.0 = Debug|Any CPU
		{4A22EAF7-9A35-4F0E-A1CC-3D8A2DDB6830}.Debug|Mixed Platforms.ActiveCfg = Debug|Any CPU
		{4A22EAF7-9A35-4F0E-A1CC-3D8A2DDB6830}.Debug|Mixed Platforms.Build.0 = Debug|Any CPU
		{4A22EAF7-9A35-4F0E-A1CC-3D8A2DDB6830}.Debug|x64.ActiveCfg = Debug|Any CPU
		{4A22EAF7-9A35-4F0E-A1CC-3D8A2DDB6830}.Debug|x86.ActiveCfg = Debug|Any CPU
		{4A22EAF7-9A35-4F0E-A1CC-3D8A2DDB6830}.Release|.NET.ActiveCfg = Release|Any CPU
		{4A22EAF7-9A35-4F0E-A1CC-3D8A2DDB6830}.Release|Any CPU.ActiveCfg = Release|Any CPU
		{4A22EAF7-9A35-4F0E-A1CC-3D8A2DDB6830}.Release|Any CPU.Build.0 = Release|Any CPU
		{4A22EAF7-9A35-4F0E-A1CC-3D8A2DDB6830}.Release|Mixed Platforms.ActiveCfg = Release|Any CPU
		{4A22EAF7-9A35-4F0E-A1CC-3D8A2DDB6830}.Release|Mixed Platforms.Build.0 = Release|Any CPU
		{4A22EAF7-9A35-4F0E-A1CC-3D8A2DDB6830}.Release|x64.ActiveCfg = Release|Any CPU
		{4A22EAF7-9A35-4F0E-A1CC-3D8A2DDB6830}.Release|x86.ActiveCfg = Release|Any CPU
		{A1C69CA6-2CBF-4B80-9FAC-78AFB6523B22}.Debug|.NET.ActiveCfg = Debug|Any CPU
		{A1C69CA6-2CBF-4B80-9FAC-78AFB6523B22}.Debug|Any CPU.ActiveCfg = Debug|Any CPU
		{A1C69CA6-2CBF-4B80-9FAC-78AFB6523B22}.Debug|Any CPU.Build.0 = Debug|Any CPU
		{A1C69CA6-2CBF-4B80-9FAC-78AFB6523B22}.Debug|Mixed Platforms.ActiveCfg = Debug|Any CPU
		{A1C69CA6-2CBF-4B80-9FAC-78AFB6523B22}.Debug|Mixed Platforms.Build.0 = Debug|Any CPU
		{A1C69CA6-2CBF-4B80-9FAC-78AFB6523B22}.Debug|x64.ActiveCfg = Debug|Any CPU
		{A1C69CA6-2CBF-4B80-9FAC-78AFB6523B22}.Debug|x86.ActiveCfg = Debug|Any CPU
		{A1C69CA6-2CBF-4B80-9FAC-78AFB6523B22}.Release|.NET.ActiveCfg = Release|Any CPU
		{A1C69CA6-2CBF-4B80-9FAC-78AFB6523B22}.Release|Any CPU.ActiveCfg = Release|Any CPU
		{A1C69CA6-2CBF-4B80-9FAC-78AFB6523B22}.Release|Any CPU.Build.0 = Release|Any CPU
		{A1C69CA6-2CBF-4B80-9FAC-78AFB6523B22}.Release|Mixed Platforms.ActiveCfg = Release|Any CPU
		{A1C69CA6-2CBF-4B80-9FAC-78AFB6523B22}.Release|Mixed Platforms.Build.0 = Release|Any CPU
		{A1C69CA6-2CBF-4B80-9FAC-78AFB6523B22}.Release|x64.ActiveCfg = Release|Any CPU
		{A1C69CA6-2CBF-4B80-9FAC-78AFB6523B22}.Release|x86.ActiveCfg = Release|Any CPU
		{8B0AB3D7-981B-46C7-AD7D-8C2FADA0625D}.Debug|.NET.ActiveCfg = Debug|Any CPU
		{8B0AB3D7-981B-46C7-AD7D-8C2FADA0625D}.Debug|Any CPU.ActiveCfg = Debug|Any CPU
		{8B0AB3D7-981B-46C7-AD7D-8C2FADA0625D}.Debug|Any CPU.Build.0 = Debug|Any CPU
		{8B0AB3D7-981B-46C7-AD7D-8C2FADA0625D}.Debug|Mixed Platforms.ActiveCfg = Debug|Any CPU
		{8B0AB3D7-981B-46C7-AD7D-8C2FADA0625D}.Debug|Mixed Platforms.Build.0 = Debug|Any CPU
		{8B0AB3D7-981B-46C7-AD7D-8C2FADA0625D}.Debug|x64.ActiveCfg = Debug|Any CPU
		{8B0AB3D7-981B-46C7-AD7D-8C2FADA0625D}.Debug|x86.ActiveCfg = Debug|Any CPU
		{8B0AB3D7-981B-46C7-AD7D-8C2FADA0625D}.Release|.NET.ActiveCfg = Release|Any CPU
		{8B0AB3D7-981B-46C7-AD7D-8C2FADA0625D}.Release|Any CPU.ActiveCfg = Release|Any CPU
		{8B0AB3D7-981B-46C7-AD7D-8C2FADA0625D}.Release|Any CPU.Build.0 = Release|Any CPU
		{8B0AB3D7-981B-46C7-AD7D-8C2FADA0625D}.Release|Mixed Platforms.ActiveCfg = Release|Any CPU
		{8B0AB3D7-981B-46C7-AD7D-8C2FADA0625D}.Release|Mixed Platforms.Build.0 = Release|Any CPU
		{8B0AB3D7-981B-46C7-AD7D-8C2FADA0625D}.Release|x64.ActiveCfg = Release|Any CPU
		{8B0AB3D7-981B-46C7-AD7D-8C2FADA0625D}.Release|x86.ActiveCfg = Release|Any CPU
		{A36FBFC7-9C35-42B3-BCEE-10BA7524204C}.Debug|.NET.ActiveCfg = Debug|Any CPU
		{A36FBFC7-9C35-42B3-BCEE-10BA7524204C}.Debug|Any CPU.ActiveCfg = Debug|Any CPU
		{A36FBFC7-9C35-42B3-BCEE-10BA7524204C}.Debug|Any CPU.Build.0 = Debug|Any CPU
		{A36FBFC7-9C35-42B3-BCEE-10BA7524204C}.Debug|Mixed Platforms.ActiveCfg = Debug|Any CPU
		{A36FBFC7-9C35-42B3-BCEE-10BA7524204C}.Debug|Mixed Platforms.Build.0 = Debug|Any CPU
		{A36FBFC7-9C35-42B3-BCEE-10BA7524204C}.Debug|x64.ActiveCfg = Debug|Any CPU
		{A36FBFC7-9C35-42B3-BCEE-10BA7524204C}.Debug|x86.ActiveCfg = Debug|Any CPU
		{A36FBFC7-9C35-42B3-BCEE-10BA7524204C}.Release|.NET.ActiveCfg = Release|Any CPU
		{A36FBFC7-9C35-42B3-BCEE-10BA7524204C}.Release|Any CPU.ActiveCfg = Release|Any CPU
		{A36FBFC7-9C35-42B3-BCEE-10BA7524204C}.Release|Any CPU.Build.0 = Release|Any CPU
		{A36FBFC7-9C35-42B3-BCEE-10BA7524204C}.Release|Mixed Platforms.ActiveCfg = Release|Any CPU
		{A36FBFC7-9C35-42B3-BCEE-10BA7524204C}.Release|Mixed Platforms.Build.0 = Release|Any CPU
		{A36FBFC7-9C35-42B3-BCEE-10BA7524204C}.Release|x64.ActiveCfg = Release|Any CPU
		{A36FBFC7-9C35-42B3-BCEE-10BA7524204C}.Release|x86.ActiveCfg = Release|Any CPU
		{EDD96E5A-5BEE-4A0C-89AA-A6C9CE68C710}.Debug|.NET.ActiveCfg = Debug|Any CPU
		{EDD96E5A-5BEE-4A0C-89AA-A6C9CE68C710}.Debug|Any CPU.ActiveCfg = Debug|Any CPU
		{EDD96E5A-5BEE-4A0C-89AA-A6C9CE68C710}.Debug|Any CPU.Build.0 = Debug|Any CPU
		{EDD96E5A-5BEE-4A0C-89AA-A6C9CE68C710}.Debug|Mixed Platforms.ActiveCfg = Debug|Any CPU
		{EDD96E5A-5BEE-4A0C-89AA-A6C9CE68C710}.Debug|Mixed Platforms.Build.0 = Debug|Any CPU
		{EDD96E5A-5BEE-4A0C-89AA-A6C9CE68C710}.Debug|x64.ActiveCfg = Debug|Any CPU
		{EDD96E5A-5BEE-4A0C-89AA-A6C9CE68C710}.Debug|x86.ActiveCfg = Debug|Any CPU
		{EDD96E5A-5BEE-4A0C-89AA-A6C9CE68C710}.Release|.NET.ActiveCfg = Release|Any CPU
		{EDD96E5A-5BEE-4A0C-89AA-A6C9CE68C710}.Release|Any CPU.ActiveCfg = Release|Any CPU
		{EDD96E5A-5BEE-4A0C-89AA-A6C9CE68C710}.Release|Any CPU.Build.0 = Release|Any CPU
		{EDD96E5A-5BEE-4A0C-89AA-A6C9CE68C710}.Release|Mixed Platforms.ActiveCfg = Release|Any CPU
		{EDD96E5A-5BEE-4A0C-89AA-A6C9CE68C710}.Release|Mixed Platforms.Build.0 = Release|Any CPU
		{EDD96E5A-5BEE-4A0C-89AA-A6C9CE68C710}.Release|x64.ActiveCfg = Release|Any CPU
		{EDD96E5A-5BEE-4A0C-89AA-A6C9CE68C710}.Release|x86.ActiveCfg = Release|Any CPU
	EndGlobalSection
	GlobalSection(SolutionProperties) = preSolution
		HideSolutionNode = FALSE
	EndGlobalSection
	GlobalSection(TeamFoundationVersionControl) = preSolution
		SccNumberOfProjects = 4
		SccEnterpriseProvider = {4CA58AB2-18FA-4F8D-95D4-32DDF27D184C}
		SccTeamFoundationServer = https://tfs06.codeplex.com/
		SccLocalPath0 = .
		SccProjectUniqueName1 = DbSQL\\DbSQL.dbp
		SccProjectName1 = DbSQL
		SccLocalPath1 = DbSQL
		SccProjectUniqueName2 = MemcachedProviders\\MemcachedProviders.csproj
		SccProjectName2 = MemcachedProviders
		SccLocalPath2 = MemcachedProviders
		SccProjectUniqueName3 = CacheProvider.Test\\CacheProvider.Test.csproj
		SccProjectName3 = CacheProvider.Test
		SccLocalPath3 = CacheProvider.Test
	EndGlobalSection
EndGlobal
