
Microsoft Visual Studio Solution File, Format Version 9.00
# Visual Studio 2005
Project("{FAE04EC0-301F-11D3-BF4B-00C04F79EFBC}") = "Core", "Source\Core.csproj", "{20377FF8-2E44-4096-839E-EE27C9DD23C2}"
EndProject
Project("{2150E333-8FDC-42A3-9474-1A3956D46DE8}") = "Solution Items", "Solution Items", "{9C87130D-869E-4D60-8408-D8F553E8C200}"
	ProjectSection(SolutionItems) = preProject
		Core.vsmdi = Core.vsmdi
		localtestrun.testrunconfig = localtestrun.testrunconfig
	EndProjectSection
EndProject
Project("{FAE04EC0-301F-11D3-BF4B-00C04F79EFBC}") = "Core.Tests.NUnit", "UnitTests\Core.Tests.NUnit.csproj", "{DDA6527C-5504-413C-98C6-D9D9A96C1CFF}"
EndProject
Project("{FAE04EC0-301F-11D3-BF4B-00C04F79EFBC}") = "Core.Tests.VSTS", "UnitTests\Core.Tests.VSTS.csproj", "{DD4BD4B4-5558-4A79-B9FB-04D920ED400F}"
EndProject
Global
	GlobalSection(TeamFoundationVersionControl) = preSolution
		SccNumberOfProjects = 4
		SccEnterpriseProvider = {4CA58AB2-18FA-4F8D-95D4-32DDF27D184C}
		SccTeamFoundationServer = https://tfs01.codeplex.com/
		SccLocalPath0 = .
		SccProjectUniqueName1 = Source\\Core.csproj
		SccProjectName1 = Source
		SccLocalPath1 = Source
		SccProjectUniqueName2 = UnitTests\\Core.Tests.NUnit.csproj
		SccProjectName2 = UnitTests
		SccLocalPath2 = UnitTests
		SccProjectUniqueName3 = UnitTests\\Core.Tests.VSTS.csproj
		SccProjectName3 = UnitTests
		SccLocalPath3 = UnitTests
	EndGlobalSection
	GlobalSection(TestCaseManagementSettings) = postSolution
		CategoryFile = Core.vsmdi
	EndGlobalSection
	GlobalSection(SolutionConfigurationPlatforms) = preSolution
		Debug|Any CPU = Debug|Any CPU
		Release|Any CPU = Release|Any CPU
	EndGlobalSection
	GlobalSection(ProjectConfigurationPlatforms) = postSolution
		{20377FF8-2E44-4096-839E-EE27C9DD23C2}.Debug|Any CPU.ActiveCfg = Debug|Any CPU
		{20377FF8-2E44-4096-839E-EE27C9DD23C2}.Debug|Any CPU.Build.0 = Debug|Any CPU
		{20377FF8-2E44-4096-839E-EE27C9DD23C2}.Release|Any CPU.ActiveCfg = Release|Any CPU
		{20377FF8-2E44-4096-839E-EE27C9DD23C2}.Release|Any CPU.Build.0 = Release|Any CPU
		{DDA6527C-5504-413C-98C6-D9D9A96C1CFF}.Debug|Any CPU.ActiveCfg = Debug|Any CPU
		{DDA6527C-5504-413C-98C6-D9D9A96C1CFF}.Debug|Any CPU.Build.0 = Debug|Any CPU
		{DDA6527C-5504-413C-98C6-D9D9A96C1CFF}.Release|Any CPU.ActiveCfg = Release|Any CPU
		{DDA6527C-5504-413C-98C6-D9D9A96C1CFF}.Release|Any CPU.Build.0 = Release|Any CPU
		{DD4BD4B4-5558-4A79-B9FB-04D920ED400F}.Debug|Any CPU.ActiveCfg = Debug|Any CPU
		{DD4BD4B4-5558-4A79-B9FB-04D920ED400F}.Debug|Any CPU.Build.0 = Debug|Any CPU
		{DD4BD4B4-5558-4A79-B9FB-04D920ED400F}.Release|Any CPU.ActiveCfg = Release|Any CPU
		{DD4BD4B4-5558-4A79-B9FB-04D920ED400F}.Release|Any CPU.Build.0 = Release|Any CPU
	EndGlobalSection
	GlobalSection(SolutionProperties) = preSolution
		HideSolutionNode = FALSE
	EndGlobalSection
EndGlobal
