
Microsoft Visual Studio Solution File, Format Version 11.00
# Visual Studio 2010
Project("{FAE04EC0-301F-11D3-BF4B-00C04F79EFBC}") = "Nuxleus", "Nuxleus.csproj", "{9A91AA26-7396-4524-9ACB-5FA2D3B5D128}"
EndProject
Project("{FAE04EC0-301F-11D3-BF4B-00C04F79EFBC}") = "Nuxleus.Security.Cryptography", "Nuxleus.Security.Cryptography\Nuxleus.Security.Cryptography.csproj", "{22C0B1F3-C835-4B30-B0B2-370831A33F54}"
EndProject
Global
	GlobalSection(SolutionConfigurationPlatforms) = preSolution
		Debug|Any CPU = Debug|Any CPU
		Release|Any CPU = Release|Any CPU
	EndGlobalSection
	GlobalSection(ProjectConfigurationPlatforms) = postSolution
		{9A91AA26-7396-4524-9ACB-5FA2D3B5D128}.Debug|Any CPU.ActiveCfg = Debug|Any CPU
		{9A91AA26-7396-4524-9ACB-5FA2D3B5D128}.Debug|Any CPU.Build.0 = Debug|Any CPU
		{9A91AA26-7396-4524-9ACB-5FA2D3B5D128}.Release|Any CPU.ActiveCfg = Release|Any CPU
		{9A91AA26-7396-4524-9ACB-5FA2D3B5D128}.Release|Any CPU.Build.0 = Release|Any CPU
		{22C0B1F3-C835-4B30-B0B2-370831A33F54}.Debug|Any CPU.ActiveCfg = Debug|Any CPU
		{22C0B1F3-C835-4B30-B0B2-370831A33F54}.Debug|Any CPU.Build.0 = Debug|Any CPU
		{22C0B1F3-C835-4B30-B0B2-370831A33F54}.Release|Any CPU.ActiveCfg = Release|Any CPU
		{22C0B1F3-C835-4B30-B0B2-370831A33F54}.Release|Any CPU.Build.0 = Release|Any CPU
	EndGlobalSection
	GlobalSection(SolutionProperties) = preSolution
		HideSolutionNode = FALSE
	EndGlobalSection
EndGlobal
